// !$*UTF8*$!
{
	archiveVersion = 1;
	classes = {
	};
	objectVersion = 50;
	objects = {

/* Begin PBXBuildFile section */
		84AA95A8251AEF2E0029BB1E /* ProfileView.swift in Sources */ = {isa = PBXBuildFile; fileRef = 84AA95A7251AEF2E0029BB1E /* ProfileView.swift */; };
		84AA95C0251AFEB70029BB1E /* Pattaya-Regular.ttf in Resources */ = {isa = PBXBuildFile; fileRef = 84AA95BF251AFEB70029BB1E /* Pattaya-Regular.ttf */; };
		84AA95C2251B01010029BB1E /* Roboto-Regular.ttf in Resources */ = {isa = PBXBuildFile; fileRef = 84AA95C1251B01010029BB1E /* Roboto-Regular.ttf */; };
		84AA95D1251B03680029BB1E /* Roboto-Bold.ttf in Resources */ = {isa = PBXBuildFile; fileRef = 84AA95CA251B03680029BB1E /* Roboto-Bold.ttf */; };
		84AA95D2251B03680029BB1E /* Roboto-Italic.ttf in Resources */ = {isa = PBXBuildFile; fileRef = 84AA95CB251B03680029BB1E /* Roboto-Italic.ttf */; };
		84AA95D3251B03680029BB1E /* Roboto-Medium.ttf in Resources */ = {isa = PBXBuildFile; fileRef = 84AA95CC251B03680029BB1E /* Roboto-Medium.ttf */; };
		84AA95D4251B03680029BB1E /* Roboto-BoldItalic.ttf in Resources */ = {isa = PBXBuildFile; fileRef = 84AA95CD251B03680029BB1E /* Roboto-BoldItalic.ttf */; };
		84AA95D5251B03680029BB1E /* Roboto-BlackItalic.ttf in Resources */ = {isa = PBXBuildFile; fileRef = 84AA95CE251B03680029BB1E /* Roboto-BlackItalic.ttf */; };
		84AA95D6251B03680029BB1E /* Roboto-MediumItalic.ttf in Resources */ = {isa = PBXBuildFile; fileRef = 84AA95CF251B03680029BB1E /* Roboto-MediumItalic.ttf */; };
		84AA95D7251B03680029BB1E /* Roboto-Black.ttf in Resources */ = {isa = PBXBuildFile; fileRef = 84AA95D0251B03680029BB1E /* Roboto-Black.ttf */; };
		84AA95DC251B03E60029BB1E /* Roboto-Thin.ttf in Resources */ = {isa = PBXBuildFile; fileRef = 84AA95D8251B03E50029BB1E /* Roboto-Thin.ttf */; };
		84AA95DD251B03E60029BB1E /* Roboto-Light.ttf in Resources */ = {isa = PBXBuildFile; fileRef = 84AA95D9251B03E50029BB1E /* Roboto-Light.ttf */; };
		84AA95DE251B03E60029BB1E /* Roboto-LightItalic.ttf in Resources */ = {isa = PBXBuildFile; fileRef = 84AA95DA251B03E50029BB1E /* Roboto-LightItalic.ttf */; };
		84AA95DF251B03E60029BB1E /* Roboto-ThinItalic.ttf in Resources */ = {isa = PBXBuildFile; fileRef = 84AA95DB251B03E60029BB1E /* Roboto-ThinItalic.ttf */; };
		84AA95E5251B3A6D0029BB1E /* RootViewModel.swift in Sources */ = {isa = PBXBuildFile; fileRef = 84AA95E4251B3A6D0029BB1E /* RootViewModel.swift */; };
		84AA962D251BA7500029BB1E /* FullRadiusShadowButtonStyle.swift in Sources */ = {isa = PBXBuildFile; fileRef = 84AA962C251BA7500029BB1E /* FullRadiusShadowButtonStyle.swift */; };
		84AA962F251BACC00029BB1E /* BButton.swift in Sources */ = {isa = PBXBuildFile; fileRef = 84AA962E251BACC00029BB1E /* BButton.swift */; };
		84FA98DD251860DB00CB92CB /* BSNApp.swift in Sources */ = {isa = PBXBuildFile; fileRef = 84FA98DC251860DB00CB92CB /* BSNApp.swift */; };
		84FA98DF251860DB00CB92CB /* ContentView.swift in Sources */ = {isa = PBXBuildFile; fileRef = 84FA98DE251860DB00CB92CB /* ContentView.swift */; };
		84FA98E1251860DE00CB92CB /* Assets.xcassets in Resources */ = {isa = PBXBuildFile; fileRef = 84FA98E0251860DE00CB92CB /* Assets.xcassets */; };
		84FA98E4251860DE00CB92CB /* Preview Assets.xcassets in Resources */ = {isa = PBXBuildFile; fileRef = 84FA98E3251860DE00CB92CB /* Preview Assets.xcassets */; };
		84FA99142518618100CB92CB /* Interface.framework in Frameworks */ = {isa = PBXBuildFile; fileRef = 84FA99132518618100CB92CB /* Interface.framework */; settings = {ATTRIBUTES = (Required, ); }; };
		84FA99152518618100CB92CB /* Interface.framework in Embed Frameworks */ = {isa = PBXBuildFile; fileRef = 84FA99132518618100CB92CB /* Interface.framework */; settings = {ATTRIBUTES = (CodeSignOnCopy, RemoveHeadersOnCopy, ); }; };
		84FE74B32518DF7D005C0D27 /* Component.framework in Frameworks */ = {isa = PBXBuildFile; fileRef = 84FE74B22518DF7D005C0D27 /* Component.framework */; };
		84FE74B42518DF7D005C0D27 /* Component.framework in Embed Frameworks */ = {isa = PBXBuildFile; fileRef = 84FE74B22518DF7D005C0D27 /* Component.framework */; settings = {ATTRIBUTES = (CodeSignOnCopy, RemoveHeadersOnCopy, ); }; };
/* End PBXBuildFile section */

/* Begin PBXCopyFilesBuildPhase section */
		84FA99162518618100CB92CB /* Embed Frameworks */ = {
			isa = PBXCopyFilesBuildPhase;
			buildActionMask = 2147483647;
			dstPath = "";
			dstSubfolderSpec = 10;
			files = (
				84FE74B42518DF7D005C0D27 /* Component.framework in Embed Frameworks */,
				84FA99152518618100CB92CB /* Interface.framework in Embed Frameworks */,
			);
			name = "Embed Frameworks";
			runOnlyForDeploymentPostprocessing = 0;
		};
/* End PBXCopyFilesBuildPhase section */

/* Begin PBXFileReference section */
		84AA95A7251AEF2E0029BB1E /* ProfileView.swift */ = {isa = PBXFileReference; lastKnownFileType = sourcecode.swift; path = ProfileView.swift; sourceTree = "<group>"; };
		84AA95BF251AFEB70029BB1E /* Pattaya-Regular.ttf */ = {isa = PBXFileReference; lastKnownFileType = file; path = "Pattaya-Regular.ttf"; sourceTree = "<group>"; };
		84AA95C1251B01010029BB1E /* Roboto-Regular.ttf */ = {isa = PBXFileReference; lastKnownFileType = file; path = "Roboto-Regular.ttf"; sourceTree = "<group>"; };
		84AA95CA251B03680029BB1E /* Roboto-Bold.ttf */ = {isa = PBXFileReference; lastKnownFileType = file; path = "Roboto-Bold.ttf"; sourceTree = "<group>"; };
		84AA95CB251B03680029BB1E /* Roboto-Italic.ttf */ = {isa = PBXFileReference; lastKnownFileType = file; path = "Roboto-Italic.ttf"; sourceTree = "<group>"; };
		84AA95CC251B03680029BB1E /* Roboto-Medium.ttf */ = {isa = PBXFileReference; lastKnownFileType = file; path = "Roboto-Medium.ttf"; sourceTree = "<group>"; };
		84AA95CD251B03680029BB1E /* Roboto-BoldItalic.ttf */ = {isa = PBXFileReference; lastKnownFileType = file; path = "Roboto-BoldItalic.ttf"; sourceTree = "<group>"; };
		84AA95CE251B03680029BB1E /* Roboto-BlackItalic.ttf */ = {isa = PBXFileReference; lastKnownFileType = file; path = "Roboto-BlackItalic.ttf"; sourceTree = "<group>"; };
		84AA95CF251B03680029BB1E /* Roboto-MediumItalic.ttf */ = {isa = PBXFileReference; lastKnownFileType = file; path = "Roboto-MediumItalic.ttf"; sourceTree = "<group>"; };
		84AA95D0251B03680029BB1E /* Roboto-Black.ttf */ = {isa = PBXFileReference; lastKnownFileType = file; path = "Roboto-Black.ttf"; sourceTree = "<group>"; };
		84AA95D8251B03E50029BB1E /* Roboto-Thin.ttf */ = {isa = PBXFileReference; lastKnownFileType = file; path = "Roboto-Thin.ttf"; sourceTree = "<group>"; };
		84AA95D9251B03E50029BB1E /* Roboto-Light.ttf */ = {isa = PBXFileReference; lastKnownFileType = file; path = "Roboto-Light.ttf"; sourceTree = "<group>"; };
		84AA95DA251B03E50029BB1E /* Roboto-LightItalic.ttf */ = {isa = PBXFileReference; lastKnownFileType = file; path = "Roboto-LightItalic.ttf"; sourceTree = "<group>"; };
		84AA95DB251B03E60029BB1E /* Roboto-ThinItalic.ttf */ = {isa = PBXFileReference; lastKnownFileType = file; path = "Roboto-ThinItalic.ttf"; sourceTree = "<group>"; };
		84AA95E4251B3A6D0029BB1E /* RootViewModel.swift */ = {isa = PBXFileReference; lastKnownFileType = sourcecode.swift; path = RootViewModel.swift; sourceTree = "<group>"; };
		84AA962C251BA7500029BB1E /* FullRadiusShadowButtonStyle.swift */ = {isa = PBXFileReference; lastKnownFileType = sourcecode.swift; path = FullRadiusShadowButtonStyle.swift; sourceTree = "<group>"; };
		84AA962E251BACC00029BB1E /* BButton.swift */ = {isa = PBXFileReference; lastKnownFileType = sourcecode.swift; path = BButton.swift; sourceTree = "<group>"; };
		84FA98D9251860DB00CB92CB /* BSN.app */ = {isa = PBXFileReference; explicitFileType = wrapper.application; includeInIndex = 0; path = BSN.app; sourceTree = BUILT_PRODUCTS_DIR; };
		84FA98DC251860DB00CB92CB /* BSNApp.swift */ = {isa = PBXFileReference; lastKnownFileType = sourcecode.swift; path = BSNApp.swift; sourceTree = "<group>"; };
		84FA98DE251860DB00CB92CB /* ContentView.swift */ = {isa = PBXFileReference; lastKnownFileType = sourcecode.swift; path = ContentView.swift; sourceTree = "<group>"; };
		84FA98E0251860DE00CB92CB /* Assets.xcassets */ = {isa = PBXFileReference; lastKnownFileType = folder.assetcatalog; path = Assets.xcassets; sourceTree = "<group>"; };
		84FA98E3251860DE00CB92CB /* Preview Assets.xcassets */ = {isa = PBXFileReference; lastKnownFileType = folder.assetcatalog; path = "Preview Assets.xcassets"; sourceTree = "<group>"; };
		84FA98E5251860DE00CB92CB /* Info.plist */ = {isa = PBXFileReference; lastKnownFileType = text.plist.xml; path = Info.plist; sourceTree = "<group>"; };
		84FA99132518618100CB92CB /* Interface.framework */ = {isa = PBXFileReference; explicitFileType = wrapper.framework; path = Interface.framework; sourceTree = BUILT_PRODUCTS_DIR; };
		84FE74B22518DF7D005C0D27 /* Component.framework */ = {isa = PBXFileReference; explicitFileType = wrapper.framework; path = Component.framework; sourceTree = BUILT_PRODUCTS_DIR; };
/* End PBXFileReference section */

/* Begin PBXFrameworksBuildPhase section */
		84FA98D6251860DB00CB92CB /* Frameworks */ = {
			isa = PBXFrameworksBuildPhase;
			buildActionMask = 2147483647;
			files = (
				84FE74B32518DF7D005C0D27 /* Component.framework in Frameworks */,
				84FA99142518618100CB92CB /* Interface.framework in Frameworks */,
			);
			runOnlyForDeploymentPostprocessing = 0;
		};
/* End PBXFrameworksBuildPhase section */

/* Begin PBXGroup section */
		84AA95B7251AFBD60029BB1E /* Fonts */ = {
			isa = PBXGroup;
			children = (
				84AA95BF251AFEB70029BB1E /* Pattaya-Regular.ttf */,
				84AA95C1251B01010029BB1E /* Roboto-Regular.ttf */,
				84AA95D0251B03680029BB1E /* Roboto-Black.ttf */,
				84AA95CE251B03680029BB1E /* Roboto-BlackItalic.ttf */,
				84AA95CA251B03680029BB1E /* Roboto-Bold.ttf */,
				84AA95CD251B03680029BB1E /* Roboto-BoldItalic.ttf */,
				84AA95CB251B03680029BB1E /* Roboto-Italic.ttf */,
				84AA95CC251B03680029BB1E /* Roboto-Medium.ttf */,
				84AA95CF251B03680029BB1E /* Roboto-MediumItalic.ttf */,
				84AA95D9251B03E50029BB1E /* Roboto-Light.ttf */,
				84AA95DA251B03E50029BB1E /* Roboto-LightItalic.ttf */,
				84AA95D8251B03E50029BB1E /* Roboto-Thin.ttf */,
				84AA95DB251B03E60029BB1E /* Roboto-ThinItalic.ttf */,
			);
			path = Fonts;
			sourceTree = "<group>";
		};
		84FA98D0251860DB00CB92CB = {
			isa = PBXGroup;
			children = (
				84FA98DB251860DB00CB92CB /* BSN */,
				84FA98DA251860DB00CB92CB /* Products */,
				84FA99122518618100CB92CB /* Frameworks */,
			);
			sourceTree = "<group>";
		};
		84FA98DA251860DB00CB92CB /* Products */ = {
			isa = PBXGroup;
			children = (
				84FA98D9251860DB00CB92CB /* BSN.app */,
			);
			name = Products;
			sourceTree = "<group>";
		};
		84FA98DB251860DB00CB92CB /* BSN */ = {
			isa = PBXGroup;
			children = (
				84AA95B7251AFBD60029BB1E /* Fonts */,
				84FA98DC251860DB00CB92CB /* BSNApp.swift */,
				84FA98DE251860DB00CB92CB /* ContentView.swift */,
				84FA98E0251860DE00CB92CB /* Assets.xcassets */,
				84FA98E5251860DE00CB92CB /* Info.plist */,
				84FA98E2251860DE00CB92CB /* Preview Content */,
				84AA95A7251AEF2E0029BB1E /* ProfileView.swift */,
				84AA95E4251B3A6D0029BB1E /* RootViewModel.swift */,
				84AA962C251BA7500029BB1E /* FullRadiusShadowButtonStyle.swift */,
				84AA962E251BACC00029BB1E /* BButton.swift */,
			);
			path = BSN;
			sourceTree = "<group>";
		};
		84FA98E2251860DE00CB92CB /* Preview Content */ = {
			isa = PBXGroup;
			children = (
				84FA98E3251860DE00CB92CB /* Preview Assets.xcassets */,
			);
			path = "Preview Content";
			sourceTree = "<group>";
		};
		84FA99122518618100CB92CB /* Frameworks */ = {
			isa = PBXGroup;
			children = (
				84FE74B22518DF7D005C0D27 /* Component.framework */,
				84FA99132518618100CB92CB /* Interface.framework */,
			);
			name = Frameworks;
			sourceTree = "<group>";
		};
/* End PBXGroup section */

/* Begin PBXNativeTarget section */
		84FA98D8251860DB00CB92CB /* BSN */ = {
			isa = PBXNativeTarget;
			buildConfigurationList = 84FA98E8251860DE00CB92CB /* Build configuration list for PBXNativeTarget "BSN" */;
			buildPhases = (
				84FA98D5251860DB00CB92CB /* Sources */,
				84FA98D6251860DB00CB92CB /* Frameworks */,
				84FA98D7251860DB00CB92CB /* Resources */,
				84FA99162518618100CB92CB /* Embed Frameworks */,
			);
			buildRules = (
			);
			dependencies = (
			);
			name = BSN;
			productName = BSN;
			productReference = 84FA98D9251860DB00CB92CB /* BSN.app */;
			productType = "com.apple.product-type.application";
		};
/* End PBXNativeTarget section */

/* Begin PBXProject section */
		84FA98D1251860DB00CB92CB /* Project object */ = {
			isa = PBXProject;
			attributes = {
				LastSwiftUpdateCheck = 1200;
				LastUpgradeCheck = 1200;
				TargetAttributes = {
					84FA98D8251860DB00CB92CB = {
						CreatedOnToolsVersion = 12.0;
					};
				};
			};
			buildConfigurationList = 84FA98D4251860DB00CB92CB /* Build configuration list for PBXProject "BSN" */;
			compatibilityVersion = "Xcode 9.3";
			developmentRegion = en;
			hasScannedForEncodings = 0;
			knownRegions = (
				en,
				Base,
			);
			mainGroup = 84FA98D0251860DB00CB92CB;
			productRefGroup = 84FA98DA251860DB00CB92CB /* Products */;
			projectDirPath = "";
			projectRoot = "";
			targets = (
				84FA98D8251860DB00CB92CB /* BSN */,
			);
		};
/* End PBXProject section */

/* Begin PBXResourcesBuildPhase section */
		84FA98D7251860DB00CB92CB /* Resources */ = {
			isa = PBXResourcesBuildPhase;
			buildActionMask = 2147483647;
			files = (
				84AA95DF251B03E60029BB1E /* Roboto-ThinItalic.ttf in Resources */,
				84FA98E4251860DE00CB92CB /* Preview Assets.xcassets in Resources */,
				84AA95D2251B03680029BB1E /* Roboto-Italic.ttf in Resources */,
				84AA95DE251B03E60029BB1E /* Roboto-LightItalic.ttf in Resources */,
				84AA95D4251B03680029BB1E /* Roboto-BoldItalic.ttf in Resources */,
				84AA95C0251AFEB70029BB1E /* Pattaya-Regular.ttf in Resources */,
				84AA95D5251B03680029BB1E /* Roboto-BlackItalic.ttf in Resources */,
				84AA95D7251B03680029BB1E /* Roboto-Black.ttf in Resources */,
				84AA95D3251B03680029BB1E /* Roboto-Medium.ttf in Resources */,
				84AA95D6251B03680029BB1E /* Roboto-MediumItalic.ttf in Resources */,
				84AA95DC251B03E60029BB1E /* Roboto-Thin.ttf in Resources */,
				84AA95DD251B03E60029BB1E /* Roboto-Light.ttf in Resources */,
				84AA95D1251B03680029BB1E /* Roboto-Bold.ttf in Resources */,
				84AA95C2251B01010029BB1E /* Roboto-Regular.ttf in Resources */,
				84FA98E1251860DE00CB92CB /* Assets.xcassets in Resources */,
			);
			runOnlyForDeploymentPostprocessing = 0;
		};
/* End PBXResourcesBuildPhase section */

/* Begin PBXSourcesBuildPhase section */
		84FA98D5251860DB00CB92CB /* Sources */ = {
			isa = PBXSourcesBuildPhase;
			buildActionMask = 2147483647;
			files = (
				84AA95E5251B3A6D0029BB1E /* RootViewModel.swift in Sources */,
				84FA98DF251860DB00CB92CB /* ContentView.swift in Sources */,
				84AA962D251BA7500029BB1E /* FullRadiusShadowButtonStyle.swift in Sources */,
				84AA95A8251AEF2E0029BB1E /* ProfileView.swift in Sources */,
				84AA962F251BACC00029BB1E /* BButton.swift in Sources */,
				84FA98DD251860DB00CB92CB /* BSNApp.swift in Sources */,
			);
			runOnlyForDeploymentPostprocessing = 0;
		};
/* End PBXSourcesBuildPhase section */

/* Begin XCBuildConfiguration section */
		84FA98E6251860DE00CB92CB /* Debug */ = {
			isa = XCBuildConfiguration;
			buildSettings = {
				ALWAYS_SEARCH_USER_PATHS = NO;
				CLANG_ANALYZER_NONNULL = YES;
				CLANG_ANALYZER_NUMBER_OBJECT_CONVERSION = YES_AGGRESSIVE;
				CLANG_CXX_LANGUAGE_STANDARD = "gnu++14";
				CLANG_CXX_LIBRARY = "libc++";
				CLANG_ENABLE_MODULES = YES;
				CLANG_ENABLE_OBJC_ARC = YES;
				CLANG_ENABLE_OBJC_WEAK = YES;
				CLANG_WARN_BLOCK_CAPTURE_AUTORELEASING = YES;
				CLANG_WARN_BOOL_CONVERSION = YES;
				CLANG_WARN_COMMA = YES;
				CLANG_WARN_CONSTANT_CONVERSION = YES;
				CLANG_WARN_DEPRECATED_OBJC_IMPLEMENTATIONS = YES;
				CLANG_WARN_DIRECT_OBJC_ISA_USAGE = YES_ERROR;
				CLANG_WARN_DOCUMENTATION_COMMENTS = YES;
				CLANG_WARN_EMPTY_BODY = YES;
				CLANG_WARN_ENUM_CONVERSION = YES;
				CLANG_WARN_INFINITE_RECURSION = YES;
				CLANG_WARN_INT_CONVERSION = YES;
				CLANG_WARN_NON_LITERAL_NULL_CONVERSION = YES;
				CLANG_WARN_OBJC_IMPLICIT_RETAIN_SELF = YES;
				CLANG_WARN_OBJC_LITERAL_CONVERSION = YES;
				CLANG_WARN_OBJC_ROOT_CLASS = YES_ERROR;
				CLANG_WARN_QUOTED_INCLUDE_IN_FRAMEWORK_HEADER = YES;
				CLANG_WARN_RANGE_LOOP_ANALYSIS = YES;
				CLANG_WARN_STRICT_PROTOTYPES = YES;
				CLANG_WARN_SUSPICIOUS_MOVE = YES;
				CLANG_WARN_UNGUARDED_AVAILABILITY = YES_AGGRESSIVE;
				CLANG_WARN_UNREACHABLE_CODE = YES;
				CLANG_WARN__DUPLICATE_METHOD_MATCH = YES;
				COPY_PHASE_STRIP = NO;
				DEBUG_INFORMATION_FORMAT = dwarf;
				ENABLE_STRICT_OBJC_MSGSEND = YES;
				ENABLE_TESTABILITY = YES;
				GCC_C_LANGUAGE_STANDARD = gnu11;
				GCC_DYNAMIC_NO_PIC = NO;
				GCC_NO_COMMON_BLOCKS = YES;
				GCC_OPTIMIZATION_LEVEL = 0;
				GCC_PREPROCESSOR_DEFINITIONS = (
					"DEBUG=1",
					"$(inherited)",
				);
				GCC_WARN_64_TO_32_BIT_CONVERSION = YES;
				GCC_WARN_ABOUT_RETURN_TYPE = YES_ERROR;
				GCC_WARN_UNDECLARED_SELECTOR = YES;
				GCC_WARN_UNINITIALIZED_AUTOS = YES_AGGRESSIVE;
				GCC_WARN_UNUSED_FUNCTION = YES;
				GCC_WARN_UNUSED_VARIABLE = YES;
				IPHONEOS_DEPLOYMENT_TARGET = 14.0;
				MTL_ENABLE_DEBUG_INFO = INCLUDE_SOURCE;
				MTL_FAST_MATH = YES;
				ONLY_ACTIVE_ARCH = YES;
				SDKROOT = iphoneos;
				SWIFT_ACTIVE_COMPILATION_CONDITIONS = DEBUG;
				SWIFT_OPTIMIZATION_LEVEL = "-Onone";
			};
			name = Debug;
		};
		84FA98E7251860DE00CB92CB /* Release */ = {
			isa = XCBuildConfiguration;
			buildSettings = {
				ALWAYS_SEARCH_USER_PATHS = NO;
				CLANG_ANALYZER_NONNULL = YES;
				CLANG_ANALYZER_NUMBER_OBJECT_CONVERSION = YES_AGGRESSIVE;
				CLANG_CXX_LANGUAGE_STANDARD = "gnu++14";
				CLANG_CXX_LIBRARY = "libc++";
				CLANG_ENABLE_MODULES = YES;
				CLANG_ENABLE_OBJC_ARC = YES;
				CLANG_ENABLE_OBJC_WEAK = YES;
				CLANG_WARN_BLOCK_CAPTURE_AUTORELEASING = YES;
				CLANG_WARN_BOOL_CONVERSION = YES;
				CLANG_WARN_COMMA = YES;
				CLANG_WARN_CONSTANT_CONVERSION = YES;
				CLANG_WARN_DEPRECATED_OBJC_IMPLEMENTATIONS = YES;
				CLANG_WARN_DIRECT_OBJC_ISA_USAGE = YES_ERROR;
				CLANG_WARN_DOCUMENTATION_COMMENTS = YES;
				CLANG_WARN_EMPTY_BODY = YES;
				CLANG_WARN_ENUM_CONVERSION = YES;
				CLANG_WARN_INFINITE_RECURSION = YES;
				CLANG_WARN_INT_CONVERSION = YES;
				CLANG_WARN_NON_LITERAL_NULL_CONVERSION = YES;
				CLANG_WARN_OBJC_IMPLICIT_RETAIN_SELF = YES;
				CLANG_WARN_OBJC_LITERAL_CONVERSION = YES;
				CLANG_WARN_OBJC_ROOT_CLASS = YES_ERROR;
				CLANG_WARN_QUOTED_INCLUDE_IN_FRAMEWORK_HEADER = YES;
				CLANG_WARN_RANGE_LOOP_ANALYSIS = YES;
				CLANG_WARN_STRICT_PROTOTYPES = YES;
				CLANG_WARN_SUSPICIOUS_MOVE = YES;
				CLANG_WARN_UNGUARDED_AVAILABILITY = YES_AGGRESSIVE;
				CLANG_WARN_UNREACHABLE_CODE = YES;
				CLANG_WARN__DUPLICATE_METHOD_MATCH = YES;
				COPY_PHASE_STRIP = NO;
				DEBUG_INFORMATION_FORMAT = "dwarf-with-dsym";
				ENABLE_NS_ASSERTIONS = NO;
				ENABLE_STRICT_OBJC_MSGSEND = YES;
				GCC_C_LANGUAGE_STANDARD = gnu11;
				GCC_NO_COMMON_BLOCKS = YES;
				GCC_WARN_64_TO_32_BIT_CONVERSION = YES;
				GCC_WARN_ABOUT_RETURN_TYPE = YES_ERROR;
				GCC_WARN_UNDECLARED_SELECTOR = YES;
				GCC_WARN_UNINITIALIZED_AUTOS = YES_AGGRESSIVE;
				GCC_WARN_UNUSED_FUNCTION = YES;
				GCC_WARN_UNUSED_VARIABLE = YES;
				IPHONEOS_DEPLOYMENT_TARGET = 14.0;
				MTL_ENABLE_DEBUG_INFO = NO;
				MTL_FAST_MATH = YES;
				SDKROOT = iphoneos;
				SWIFT_COMPILATION_MODE = wholemodule;
				SWIFT_OPTIMIZATION_LEVEL = "-O";
				VALIDATE_PRODUCT = YES;
			};
			name = Release;
		};
		84FA98E9251860DE00CB92CB /* Debug */ = {
			isa = XCBuildConfiguration;
			buildSettings = {
				ASSETCATALOG_COMPILER_APPICON_NAME = AppIcon;
				ASSETCATALOG_COMPILER_GLOBAL_ACCENT_COLOR_NAME = AccentColor;
				CODE_SIGN_STYLE = Automatic;
				DEVELOPMENT_ASSET_PATHS = "\"BSN/Preview Content\"";
				DEVELOPMENT_TEAM = 22G4R8NLZU;
				ENABLE_PREVIEWS = YES;
				INFOPLIST_FILE = BSN/Info.plist;
				IPHONEOS_DEPLOYMENT_TARGET = 14.0;
				LD_RUNPATH_SEARCH_PATHS = (
					"$(inherited)",
					"@executable_path/Frameworks",
				);
				PRODUCT_BUNDLE_IDENTIFIER = com.nguyenhongphuc98.BSN;
				PRODUCT_NAME = "$(TARGET_NAME)";
				SWIFT_VERSION = 5.0;
				TARGETED_DEVICE_FAMILY = "1,2";
			};
			name = Debug;
		};
		84FA98EA251860DE00CB92CB /* Release */ = {
			isa = XCBuildConfiguration;
			buildSettings = {
				ASSETCATALOG_COMPILER_APPICON_NAME = AppIcon;
				ASSETCATALOG_COMPILER_GLOBAL_ACCENT_COLOR_NAME = AccentColor;
				CODE_SIGN_STYLE = Automatic;
				DEVELOPMENT_ASSET_PATHS = "\"BSN/Preview Content\"";
				DEVELOPMENT_TEAM = 22G4R8NLZU;
				ENABLE_PREVIEWS = YES;
				INFOPLIST_FILE = BSN/Info.plist;
				IPHONEOS_DEPLOYMENT_TARGET = 14.0;
				LD_RUNPATH_SEARCH_PATHS = (
					"$(inherited)",
					"@executable_path/Frameworks",
				);
				PRODUCT_BUNDLE_IDENTIFIER = com.nguyenhongphuc98.BSN;
				PRODUCT_NAME = "$(TARGET_NAME)";
				SWIFT_VERSION = 5.0;
				TARGETED_DEVICE_FAMILY = "1,2";
			};
			name = Release;
		};
/* End XCBuildConfiguration section */

/* Begin XCConfigurationList section */
		84FA98D4251860DB00CB92CB /* Build configuration list for PBXProject "BSN" */ = {
			isa = XCConfigurationList;
			buildConfigurations = (
				84FA98E6251860DE00CB92CB /* Debug */,
				84FA98E7251860DE00CB92CB /* Release */,
			);
			defaultConfigurationIsVisible = 0;
			defaultConfigurationName = Release;
		};
		84FA98E8251860DE00CB92CB /* Build configuration list for PBXNativeTarget "BSN" */ = {
			isa = XCConfigurationList;
			buildConfigurations = (
				84FA98E9251860DE00CB92CB /* Debug */,
				84FA98EA251860DE00CB92CB /* Release */,
			);
			defaultConfigurationIsVisible = 0;
			defaultConfigurationName = Release;
		};
/* End XCConfigurationList section */
	};
	rootObject = 84FA98D1251860DB00CB92CB /* Project object */;
}
