// !$*UTF8*$!
{
	archiveVersion = 1;
	classes = {
	};
	objectVersion = 51;
	objects = {

/* Begin PBXBuildFile section */
		65151F95923C646F69F68B15 /* libPods-BSN.a in Frameworks */ = {isa = PBXBuildFile; fileRef = 2CC0276D056E4D9B3857004C /* libPods-BSN.a */; };
		841CED6F255BCFC3007CCACC /* Login.swift in Sources */ = {isa = PBXBuildFile; fileRef = 841CED6E255BCFC3007CCACC /* Login.swift */; };
		841CED71255BDAC4007CCACC /* LoginViewModel.swift in Sources */ = {isa = PBXBuildFile; fileRef = 841CED70255BDAC4007CCACC /* LoginViewModel.swift */; };
		841CED7B255BED15007CCACC /* Launching.swift in Sources */ = {isa = PBXBuildFile; fileRef = 841CED7A255BED15007CCACC /* Launching.swift */; };
		841CED8D255C2EB5007CCACC /* LaunchingViewModel.swift in Sources */ = {isa = PBXBuildFile; fileRef = 841CED8C255C2EB5007CCACC /* LaunchingViewModel.swift */; };
		842C44AD2548271C003C570D /* Business.framework in Frameworks */ = {isa = PBXBuildFile; fileRef = 842C44AC2548271C003C570D /* Business.framework */; };
		842C44AE2548271C003C570D /* Business.framework in Embed Frameworks */ = {isa = PBXBuildFile; fileRef = 842C44AC2548271C003C570D /* Business.framework */; settings = {ATTRIBUTES = (CodeSignOnCopy, RemoveHeadersOnCopy, ); }; };
		84AA95C0251AFEB70029BB1E /* Pattaya-Regular.ttf in Resources */ = {isa = PBXBuildFile; fileRef = 84AA95BF251AFEB70029BB1E /* Pattaya-Regular.ttf */; };
		84AA95C2251B01010029BB1E /* Roboto-Regular.ttf in Resources */ = {isa = PBXBuildFile; fileRef = 84AA95C1251B01010029BB1E /* Roboto-Regular.ttf */; };
		84AA95D1251B03680029BB1E /* Roboto-Bold.ttf in Resources */ = {isa = PBXBuildFile; fileRef = 84AA95CA251B03680029BB1E /* Roboto-Bold.ttf */; };
		84AA95D2251B03680029BB1E /* Roboto-Italic.ttf in Resources */ = {isa = PBXBuildFile; fileRef = 84AA95CB251B03680029BB1E /* Roboto-Italic.ttf */; };
		84AA95D3251B03680029BB1E /* Roboto-Medium.ttf in Resources */ = {isa = PBXBuildFile; fileRef = 84AA95CC251B03680029BB1E /* Roboto-Medium.ttf */; };
		84AA95D4251B03680029BB1E /* Roboto-BoldItalic.ttf in Resources */ = {isa = PBXBuildFile; fileRef = 84AA95CD251B03680029BB1E /* Roboto-BoldItalic.ttf */; };
		84AA95D5251B03680029BB1E /* Roboto-BlackItalic.ttf in Resources */ = {isa = PBXBuildFile; fileRef = 84AA95CE251B03680029BB1E /* Roboto-BlackItalic.ttf */; };
		84AA95D6251B03680029BB1E /* Roboto-MediumItalic.ttf in Resources */ = {isa = PBXBuildFile; fileRef = 84AA95CF251B03680029BB1E /* Roboto-MediumItalic.ttf */; };
		84AA95D7251B03680029BB1E /* Roboto-Black.ttf in Resources */ = {isa = PBXBuildFile; fileRef = 84AA95D0251B03680029BB1E /* Roboto-Black.ttf */; };
		84AA95DC251B03E60029BB1E /* Roboto-Thin.ttf in Resources */ = {isa = PBXBuildFile; fileRef = 84AA95D8251B03E50029BB1E /* Roboto-Thin.ttf */; };
		84AA95DD251B03E60029BB1E /* Roboto-Light.ttf in Resources */ = {isa = PBXBuildFile; fileRef = 84AA95D9251B03E50029BB1E /* Roboto-Light.ttf */; };
		84AA95DE251B03E60029BB1E /* Roboto-LightItalic.ttf in Resources */ = {isa = PBXBuildFile; fileRef = 84AA95DA251B03E50029BB1E /* Roboto-LightItalic.ttf */; };
		84AA95DF251B03E60029BB1E /* Roboto-ThinItalic.ttf in Resources */ = {isa = PBXBuildFile; fileRef = 84AA95DB251B03E60029BB1E /* Roboto-ThinItalic.ttf */; };
		84AA969B252031780029BB1E /* LaunchScreen.storyboard in Resources */ = {isa = PBXBuildFile; fileRef = 84AA969A252031780029BB1E /* LaunchScreen.storyboard */; };
		84FA98DD251860DB00CB92CB /* BSNApp.swift in Sources */ = {isa = PBXBuildFile; fileRef = 84FA98DC251860DB00CB92CB /* BSNApp.swift */; };
		84FA98E1251860DE00CB92CB /* Assets.xcassets in Resources */ = {isa = PBXBuildFile; fileRef = 84FA98E0251860DE00CB92CB /* Assets.xcassets */; };
		84FA98E4251860DE00CB92CB /* Preview Assets.xcassets in Resources */ = {isa = PBXBuildFile; fileRef = 84FA98E3251860DE00CB92CB /* Preview Assets.xcassets */; };
		84FA99142518618100CB92CB /* Interface.framework in Frameworks */ = {isa = PBXBuildFile; fileRef = 84FA99132518618100CB92CB /* Interface.framework */; settings = {ATTRIBUTES = (Required, ); }; };
		84FA99152518618100CB92CB /* Interface.framework in Embed Frameworks */ = {isa = PBXBuildFile; fileRef = 84FA99132518618100CB92CB /* Interface.framework */; settings = {ATTRIBUTES = (CodeSignOnCopy, RemoveHeadersOnCopy, ); }; };
/* End PBXBuildFile section */

/* Begin PBXCopyFilesBuildPhase section */
		84FA99162518618100CB92CB /* Embed Frameworks */ = {
			isa = PBXCopyFilesBuildPhase;
			buildActionMask = 2147483647;
			dstPath = "";
			dstSubfolderSpec = 10;
			files = (
				842C44AE2548271C003C570D /* Business.framework in Embed Frameworks */,
				84FA99152518618100CB92CB /* Interface.framework in Embed Frameworks */,
			);
			name = "Embed Frameworks";
			runOnlyForDeploymentPostprocessing = 0;
		};
/* End PBXCopyFilesBuildPhase section */

/* Begin PBXFileReference section */
		03C31E3AC0F9113697D31C72 /* Pods-BSN.debug.xcconfig */ = {isa = PBXFileReference; includeInIndex = 1; lastKnownFileType = text.xcconfig; name = "Pods-BSN.debug.xcconfig"; path = "Target Support Files/Pods-BSN/Pods-BSN.debug.xcconfig"; sourceTree = "<group>"; };
		2CC0276D056E4D9B3857004C /* libPods-BSN.a */ = {isa = PBXFileReference; explicitFileType = archive.ar; includeInIndex = 0; path = "libPods-BSN.a"; sourceTree = BUILT_PRODUCTS_DIR; };
		841CED6E255BCFC3007CCACC /* Login.swift */ = {isa = PBXFileReference; lastKnownFileType = sourcecode.swift; path = Login.swift; sourceTree = "<group>"; };
		841CED70255BDAC4007CCACC /* LoginViewModel.swift */ = {isa = PBXFileReference; lastKnownFileType = sourcecode.swift; path = LoginViewModel.swift; sourceTree = "<group>"; };
		841CED7A255BED15007CCACC /* Launching.swift */ = {isa = PBXFileReference; lastKnownFileType = sourcecode.swift; path = Launching.swift; sourceTree = "<group>"; };
		841CED8C255C2EB5007CCACC /* LaunchingViewModel.swift */ = {isa = PBXFileReference; lastKnownFileType = sourcecode.swift; path = LaunchingViewModel.swift; sourceTree = "<group>"; };
		842C44AC2548271C003C570D /* Business.framework */ = {isa = PBXFileReference; explicitFileType = wrapper.framework; path = Business.framework; sourceTree = BUILT_PRODUCTS_DIR; };
		84AA95BF251AFEB70029BB1E /* Pattaya-Regular.ttf */ = {isa = PBXFileReference; lastKnownFileType = file; path = "Pattaya-Regular.ttf"; sourceTree = "<group>"; };
		84AA95C1251B01010029BB1E /* Roboto-Regular.ttf */ = {isa = PBXFileReference; lastKnownFileType = file; path = "Roboto-Regular.ttf"; sourceTree = "<group>"; };
		84AA95CA251B03680029BB1E /* Roboto-Bold.ttf */ = {isa = PBXFileReference; lastKnownFileType = file; path = "Roboto-Bold.ttf"; sourceTree = "<group>"; };
		84AA95CB251B03680029BB1E /* Roboto-Italic.ttf */ = {isa = PBXFileReference; lastKnownFileType = file; path = "Roboto-Italic.ttf"; sourceTree = "<group>"; };
		84AA95CC251B03680029BB1E /* Roboto-Medium.ttf */ = {isa = PBXFileReference; lastKnownFileType = file; path = "Roboto-Medium.ttf"; sourceTree = "<group>"; };
		84AA95CD251B03680029BB1E /* Roboto-BoldItalic.ttf */ = {isa = PBXFileReference; lastKnownFileType = file; path = "Roboto-BoldItalic.ttf"; sourceTree = "<group>"; };
		84AA95CE251B03680029BB1E /* Roboto-BlackItalic.ttf */ = {isa = PBXFileReference; lastKnownFileType = file; path = "Roboto-BlackItalic.ttf"; sourceTree = "<group>"; };
		84AA95CF251B03680029BB1E /* Roboto-MediumItalic.ttf */ = {isa = PBXFileReference; lastKnownFileType = file; path = "Roboto-MediumItalic.ttf"; sourceTree = "<group>"; };
		84AA95D0251B03680029BB1E /* Roboto-Black.ttf */ = {isa = PBXFileReference; lastKnownFileType = file; path = "Roboto-Black.ttf"; sourceTree = "<group>"; };
		84AA95D8251B03E50029BB1E /* Roboto-Thin.ttf */ = {isa = PBXFileReference; lastKnownFileType = file; path = "Roboto-Thin.ttf"; sourceTree = "<group>"; };
		84AA95D9251B03E50029BB1E /* Roboto-Light.ttf */ = {isa = PBXFileReference; lastKnownFileType = file; path = "Roboto-Light.ttf"; sourceTree = "<group>"; };
		84AA95DA251B03E50029BB1E /* Roboto-LightItalic.ttf */ = {isa = PBXFileReference; lastKnownFileType = file; path = "Roboto-LightItalic.ttf"; sourceTree = "<group>"; };
		84AA95DB251B03E60029BB1E /* Roboto-ThinItalic.ttf */ = {isa = PBXFileReference; lastKnownFileType = file; path = "Roboto-ThinItalic.ttf"; sourceTree = "<group>"; };
		84AA969A252031780029BB1E /* LaunchScreen.storyboard */ = {isa = PBXFileReference; lastKnownFileType = file.storyboard; path = LaunchScreen.storyboard; sourceTree = "<group>"; };
		84FA98D9251860DB00CB92CB /* BSN.app */ = {isa = PBXFileReference; explicitFileType = wrapper.application; includeInIndex = 0; path = BSN.app; sourceTree = BUILT_PRODUCTS_DIR; };
		84FA98DC251860DB00CB92CB /* BSNApp.swift */ = {isa = PBXFileReference; lastKnownFileType = sourcecode.swift; path = BSNApp.swift; sourceTree = "<group>"; };
		84FA98E0251860DE00CB92CB /* Assets.xcassets */ = {isa = PBXFileReference; lastKnownFileType = folder.assetcatalog; path = Assets.xcassets; sourceTree = "<group>"; };
		84FA98E3251860DE00CB92CB /* Preview Assets.xcassets */ = {isa = PBXFileReference; lastKnownFileType = folder.assetcatalog; path = "Preview Assets.xcassets"; sourceTree = "<group>"; };
		84FA98E5251860DE00CB92CB /* Info.plist */ = {isa = PBXFileReference; lastKnownFileType = text.plist.xml; path = Info.plist; sourceTree = "<group>"; };
		84FA99132518618100CB92CB /* Interface.framework */ = {isa = PBXFileReference; explicitFileType = wrapper.framework; path = Interface.framework; sourceTree = BUILT_PRODUCTS_DIR; };
		FFA78AF45319C07BF9471415 /* Pods-BSN.release.xcconfig */ = {isa = PBXFileReference; includeInIndex = 1; lastKnownFileType = text.xcconfig; name = "Pods-BSN.release.xcconfig"; path = "Target Support Files/Pods-BSN/Pods-BSN.release.xcconfig"; sourceTree = "<group>"; };
/* End PBXFileReference section */

/* Begin PBXFrameworksBuildPhase section */
		84FA98D6251860DB00CB92CB /* Frameworks */ = {
			isa = PBXFrameworksBuildPhase;
			buildActionMask = 2147483647;
			files = (
				84FA99142518618100CB92CB /* Interface.framework in Frameworks */,
				65151F95923C646F69F68B15 /* libPods-BSN.a in Frameworks */,
				842C44AD2548271C003C570D /* Business.framework in Frameworks */,
			);
			runOnlyForDeploymentPostprocessing = 0;
		};
/* End PBXFrameworksBuildPhase section */

/* Begin PBXGroup section */
		00206EB9DA88C1D13BCC88FB /* Pods */ = {
			isa = PBXGroup;
			children = (
				03C31E3AC0F9113697D31C72 /* Pods-BSN.debug.xcconfig */,
				FFA78AF45319C07BF9471415 /* Pods-BSN.release.xcconfig */,
			);
			name = Pods;
			path = ../Pods;
			sourceTree = "<group>";
		};
		84AA95B7251AFBD60029BB1E /* Fonts */ = {
			isa = PBXGroup;
			children = (
				84AA95BF251AFEB70029BB1E /* Pattaya-Regular.ttf */,
				84AA95C1251B01010029BB1E /* Roboto-Regular.ttf */,
				84AA95D0251B03680029BB1E /* Roboto-Black.ttf */,
				84AA95CE251B03680029BB1E /* Roboto-BlackItalic.ttf */,
				84AA95CA251B03680029BB1E /* Roboto-Bold.ttf */,
				84AA95CD251B03680029BB1E /* Roboto-BoldItalic.ttf */,
				84AA95CB251B03680029BB1E /* Roboto-Italic.ttf */,
				84AA95CC251B03680029BB1E /* Roboto-Medium.ttf */,
				84AA95CF251B03680029BB1E /* Roboto-MediumItalic.ttf */,
				84AA95D9251B03E50029BB1E /* Roboto-Light.ttf */,
				84AA95DA251B03E50029BB1E /* Roboto-LightItalic.ttf */,
				84AA95D8251B03E50029BB1E /* Roboto-Thin.ttf */,
				84AA95DB251B03E60029BB1E /* Roboto-ThinItalic.ttf */,
			);
			path = Fonts;
			sourceTree = "<group>";
		};
		84FA98D0251860DB00CB92CB = {
			isa = PBXGroup;
			children = (
				84FA98DB251860DB00CB92CB /* BSN */,
				84FA98DA251860DB00CB92CB /* Products */,
				84FA99122518618100CB92CB /* Frameworks */,
				00206EB9DA88C1D13BCC88FB /* Pods */,
			);
			sourceTree = "<group>";
		};
		84FA98DA251860DB00CB92CB /* Products */ = {
			isa = PBXGroup;
			children = (
				84FA98D9251860DB00CB92CB /* BSN.app */,
			);
			name = Products;
			sourceTree = "<group>";
		};
		84FA98DB251860DB00CB92CB /* BSN */ = {
			isa = PBXGroup;
			children = (
				84AA95B7251AFBD60029BB1E /* Fonts */,
				84FA98DC251860DB00CB92CB /* BSNApp.swift */,
				84FA98E0251860DE00CB92CB /* Assets.xcassets */,
				84FA98E5251860DE00CB92CB /* Info.plist */,
				84FA98E2251860DE00CB92CB /* Preview Content */,
				84AA969A252031780029BB1E /* LaunchScreen.storyboard */,
				841CED6E255BCFC3007CCACC /* Login.swift */,
				841CED70255BDAC4007CCACC /* LoginViewModel.swift */,
				841CED7A255BED15007CCACC /* Launching.swift */,
				841CED8C255C2EB5007CCACC /* LaunchingViewModel.swift */,
			);
			path = BSN;
			sourceTree = "<group>";
		};
		84FA98E2251860DE00CB92CB /* Preview Content */ = {
			isa = PBXGroup;
			children = (
				84FA98E3251860DE00CB92CB /* Preview Assets.xcassets */,
			);
			path = "Preview Content";
			sourceTree = "<group>";
		};
		84FA99122518618100CB92CB /* Frameworks */ = {
			isa = PBXGroup;
			children = (
				842C44AC2548271C003C570D /* Business.framework */,
				84FA99132518618100CB92CB /* Interface.framework */,
				2CC0276D056E4D9B3857004C /* libPods-BSN.a */,
			);
			name = Frameworks;
			sourceTree = "<group>";
		};
/* End PBXGroup section */

/* Begin PBXNativeTarget section */
		84FA98D8251860DB00CB92CB /* BSN */ = {
			isa = PBXNativeTarget;
			buildConfigurationList = 84FA98E8251860DE00CB92CB /* Build configuration list for PBXNativeTarget "BSN" */;
			buildPhases = (
				9F1885AE320FFD51CEFD0A95 /* [CP] Check Pods Manifest.lock */,
				84FA98D5251860DB00CB92CB /* Sources */,
				84FA98D6251860DB00CB92CB /* Frameworks */,
				84FA98D7251860DB00CB92CB /* Resources */,
				84FA99162518618100CB92CB /* Embed Frameworks */,
				AA8F521E5BA7767A06234335 /* [CP] Copy Pods Resources */,
			);
			buildRules = (
			);
			dependencies = (
			);
			name = BSN;
			productName = BSN;
			productReference = 84FA98D9251860DB00CB92CB /* BSN.app */;
			productType = "com.apple.product-type.application";
		};
/* End PBXNativeTarget section */

/* Begin PBXProject section */
		84FA98D1251860DB00CB92CB /* Project object */ = {
			isa = PBXProject;
			attributes = {
				LastSwiftUpdateCheck = 1200;
				LastUpgradeCheck = 1200;
				TargetAttributes = {
					84FA98D8251860DB00CB92CB = {
						CreatedOnToolsVersion = 12.0;
					};
				};
			};
			buildConfigurationList = 84FA98D4251860DB00CB92CB /* Build configuration list for PBXProject "BSN" */;
			compatibilityVersion = "Xcode 9.3";
			developmentRegion = en;
			hasScannedForEncodings = 0;
			knownRegions = (
				en,
				Base,
			);
			mainGroup = 84FA98D0251860DB00CB92CB;
			productRefGroup = 84FA98DA251860DB00CB92CB /* Products */;
			projectDirPath = "";
			projectRoot = "";
			targets = (
				84FA98D8251860DB00CB92CB /* BSN */,
			);
		};
/* End PBXProject section */

/* Begin PBXResourcesBuildPhase section */
		84FA98D7251860DB00CB92CB /* Resources */ = {
			isa = PBXResourcesBuildPhase;
			buildActionMask = 2147483647;
			files = (
				84AA95DF251B03E60029BB1E /* Roboto-ThinItalic.ttf in Resources */,
				84FA98E4251860DE00CB92CB /* Preview Assets.xcassets in Resources */,
				84AA95D2251B03680029BB1E /* Roboto-Italic.ttf in Resources */,
				84AA95DE251B03E60029BB1E /* Roboto-LightItalic.ttf in Resources */,
				84AA95D4251B03680029BB1E /* Roboto-BoldItalic.ttf in Resources */,
				84AA95C0251AFEB70029BB1E /* Pattaya-Regular.ttf in Resources */,
				84AA95D5251B03680029BB1E /* Roboto-BlackItalic.ttf in Resources */,
				84AA95D7251B03680029BB1E /* Roboto-Black.ttf in Resources */,
				84AA95D3251B03680029BB1E /* Roboto-Medium.ttf in Resources */,
				84AA95D6251B03680029BB1E /* Roboto-MediumItalic.ttf in Resources */,
				84AA969B252031780029BB1E /* LaunchScreen.storyboard in Resources */,
				84AA95DC251B03E60029BB1E /* Roboto-Thin.ttf in Resources */,
				84AA95DD251B03E60029BB1E /* Roboto-Light.ttf in Resources */,
				84AA95D1251B03680029BB1E /* Roboto-Bold.ttf in Resources */,
				84AA95C2251B01010029BB1E /* Roboto-Regular.ttf in Resources */,
				84FA98E1251860DE00CB92CB /* Assets.xcassets in Resources */,
			);
			runOnlyForDeploymentPostprocessing = 0;
		};
/* End PBXResourcesBuildPhase section */

/* Begin PBXShellScriptBuildPhase section */
		9F1885AE320FFD51CEFD0A95 /* [CP] Check Pods Manifest.lock */ = {
			isa = PBXShellScriptBuildPhase;
			buildActionMask = 2147483647;
			files = (
			);
			inputFileListPaths = (
			);
			inputPaths = (
				"${PODS_PODFILE_DIR_PATH}/Podfile.lock",
				"${PODS_ROOT}/Manifest.lock",
			);
			name = "[CP] Check Pods Manifest.lock";
			outputFileListPaths = (
			);
			outputPaths = (
				"$(DERIVED_FILE_DIR)/Pods-BSN-checkManifestLockResult.txt",
			);
			runOnlyForDeploymentPostprocessing = 0;
			shellPath = /bin/sh;
			shellScript = "diff \"${PODS_PODFILE_DIR_PATH}/Podfile.lock\" \"${PODS_ROOT}/Manifest.lock\" > /dev/null\nif [ $? != 0 ] ; then\n    # print error to STDERR\n    echo \"error: The sandbox is not in sync with the Podfile.lock. Run 'pod install' or update your CocoaPods installation.\" >&2\n    exit 1\nfi\n# This output is used by Xcode 'outputs' to avoid re-running this script phase.\necho \"SUCCESS\" > \"${SCRIPT_OUTPUT_FILE_0}\"\n";
			showEnvVarsInLog = 0;
		};
		AA8F521E5BA7767A06234335 /* [CP] Copy Pods Resources */ = {
			isa = PBXShellScriptBuildPhase;
			buildActionMask = 2147483647;
			files = (
			);
			inputFileListPaths = (
				"${PODS_ROOT}/Target Support Files/Pods-BSN/Pods-BSN-resources-${CONFIGURATION}-input-files.xcfilelist",
			);
			name = "[CP] Copy Pods Resources";
			outputFileListPaths = (
				"${PODS_ROOT}/Target Support Files/Pods-BSN/Pods-BSN-resources-${CONFIGURATION}-output-files.xcfilelist",
			);
			runOnlyForDeploymentPostprocessing = 0;
			shellPath = /bin/sh;
			shellScript = "\"${PODS_ROOT}/Target Support Files/Pods-BSN/Pods-BSN-resources.sh\"\n";
			showEnvVarsInLog = 0;
		};
/* End PBXShellScriptBuildPhase section */

/* Begin PBXSourcesBuildPhase section */
		84FA98D5251860DB00CB92CB /* Sources */ = {
			isa = PBXSourcesBuildPhase;
			buildActionMask = 2147483647;
			files = (
				84FA98DD251860DB00CB92CB /* BSNApp.swift in Sources */,
				841CED6F255BCFC3007CCACC /* Login.swift in Sources */,
				841CED8D255C2EB5007CCACC /* LaunchingViewModel.swift in Sources */,
				841CED71255BDAC4007CCACC /* LoginViewModel.swift in Sources */,
				841CED7B255BED15007CCACC /* Launching.swift in Sources */,
			);
			runOnlyForDeploymentPostprocessing = 0;
		};
/* End PBXSourcesBuildPhase section */

/* Begin XCBuildConfiguration section */
		84FA98E6251860DE00CB92CB /* Debug */ = {
			isa = XCBuildConfiguration;
			buildSettings = {
				ALWAYS_SEARCH_USER_PATHS = NO;
				CLANG_ANALYZER_NONNULL = YES;
				CLANG_ANALYZER_NUMBER_OBJECT_CONVERSION = YES_AGGRESSIVE;
				CLANG_CXX_LANGUAGE_STANDARD = "gnu++14";
				CLANG_CXX_LIBRARY = "libc++";
				CLANG_ENABLE_MODULES = YES;
				CLANG_ENABLE_OBJC_ARC = YES;
				CLANG_ENABLE_OBJC_WEAK = YES;
				CLANG_WARN_BLOCK_CAPTURE_AUTORELEASING = YES;
				CLANG_WARN_BOOL_CONVERSION = YES;
				CLANG_WARN_COMMA = YES;
				CLANG_WARN_CONSTANT_CONVERSION = YES;
				CLANG_WARN_DEPRECATED_OBJC_IMPLEMENTATIONS = YES;
				CLANG_WARN_DIRECT_OBJC_ISA_USAGE = YES_ERROR;
				CLANG_WARN_DOCUMENTATION_COMMENTS = YES;
				CLANG_WARN_EMPTY_BODY = YES;
				CLANG_WARN_ENUM_CONVERSION = YES;
				CLANG_WARN_INFINITE_RECURSION = YES;
				CLANG_WARN_INT_CONVERSION = YES;
				CLANG_WARN_NON_LITERAL_NULL_CONVERSION = YES;
				CLANG_WARN_OBJC_IMPLICIT_RETAIN_SELF = YES;
				CLANG_WARN_OBJC_LITERAL_CONVERSION = YES;
				CLANG_WARN_OBJC_ROOT_CLASS = YES_ERROR;
				CLANG_WARN_QUOTED_INCLUDE_IN_FRAMEWORK_HEADER = YES;
				CLANG_WARN_RANGE_LOOP_ANALYSIS = YES;
				CLANG_WARN_STRICT_PROTOTYPES = YES;
				CLANG_WARN_SUSPICIOUS_MOVE = YES;
				CLANG_WARN_UNGUARDED_AVAILABILITY = YES_AGGRESSIVE;
				CLANG_WARN_UNREACHABLE_CODE = YES;
				CLANG_WARN__DUPLICATE_METHOD_MATCH = YES;
				COPY_PHASE_STRIP = NO;
				DEBUG_INFORMATION_FORMAT = dwarf;
				ENABLE_STRICT_OBJC_MSGSEND = YES;
				ENABLE_TESTABILITY = YES;
				GCC_C_LANGUAGE_STANDARD = gnu11;
				GCC_DYNAMIC_NO_PIC = NO;
				GCC_NO_COMMON_BLOCKS = YES;
				GCC_OPTIMIZATION_LEVEL = 0;
				GCC_PREPROCESSOR_DEFINITIONS = (
					"DEBUG=1",
					"$(inherited)",
				);
				GCC_WARN_64_TO_32_BIT_CONVERSION = YES;
				GCC_WARN_ABOUT_RETURN_TYPE = YES_ERROR;
				GCC_WARN_UNDECLARED_SELECTOR = YES;
				GCC_WARN_UNINITIALIZED_AUTOS = YES_AGGRESSIVE;
				GCC_WARN_UNUSED_FUNCTION = YES;
				GCC_WARN_UNUSED_VARIABLE = YES;
				IPHONEOS_DEPLOYMENT_TARGET = 14.0;
				MTL_ENABLE_DEBUG_INFO = INCLUDE_SOURCE;
				MTL_FAST_MATH = YES;
				ONLY_ACTIVE_ARCH = YES;
				SDKROOT = iphoneos;
				SWIFT_ACTIVE_COMPILATION_CONDITIONS = DEBUG;
				SWIFT_OPTIMIZATION_LEVEL = "-Onone";
			};
			name = Debug;
		};
		84FA98E7251860DE00CB92CB /* Release */ = {
			isa = XCBuildConfiguration;
			buildSettings = {
				ALWAYS_SEARCH_USER_PATHS = NO;
				CLANG_ANALYZER_NONNULL = YES;
				CLANG_ANALYZER_NUMBER_OBJECT_CONVERSION = YES_AGGRESSIVE;
				CLANG_CXX_LANGUAGE_STANDARD = "gnu++14";
				CLANG_CXX_LIBRARY = "libc++";
				CLANG_ENABLE_MODULES = YES;
				CLANG_ENABLE_OBJC_ARC = YES;
				CLANG_ENABLE_OBJC_WEAK = YES;
				CLANG_WARN_BLOCK_CAPTURE_AUTORELEASING = YES;
				CLANG_WARN_BOOL_CONVERSION = YES;
				CLANG_WARN_COMMA = YES;
				CLANG_WARN_CONSTANT_CONVERSION = YES;
				CLANG_WARN_DEPRECATED_OBJC_IMPLEMENTATIONS = YES;
				CLANG_WARN_DIRECT_OBJC_ISA_USAGE = YES_ERROR;
				CLANG_WARN_DOCUMENTATION_COMMENTS = YES;
				CLANG_WARN_EMPTY_BODY = YES;
				CLANG_WARN_ENUM_CONVERSION = YES;
				CLANG_WARN_INFINITE_RECURSION = YES;
				CLANG_WARN_INT_CONVERSION = YES;
				CLANG_WARN_NON_LITERAL_NULL_CONVERSION = YES;
				CLANG_WARN_OBJC_IMPLICIT_RETAIN_SELF = YES;
				CLANG_WARN_OBJC_LITERAL_CONVERSION = YES;
				CLANG_WARN_OBJC_ROOT_CLASS = YES_ERROR;
				CLANG_WARN_QUOTED_INCLUDE_IN_FRAMEWORK_HEADER = YES;
				CLANG_WARN_RANGE_LOOP_ANALYSIS = YES;
				CLANG_WARN_STRICT_PROTOTYPES = YES;
				CLANG_WARN_SUSPICIOUS_MOVE = YES;
				CLANG_WARN_UNGUARDED_AVAILABILITY = YES_AGGRESSIVE;
				CLANG_WARN_UNREACHABLE_CODE = YES;
				CLANG_WARN__DUPLICATE_METHOD_MATCH = YES;
				COPY_PHASE_STRIP = NO;
				DEBUG_INFORMATION_FORMAT = "dwarf-with-dsym";
				ENABLE_NS_ASSERTIONS = NO;
				ENABLE_STRICT_OBJC_MSGSEND = YES;
				GCC_C_LANGUAGE_STANDARD = gnu11;
				GCC_NO_COMMON_BLOCKS = YES;
				GCC_WARN_64_TO_32_BIT_CONVERSION = YES;
				GCC_WARN_ABOUT_RETURN_TYPE = YES_ERROR;
				GCC_WARN_UNDECLARED_SELECTOR = YES;
				GCC_WARN_UNINITIALIZED_AUTOS = YES_AGGRESSIVE;
				GCC_WARN_UNUSED_FUNCTION = YES;
				GCC_WARN_UNUSED_VARIABLE = YES;
				IPHONEOS_DEPLOYMENT_TARGET = 14.0;
				MTL_ENABLE_DEBUG_INFO = NO;
				MTL_FAST_MATH = YES;
				SDKROOT = iphoneos;
				SWIFT_COMPILATION_MODE = wholemodule;
				SWIFT_OPTIMIZATION_LEVEL = "-O";
				VALIDATE_PRODUCT = YES;
			};
			name = Release;
		};
		84FA98E9251860DE00CB92CB /* Debug */ = {
			isa = XCBuildConfiguration;
			baseConfigurationReference = 03C31E3AC0F9113697D31C72 /* Pods-BSN.debug.xcconfig */;
			buildSettings = {
				ASSETCATALOG_COMPILER_APPICON_NAME = AppIcon;
				ASSETCATALOG_COMPILER_GLOBAL_ACCENT_COLOR_NAME = AccentColor;
				CODE_SIGN_STYLE = Automatic;
				DEVELOPMENT_ASSET_PATHS = "\"BSN/Preview Content\"";
				DEVELOPMENT_TEAM = 22G4R8NLZU;
				ENABLE_PREVIEWS = YES;
				INFOPLIST_FILE = BSN/Info.plist;
				IPHONEOS_DEPLOYMENT_TARGET = 14.0;
				LD_RUNPATH_SEARCH_PATHS = (
					"$(inherited)",
					"@executable_path/Frameworks",
				);
				PRODUCT_BUNDLE_IDENTIFIER = com.nguyenhongphuc98.BSN;
				PRODUCT_NAME = "$(TARGET_NAME)";
				SWIFT_VERSION = 5.0;
				TARGETED_DEVICE_FAMILY = "1,2";
			};
			name = Debug;
		};
		84FA98EA251860DE00CB92CB /* Release */ = {
			isa = XCBuildConfiguration;
			baseConfigurationReference = FFA78AF45319C07BF9471415 /* Pods-BSN.release.xcconfig */;
			buildSettings = {
				ASSETCATALOG_COMPILER_APPICON_NAME = AppIcon;
				ASSETCATALOG_COMPILER_GLOBAL_ACCENT_COLOR_NAME = AccentColor;
				CODE_SIGN_STYLE = Automatic;
				DEVELOPMENT_ASSET_PATHS = "\"BSN/Preview Content\"";
				DEVELOPMENT_TEAM = 22G4R8NLZU;
				ENABLE_PREVIEWS = YES;
				INFOPLIST_FILE = BSN/Info.plist;
				IPHONEOS_DEPLOYMENT_TARGET = 14.0;
				LD_RUNPATH_SEARCH_PATHS = (
					"$(inherited)",
					"@executable_path/Frameworks",
				);
				PRODUCT_BUNDLE_IDENTIFIER = com.nguyenhongphuc98.BSN;
				PRODUCT_NAME = "$(TARGET_NAME)";
				SWIFT_VERSION = 5.0;
				TARGETED_DEVICE_FAMILY = "1,2";
			};
			name = Release;
		};
/* End XCBuildConfiguration section */

/* Begin XCConfigurationList section */
		84FA98D4251860DB00CB92CB /* Build configuration list for PBXProject "BSN" */ = {
			isa = XCConfigurationList;
			buildConfigurations = (
				84FA98E6251860DE00CB92CB /* Debug */,
				84FA98E7251860DE00CB92CB /* Release */,
			);
			defaultConfigurationIsVisible = 0;
			defaultConfigurationName = Release;
		};
		84FA98E8251860DE00CB92CB /* Build configuration list for PBXNativeTarget "BSN" */ = {
			isa = XCConfigurationList;
			buildConfigurations = (
				84FA98E9251860DE00CB92CB /* Debug */,
				84FA98EA251860DE00CB92CB /* Release */,
			);
			defaultConfigurationIsVisible = 0;
			defaultConfigurationName = Release;
		};
/* End XCConfigurationList section */
	};
	rootObject = 84FA98D1251860DB00CB92CB /* Project object */;
}
