// !$*UTF8*$!
{
	archiveVersion = 1;
	classes = {
	};
	objectVersion = 50;
	objects = {

/* Begin PBXBuildFile section */
		842C444F2547C240003C570D /* GoogleApiRequest.swift in Sources */ = {isa = PBXBuildFile; fileRef = 842C444E2547C240003C570D /* GoogleApiRequest.swift */; };
		842C44832548181A003C570D /* libSwiftyJSON.a in Frameworks */ = {isa = PBXBuildFile; fileRef = 842C44822548181A003C570D /* libSwiftyJSON.a */; settings = {ATTRIBUTES = (Required, ); }; };
		846EFE6125465DD600F01805 /* EUserBook.swift in Sources */ = {isa = PBXBuildFile; fileRef = 846EFE6025465DD600F01805 /* EUserBook.swift */; };
		846EFE6525465E4900F01805 /* EBook.swift in Sources */ = {isa = PBXBuildFile; fileRef = 846EFE6425465E4900F01805 /* EBook.swift */; };
		848E1052253EE32F003C89C8 /* ResourceRequest.swift in Sources */ = {isa = PBXBuildFile; fileRef = 848E1051253EE32F003C89C8 /* ResourceRequest.swift */; };
		848E1058253EE65C003C89C8 /* BookManager.swift in Sources */ = {isa = PBXBuildFile; fileRef = 848E1057253EE65C003C89C8 /* BookManager.swift */; };
		848E105D253EE770003C89C8 /* ESearchBook.swift in Sources */ = {isa = PBXBuildFile; fileRef = 848E105C253EE770003C89C8 /* ESearchBook.swift */; };
		848E1061253EEEEC003C89C8 /* BookRequest.swift in Sources */ = {isa = PBXBuildFile; fileRef = 848E1060253EEEEC003C89C8 /* BookRequest.swift */; };
		84A0CC34254ACDA10074CBAC /* UserBookManager.swift in Sources */ = {isa = PBXBuildFile; fileRef = 84A0CC33254ACDA10074CBAC /* UserBookManager.swift */; };
		84A0CC38254AFDD80074CBAC /* UserBookRequest.swift in Sources */ = {isa = PBXBuildFile; fileRef = 84A0CC37254AFDD80074CBAC /* UserBookRequest.swift */; };
		84A61CB4254C461E00B50FE8 /* ExchangeBookRequest.swift in Sources */ = {isa = PBXBuildFile; fileRef = 84A61CB3254C461E00B50FE8 /* ExchangeBookRequest.swift */; };
		84A61CB8254C463D00B50FE8 /* EExchangeBook.swift in Sources */ = {isa = PBXBuildFile; fileRef = 84A61CB7254C463D00B50FE8 /* EExchangeBook.swift */; };
		84A61CBC254C4CCD00B50FE8 /* ExchangeBookManager.swift in Sources */ = {isa = PBXBuildFile; fileRef = 84A61CBB254C4CCD00B50FE8 /* ExchangeBookManager.swift */; };
		84A61CC8254D108200B50FE8 /* NoteRequest.swift in Sources */ = {isa = PBXBuildFile; fileRef = 84A61CC7254D108200B50FE8 /* NoteRequest.swift */; };
		84A61CD4254D10F700B50FE8 /* ENote.swift in Sources */ = {isa = PBXBuildFile; fileRef = 84A61CD3254D10F700B50FE8 /* ENote.swift */; };
		84A61CD8254D13E200B50FE8 /* NoteManager.swift in Sources */ = {isa = PBXBuildFile; fileRef = 84A61CD7254D13E200B50FE8 /* NoteManager.swift */; };
		84C8CB5C253EDA89004D5CD0 /* Business.framework in Frameworks */ = {isa = PBXBuildFile; fileRef = 84C8CB52253EDA89004D5CD0 /* Business.framework */; };
		84C8CB61253EDA89004D5CD0 /* BusinessTests.swift in Sources */ = {isa = PBXBuildFile; fileRef = 84C8CB60253EDA89004D5CD0 /* BusinessTests.swift */; };
		84C8CB63253EDA89004D5CD0 /* Business.h in Headers */ = {isa = PBXBuildFile; fileRef = 84C8CB55253EDA89004D5CD0 /* Business.h */; settings = {ATTRIBUTES = (Public, ); }; };
		84C8CB74253EDB1A004D5CD0 /* Utils.swift in Sources */ = {isa = PBXBuildFile; fileRef = 84C8CB73253EDB1A004D5CD0 /* Utils.swift */; };
		BEABB7BC9FA1D90635D5A0D9 /* libPods-Business.a in Frameworks */ = {isa = PBXBuildFile; fileRef = 17832911D7ABBBFC08EBE348 /* libPods-Business.a */; };
/* End PBXBuildFile section */

/* Begin PBXContainerItemProxy section */
		84C8CB5D253EDA89004D5CD0 /* PBXContainerItemProxy */ = {
			isa = PBXContainerItemProxy;
			containerPortal = 84C8CB49253EDA89004D5CD0 /* Project object */;
			proxyType = 1;
			remoteGlobalIDString = 84C8CB51253EDA89004D5CD0;
			remoteInfo = Business;
		};
/* End PBXContainerItemProxy section */

/* Begin PBXFileReference section */
		17832911D7ABBBFC08EBE348 /* libPods-Business.a */ = {isa = PBXFileReference; explicitFileType = archive.ar; includeInIndex = 0; path = "libPods-Business.a"; sourceTree = BUILT_PRODUCTS_DIR; };
		33B5D422159A3197CBD77847 /* Pods-Business.debug.xcconfig */ = {isa = PBXFileReference; includeInIndex = 1; lastKnownFileType = text.xcconfig; name = "Pods-Business.debug.xcconfig"; path = "Target Support Files/Pods-Business/Pods-Business.debug.xcconfig"; sourceTree = "<group>"; };
		842C444E2547C240003C570D /* GoogleApiRequest.swift */ = {isa = PBXFileReference; lastKnownFileType = sourcecode.swift; path = GoogleApiRequest.swift; sourceTree = "<group>"; };
		842C44822548181A003C570D /* libSwiftyJSON.a */ = {isa = PBXFileReference; explicitFileType = archive.ar; path = libSwiftyJSON.a; sourceTree = BUILT_PRODUCTS_DIR; };
		846EFE6025465DD600F01805 /* EUserBook.swift */ = {isa = PBXFileReference; lastKnownFileType = sourcecode.swift; path = EUserBook.swift; sourceTree = "<group>"; };
		846EFE6425465E4900F01805 /* EBook.swift */ = {isa = PBXFileReference; lastKnownFileType = sourcecode.swift; path = EBook.swift; sourceTree = "<group>"; };
		848E1051253EE32F003C89C8 /* ResourceRequest.swift */ = {isa = PBXFileReference; lastKnownFileType = sourcecode.swift; path = ResourceRequest.swift; sourceTree = "<group>"; };
		848E1057253EE65C003C89C8 /* BookManager.swift */ = {isa = PBXFileReference; lastKnownFileType = sourcecode.swift; path = BookManager.swift; sourceTree = "<group>"; };
		848E105C253EE770003C89C8 /* ESearchBook.swift */ = {isa = PBXFileReference; lastKnownFileType = sourcecode.swift; path = ESearchBook.swift; sourceTree = "<group>"; };
		848E1060253EEEEC003C89C8 /* BookRequest.swift */ = {isa = PBXFileReference; lastKnownFileType = sourcecode.swift; path = BookRequest.swift; sourceTree = "<group>"; };
		84A0CC33254ACDA10074CBAC /* UserBookManager.swift */ = {isa = PBXFileReference; lastKnownFileType = sourcecode.swift; path = UserBookManager.swift; sourceTree = "<group>"; };
		84A0CC37254AFDD80074CBAC /* UserBookRequest.swift */ = {isa = PBXFileReference; lastKnownFileType = sourcecode.swift; path = UserBookRequest.swift; sourceTree = "<group>"; };
		84A61CB3254C461E00B50FE8 /* ExchangeBookRequest.swift */ = {isa = PBXFileReference; lastKnownFileType = sourcecode.swift; path = ExchangeBookRequest.swift; sourceTree = "<group>"; };
		84A61CB7254C463D00B50FE8 /* EExchangeBook.swift */ = {isa = PBXFileReference; lastKnownFileType = sourcecode.swift; path = EExchangeBook.swift; sourceTree = "<group>"; };
		84A61CBB254C4CCD00B50FE8 /* ExchangeBookManager.swift */ = {isa = PBXFileReference; lastKnownFileType = sourcecode.swift; path = ExchangeBookManager.swift; sourceTree = "<group>"; };
		84A61CC7254D108200B50FE8 /* NoteRequest.swift */ = {isa = PBXFileReference; lastKnownFileType = sourcecode.swift; path = NoteRequest.swift; sourceTree = "<group>"; };
		84A61CD3254D10F700B50FE8 /* ENote.swift */ = {isa = PBXFileReference; lastKnownFileType = sourcecode.swift; path = ENote.swift; sourceTree = "<group>"; };
		84A61CD7254D13E200B50FE8 /* NoteManager.swift */ = {isa = PBXFileReference; lastKnownFileType = sourcecode.swift; path = NoteManager.swift; sourceTree = "<group>"; };
		84C8CB52253EDA89004D5CD0 /* Business.framework */ = {isa = PBXFileReference; explicitFileType = wrapper.framework; includeInIndex = 0; path = Business.framework; sourceTree = BUILT_PRODUCTS_DIR; };
		84C8CB55253EDA89004D5CD0 /* Business.h */ = {isa = PBXFileReference; lastKnownFileType = sourcecode.c.h; path = Business.h; sourceTree = "<group>"; };
		84C8CB56253EDA89004D5CD0 /* Info.plist */ = {isa = PBXFileReference; lastKnownFileType = text.plist.xml; path = Info.plist; sourceTree = "<group>"; };
		84C8CB5B253EDA89004D5CD0 /* BusinessTests.xctest */ = {isa = PBXFileReference; explicitFileType = wrapper.cfbundle; includeInIndex = 0; path = BusinessTests.xctest; sourceTree = BUILT_PRODUCTS_DIR; };
		84C8CB60253EDA89004D5CD0 /* BusinessTests.swift */ = {isa = PBXFileReference; lastKnownFileType = sourcecode.swift; path = BusinessTests.swift; sourceTree = "<group>"; };
		84C8CB62253EDA89004D5CD0 /* Info.plist */ = {isa = PBXFileReference; lastKnownFileType = text.plist.xml; path = Info.plist; sourceTree = "<group>"; };
		84C8CB73253EDB1A004D5CD0 /* Utils.swift */ = {isa = PBXFileReference; lastKnownFileType = sourcecode.swift; path = Utils.swift; sourceTree = "<group>"; };
		9461F291964A5A2AF55C4255 /* Pods-Business.release.xcconfig */ = {isa = PBXFileReference; includeInIndex = 1; lastKnownFileType = text.xcconfig; name = "Pods-Business.release.xcconfig"; path = "Target Support Files/Pods-Business/Pods-Business.release.xcconfig"; sourceTree = "<group>"; };
/* End PBXFileReference section */

/* Begin PBXFrameworksBuildPhase section */
		84C8CB4F253EDA89004D5CD0 /* Frameworks */ = {
			isa = PBXFrameworksBuildPhase;
			buildActionMask = 2147483647;
			files = (
				BEABB7BC9FA1D90635D5A0D9 /* libPods-Business.a in Frameworks */,
				842C44832548181A003C570D /* libSwiftyJSON.a in Frameworks */,
			);
			runOnlyForDeploymentPostprocessing = 0;
		};
		84C8CB58253EDA89004D5CD0 /* Frameworks */ = {
			isa = PBXFrameworksBuildPhase;
			buildActionMask = 2147483647;
			files = (
				84C8CB5C253EDA89004D5CD0 /* Business.framework in Frameworks */,
			);
			runOnlyForDeploymentPostprocessing = 0;
		};
/* End PBXFrameworksBuildPhase section */

/* Begin PBXGroup section */
		598A39713D0D4F1136F28D1B /* Frameworks */ = {
			isa = PBXGroup;
			children = (
				842C44822548181A003C570D /* libSwiftyJSON.a */,
				17832911D7ABBBFC08EBE348 /* libPods-Business.a */,
			);
			name = Frameworks;
			sourceTree = "<group>";
		};
		848E1050253EE314003C89C8 /* Utilities */ = {
			isa = PBXGroup;
			children = (
				84C8CB73253EDB1A004D5CD0 /* Utils.swift */,
			);
			path = Utilities;
			sourceTree = "<group>";
		};
		848E105B253EE75B003C89C8 /* Entities */ = {
			isa = PBXGroup;
			children = (
				848E105C253EE770003C89C8 /* ESearchBook.swift */,
				846EFE6025465DD600F01805 /* EUserBook.swift */,
				846EFE6425465E4900F01805 /* EBook.swift */,
				84A61CB7254C463D00B50FE8 /* EExchangeBook.swift */,
				84A61CD3254D10F700B50FE8 /* ENote.swift */,
			);
			path = Entities;
			sourceTree = "<group>";
		};
		84C8CB48253EDA89004D5CD0 = {
			isa = PBXGroup;
			children = (
				84C8CB54253EDA89004D5CD0 /* Business */,
				84C8CB5F253EDA89004D5CD0 /* BusinessTests */,
				84C8CB53253EDA89004D5CD0 /* Products */,
				598A39713D0D4F1136F28D1B /* Frameworks */,
				D97F9108AA32AF7255E17957 /* Pods */,
			);
			sourceTree = "<group>";
		};
		84C8CB53253EDA89004D5CD0 /* Products */ = {
			isa = PBXGroup;
			children = (
				84C8CB52253EDA89004D5CD0 /* Business.framework */,
				84C8CB5B253EDA89004D5CD0 /* BusinessTests.xctest */,
			);
			name = Products;
			sourceTree = "<group>";
		};
		84C8CB54253EDA89004D5CD0 /* Business */ = {
			isa = PBXGroup;
			children = (
				848E105B253EE75B003C89C8 /* Entities */,
				848E1050253EE314003C89C8 /* Utilities */,
				84C8CB72253EDAD5004D5CD0 /* Network */,
				84C8CB71253EDACE004D5CD0 /* Manager */,
				84C8CB55253EDA89004D5CD0 /* Business.h */,
				84C8CB56253EDA89004D5CD0 /* Info.plist */,
			);
			path = Business;
			sourceTree = "<group>";
		};
		84C8CB5F253EDA89004D5CD0 /* BusinessTests */ = {
			isa = PBXGroup;
			children = (
				84C8CB60253EDA89004D5CD0 /* BusinessTests.swift */,
				84C8CB62253EDA89004D5CD0 /* Info.plist */,
			);
			path = BusinessTests;
			sourceTree = "<group>";
		};
		84C8CB71253EDACE004D5CD0 /* Manager */ = {
			isa = PBXGroup;
			children = (
				848E1057253EE65C003C89C8 /* BookManager.swift */,
				84A0CC33254ACDA10074CBAC /* UserBookManager.swift */,
				84A61CBB254C4CCD00B50FE8 /* ExchangeBookManager.swift */,
				84A61CD7254D13E200B50FE8 /* NoteManager.swift */,
			);
			path = Manager;
			sourceTree = "<group>";
		};
		84C8CB72253EDAD5004D5CD0 /* Network */ = {
			isa = PBXGroup;
			children = (
				842C444E2547C240003C570D /* GoogleApiRequest.swift */,
				848E1051253EE32F003C89C8 /* ResourceRequest.swift */,
				848E1060253EEEEC003C89C8 /* BookRequest.swift */,
				84A0CC37254AFDD80074CBAC /* UserBookRequest.swift */,
				84A61CB3254C461E00B50FE8 /* ExchangeBookRequest.swift */,
				84A61CC7254D108200B50FE8 /* NoteRequest.swift */,
			);
			path = Network;
			sourceTree = "<group>";
		};
		D97F9108AA32AF7255E17957 /* Pods */ = {
			isa = PBXGroup;
			children = (
				33B5D422159A3197CBD77847 /* Pods-Business.debug.xcconfig */,
				9461F291964A5A2AF55C4255 /* Pods-Business.release.xcconfig */,
			);
			name = Pods;
			path = ../Pods;
			sourceTree = "<group>";
		};
/* End PBXGroup section */

/* Begin PBXHeadersBuildPhase section */
		84C8CB4D253EDA89004D5CD0 /* Headers */ = {
			isa = PBXHeadersBuildPhase;
			buildActionMask = 2147483647;
			files = (
				84C8CB63253EDA89004D5CD0 /* Business.h in Headers */,
			);
			runOnlyForDeploymentPostprocessing = 0;
		};
/* End PBXHeadersBuildPhase section */

/* Begin PBXNativeTarget section */
		84C8CB51253EDA89004D5CD0 /* Business */ = {
			isa = PBXNativeTarget;
			buildConfigurationList = 84C8CB66253EDA89004D5CD0 /* Build configuration list for PBXNativeTarget "Business" */;
			buildPhases = (
				17F45CF46A4AF434F4E7AE0B /* [CP] Check Pods Manifest.lock */,
				84C8CB4D253EDA89004D5CD0 /* Headers */,
				84C8CB4E253EDA89004D5CD0 /* Sources */,
				84C8CB4F253EDA89004D5CD0 /* Frameworks */,
				84C8CB50253EDA89004D5CD0 /* Resources */,
			);
			buildRules = (
			);
			dependencies = (
			);
			name = Business;
			productName = Business;
			productReference = 84C8CB52253EDA89004D5CD0 /* Business.framework */;
			productType = "com.apple.product-type.framework";
		};
		84C8CB5A253EDA89004D5CD0 /* BusinessTests */ = {
			isa = PBXNativeTarget;
			buildConfigurationList = 84C8CB69253EDA89004D5CD0 /* Build configuration list for PBXNativeTarget "BusinessTests" */;
			buildPhases = (
				84C8CB57253EDA89004D5CD0 /* Sources */,
				84C8CB58253EDA89004D5CD0 /* Frameworks */,
				84C8CB59253EDA89004D5CD0 /* Resources */,
			);
			buildRules = (
			);
			dependencies = (
				84C8CB5E253EDA89004D5CD0 /* PBXTargetDependency */,
			);
			name = BusinessTests;
			productName = BusinessTests;
			productReference = 84C8CB5B253EDA89004D5CD0 /* BusinessTests.xctest */;
			productType = "com.apple.product-type.bundle.unit-test";
		};
/* End PBXNativeTarget section */

/* Begin PBXProject section */
		84C8CB49253EDA89004D5CD0 /* Project object */ = {
			isa = PBXProject;
			attributes = {
				LastSwiftUpdateCheck = 1200;
				LastUpgradeCheck = 1200;
				TargetAttributes = {
					84C8CB51253EDA89004D5CD0 = {
						CreatedOnToolsVersion = 12.0.1;
						LastSwiftMigration = 1200;
					};
					84C8CB5A253EDA89004D5CD0 = {
						CreatedOnToolsVersion = 12.0.1;
					};
				};
			};
			buildConfigurationList = 84C8CB4C253EDA89004D5CD0 /* Build configuration list for PBXProject "Business" */;
			compatibilityVersion = "Xcode 9.3";
			developmentRegion = en;
			hasScannedForEncodings = 0;
			knownRegions = (
				en,
				Base,
			);
			mainGroup = 84C8CB48253EDA89004D5CD0;
			productRefGroup = 84C8CB53253EDA89004D5CD0 /* Products */;
			projectDirPath = "";
			projectRoot = "";
			targets = (
				84C8CB51253EDA89004D5CD0 /* Business */,
				84C8CB5A253EDA89004D5CD0 /* BusinessTests */,
			);
		};
/* End PBXProject section */

/* Begin PBXResourcesBuildPhase section */
		84C8CB50253EDA89004D5CD0 /* Resources */ = {
			isa = PBXResourcesBuildPhase;
			buildActionMask = 2147483647;
			files = (
			);
			runOnlyForDeploymentPostprocessing = 0;
		};
		84C8CB59253EDA89004D5CD0 /* Resources */ = {
			isa = PBXResourcesBuildPhase;
			buildActionMask = 2147483647;
			files = (
			);
			runOnlyForDeploymentPostprocessing = 0;
		};
/* End PBXResourcesBuildPhase section */

/* Begin PBXShellScriptBuildPhase section */
		17F45CF46A4AF434F4E7AE0B /* [CP] Check Pods Manifest.lock */ = {
			isa = PBXShellScriptBuildPhase;
			buildActionMask = 2147483647;
			files = (
			);
			inputFileListPaths = (
			);
			inputPaths = (
				"${PODS_PODFILE_DIR_PATH}/Podfile.lock",
				"${PODS_ROOT}/Manifest.lock",
			);
			name = "[CP] Check Pods Manifest.lock";
			outputFileListPaths = (
			);
			outputPaths = (
				"$(DERIVED_FILE_DIR)/Pods-Business-checkManifestLockResult.txt",
			);
			runOnlyForDeploymentPostprocessing = 0;
			shellPath = /bin/sh;
			shellScript = "diff \"${PODS_PODFILE_DIR_PATH}/Podfile.lock\" \"${PODS_ROOT}/Manifest.lock\" > /dev/null\nif [ $? != 0 ] ; then\n    # print error to STDERR\n    echo \"error: The sandbox is not in sync with the Podfile.lock. Run 'pod install' or update your CocoaPods installation.\" >&2\n    exit 1\nfi\n# This output is used by Xcode 'outputs' to avoid re-running this script phase.\necho \"SUCCESS\" > \"${SCRIPT_OUTPUT_FILE_0}\"\n";
			showEnvVarsInLog = 0;
		};
/* End PBXShellScriptBuildPhase section */

/* Begin PBXSourcesBuildPhase section */
		84C8CB4E253EDA89004D5CD0 /* Sources */ = {
			isa = PBXSourcesBuildPhase;
			buildActionMask = 2147483647;
			files = (
				84A0CC34254ACDA10074CBAC /* UserBookManager.swift in Sources */,
				848E105D253EE770003C89C8 /* ESearchBook.swift in Sources */,
				842C444F2547C240003C570D /* GoogleApiRequest.swift in Sources */,
				84A61CB8254C463D00B50FE8 /* EExchangeBook.swift in Sources */,
				846EFE6125465DD600F01805 /* EUserBook.swift in Sources */,
				846EFE6525465E4900F01805 /* EBook.swift in Sources */,
				84A0CC38254AFDD80074CBAC /* UserBookRequest.swift in Sources */,
				848E1058253EE65C003C89C8 /* BookManager.swift in Sources */,
				84C8CB74253EDB1A004D5CD0 /* Utils.swift in Sources */,
				84A61CD4254D10F700B50FE8 /* ENote.swift in Sources */,
				84A61CBC254C4CCD00B50FE8 /* ExchangeBookManager.swift in Sources */,
				848E1061253EEEEC003C89C8 /* BookRequest.swift in Sources */,
				848E1052253EE32F003C89C8 /* ResourceRequest.swift in Sources */,
				84A61CD8254D13E200B50FE8 /* NoteManager.swift in Sources */,
				84A61CB4254C461E00B50FE8 /* ExchangeBookRequest.swift in Sources */,
				84A61CC8254D108200B50FE8 /* NoteRequest.swift in Sources */,
			);
			runOnlyForDeploymentPostprocessing = 0;
		};
		84C8CB57253EDA89004D5CD0 /* Sources */ = {
			isa = PBXSourcesBuildPhase;
			buildActionMask = 2147483647;
			files = (
				84C8CB61253EDA89004D5CD0 /* BusinessTests.swift in Sources */,
			);
			runOnlyForDeploymentPostprocessing = 0;
		};
/* End PBXSourcesBuildPhase section */

/* Begin PBXTargetDependency section */
		84C8CB5E253EDA89004D5CD0 /* PBXTargetDependency */ = {
			isa = PBXTargetDependency;
			target = 84C8CB51253EDA89004D5CD0 /* Business */;
			targetProxy = 84C8CB5D253EDA89004D5CD0 /* PBXContainerItemProxy */;
		};
/* End PBXTargetDependency section */

/* Begin XCBuildConfiguration section */
		84C8CB64253EDA89004D5CD0 /* Debug */ = {
			isa = XCBuildConfiguration;
			buildSettings = {
				ALWAYS_SEARCH_USER_PATHS = NO;
				CLANG_ANALYZER_NONNULL = YES;
				CLANG_ANALYZER_NUMBER_OBJECT_CONVERSION = YES_AGGRESSIVE;
				CLANG_CXX_LANGUAGE_STANDARD = "gnu++14";
				CLANG_CXX_LIBRARY = "libc++";
				CLANG_ENABLE_MODULES = YES;
				CLANG_ENABLE_OBJC_ARC = YES;
				CLANG_ENABLE_OBJC_WEAK = YES;
				CLANG_WARN_BLOCK_CAPTURE_AUTORELEASING = YES;
				CLANG_WARN_BOOL_CONVERSION = YES;
				CLANG_WARN_COMMA = YES;
				CLANG_WARN_CONSTANT_CONVERSION = YES;
				CLANG_WARN_DEPRECATED_OBJC_IMPLEMENTATIONS = YES;
				CLANG_WARN_DIRECT_OBJC_ISA_USAGE = YES_ERROR;
				CLANG_WARN_DOCUMENTATION_COMMENTS = YES;
				CLANG_WARN_EMPTY_BODY = YES;
				CLANG_WARN_ENUM_CONVERSION = YES;
				CLANG_WARN_INFINITE_RECURSION = YES;
				CLANG_WARN_INT_CONVERSION = YES;
				CLANG_WARN_NON_LITERAL_NULL_CONVERSION = YES;
				CLANG_WARN_OBJC_IMPLICIT_RETAIN_SELF = YES;
				CLANG_WARN_OBJC_LITERAL_CONVERSION = YES;
				CLANG_WARN_OBJC_ROOT_CLASS = YES_ERROR;
				CLANG_WARN_QUOTED_INCLUDE_IN_FRAMEWORK_HEADER = YES;
				CLANG_WARN_RANGE_LOOP_ANALYSIS = YES;
				CLANG_WARN_STRICT_PROTOTYPES = YES;
				CLANG_WARN_SUSPICIOUS_MOVE = YES;
				CLANG_WARN_UNGUARDED_AVAILABILITY = YES_AGGRESSIVE;
				CLANG_WARN_UNREACHABLE_CODE = YES;
				CLANG_WARN__DUPLICATE_METHOD_MATCH = YES;
				COPY_PHASE_STRIP = NO;
				CURRENT_PROJECT_VERSION = 1;
				DEBUG_INFORMATION_FORMAT = dwarf;
				ENABLE_STRICT_OBJC_MSGSEND = YES;
				ENABLE_TESTABILITY = YES;
				GCC_C_LANGUAGE_STANDARD = gnu11;
				GCC_DYNAMIC_NO_PIC = NO;
				GCC_NO_COMMON_BLOCKS = YES;
				GCC_OPTIMIZATION_LEVEL = 0;
				GCC_PREPROCESSOR_DEFINITIONS = (
					"DEBUG=1",
					"$(inherited)",
				);
				GCC_WARN_64_TO_32_BIT_CONVERSION = YES;
				GCC_WARN_ABOUT_RETURN_TYPE = YES_ERROR;
				GCC_WARN_UNDECLARED_SELECTOR = YES;
				GCC_WARN_UNINITIALIZED_AUTOS = YES_AGGRESSIVE;
				GCC_WARN_UNUSED_FUNCTION = YES;
				GCC_WARN_UNUSED_VARIABLE = YES;
				IPHONEOS_DEPLOYMENT_TARGET = 14.0;
				MTL_ENABLE_DEBUG_INFO = INCLUDE_SOURCE;
				MTL_FAST_MATH = YES;
				ONLY_ACTIVE_ARCH = YES;
				SDKROOT = iphoneos;
				SWIFT_ACTIVE_COMPILATION_CONDITIONS = DEBUG;
				SWIFT_OPTIMIZATION_LEVEL = "-Onone";
				VERSIONING_SYSTEM = "apple-generic";
				VERSION_INFO_PREFIX = "";
			};
			name = Debug;
		};
		84C8CB65253EDA89004D5CD0 /* Release */ = {
			isa = XCBuildConfiguration;
			buildSettings = {
				ALWAYS_SEARCH_USER_PATHS = NO;
				CLANG_ANALYZER_NONNULL = YES;
				CLANG_ANALYZER_NUMBER_OBJECT_CONVERSION = YES_AGGRESSIVE;
				CLANG_CXX_LANGUAGE_STANDARD = "gnu++14";
				CLANG_CXX_LIBRARY = "libc++";
				CLANG_ENABLE_MODULES = YES;
				CLANG_ENABLE_OBJC_ARC = YES;
				CLANG_ENABLE_OBJC_WEAK = YES;
				CLANG_WARN_BLOCK_CAPTURE_AUTORELEASING = YES;
				CLANG_WARN_BOOL_CONVERSION = YES;
				CLANG_WARN_COMMA = YES;
				CLANG_WARN_CONSTANT_CONVERSION = YES;
				CLANG_WARN_DEPRECATED_OBJC_IMPLEMENTATIONS = YES;
				CLANG_WARN_DIRECT_OBJC_ISA_USAGE = YES_ERROR;
				CLANG_WARN_DOCUMENTATION_COMMENTS = YES;
				CLANG_WARN_EMPTY_BODY = YES;
				CLANG_WARN_ENUM_CONVERSION = YES;
				CLANG_WARN_INFINITE_RECURSION = YES;
				CLANG_WARN_INT_CONVERSION = YES;
				CLANG_WARN_NON_LITERAL_NULL_CONVERSION = YES;
				CLANG_WARN_OBJC_IMPLICIT_RETAIN_SELF = YES;
				CLANG_WARN_OBJC_LITERAL_CONVERSION = YES;
				CLANG_WARN_OBJC_ROOT_CLASS = YES_ERROR;
				CLANG_WARN_QUOTED_INCLUDE_IN_FRAMEWORK_HEADER = YES;
				CLANG_WARN_RANGE_LOOP_ANALYSIS = YES;
				CLANG_WARN_STRICT_PROTOTYPES = YES;
				CLANG_WARN_SUSPICIOUS_MOVE = YES;
				CLANG_WARN_UNGUARDED_AVAILABILITY = YES_AGGRESSIVE;
				CLANG_WARN_UNREACHABLE_CODE = YES;
				CLANG_WARN__DUPLICATE_METHOD_MATCH = YES;
				COPY_PHASE_STRIP = NO;
				CURRENT_PROJECT_VERSION = 1;
				DEBUG_INFORMATION_FORMAT = "dwarf-with-dsym";
				ENABLE_NS_ASSERTIONS = NO;
				ENABLE_STRICT_OBJC_MSGSEND = YES;
				GCC_C_LANGUAGE_STANDARD = gnu11;
				GCC_NO_COMMON_BLOCKS = YES;
				GCC_WARN_64_TO_32_BIT_CONVERSION = YES;
				GCC_WARN_ABOUT_RETURN_TYPE = YES_ERROR;
				GCC_WARN_UNDECLARED_SELECTOR = YES;
				GCC_WARN_UNINITIALIZED_AUTOS = YES_AGGRESSIVE;
				GCC_WARN_UNUSED_FUNCTION = YES;
				GCC_WARN_UNUSED_VARIABLE = YES;
				IPHONEOS_DEPLOYMENT_TARGET = 14.0;
				MTL_ENABLE_DEBUG_INFO = NO;
				MTL_FAST_MATH = YES;
				SDKROOT = iphoneos;
				SWIFT_COMPILATION_MODE = wholemodule;
				SWIFT_OPTIMIZATION_LEVEL = "-O";
				VALIDATE_PRODUCT = YES;
				VERSIONING_SYSTEM = "apple-generic";
				VERSION_INFO_PREFIX = "";
			};
			name = Release;
		};
		84C8CB67253EDA89004D5CD0 /* Debug */ = {
			isa = XCBuildConfiguration;
			baseConfigurationReference = 33B5D422159A3197CBD77847 /* Pods-Business.debug.xcconfig */;
			buildSettings = {
				CLANG_ENABLE_MODULES = YES;
				CODE_SIGN_STYLE = Automatic;
				DEFINES_MODULE = YES;
				DEVELOPMENT_TEAM = 22G4R8NLZU;
				DYLIB_COMPATIBILITY_VERSION = 1;
				DYLIB_CURRENT_VERSION = 1;
				DYLIB_INSTALL_NAME_BASE = "@rpath";
				ENABLE_HARDENED_RUNTIME = YES;
				INFOPLIST_FILE = Business/Info.plist;
				INSTALL_PATH = "$(LOCAL_LIBRARY_DIR)/Frameworks";
				LD_RUNPATH_SEARCH_PATHS = (
					"$(inherited)",
					"@executable_path/Frameworks",
					"@loader_path/Frameworks",
				);
				PRODUCT_BUNDLE_IDENTIFIER = com.nguyenhongphuc98.Business;
				PRODUCT_NAME = "$(TARGET_NAME:c99extidentifier)";
				SKIP_INSTALL = YES;
				SUPPORTS_MACCATALYST = NO;
				SWIFT_OPTIMIZATION_LEVEL = "-Onone";
				SWIFT_VERSION = 5.0;
				TARGETED_DEVICE_FAMILY = "1,2";
			};
			name = Debug;
		};
		84C8CB68253EDA89004D5CD0 /* Release */ = {
			isa = XCBuildConfiguration;
			baseConfigurationReference = 9461F291964A5A2AF55C4255 /* Pods-Business.release.xcconfig */;
			buildSettings = {
				CLANG_ENABLE_MODULES = YES;
				CODE_SIGN_STYLE = Automatic;
				DEFINES_MODULE = YES;
				DEVELOPMENT_TEAM = 22G4R8NLZU;
				DYLIB_COMPATIBILITY_VERSION = 1;
				DYLIB_CURRENT_VERSION = 1;
				DYLIB_INSTALL_NAME_BASE = "@rpath";
				ENABLE_HARDENED_RUNTIME = YES;
				INFOPLIST_FILE = Business/Info.plist;
				INSTALL_PATH = "$(LOCAL_LIBRARY_DIR)/Frameworks";
				LD_RUNPATH_SEARCH_PATHS = (
					"$(inherited)",
					"@executable_path/Frameworks",
					"@loader_path/Frameworks",
				);
				PRODUCT_BUNDLE_IDENTIFIER = com.nguyenhongphuc98.Business;
				PRODUCT_NAME = "$(TARGET_NAME:c99extidentifier)";
				SKIP_INSTALL = YES;
				SUPPORTS_MACCATALYST = NO;
				SWIFT_VERSION = 5.0;
				TARGETED_DEVICE_FAMILY = "1,2";
			};
			name = Release;
		};
		84C8CB6A253EDA89004D5CD0 /* Debug */ = {
			isa = XCBuildConfiguration;
			buildSettings = {
				ALWAYS_EMBED_SWIFT_STANDARD_LIBRARIES = YES;
				CODE_SIGN_STYLE = Automatic;
				DEVELOPMENT_TEAM = 22G4R8NLZU;
				INFOPLIST_FILE = BusinessTests/Info.plist;
				LD_RUNPATH_SEARCH_PATHS = (
					"$(inherited)",
					"@executable_path/Frameworks",
					"@loader_path/Frameworks",
				);
				PRODUCT_BUNDLE_IDENTIFIER = com.nguyenhongphuc98.BusinessTests;
				PRODUCT_NAME = "$(TARGET_NAME)";
				SWIFT_VERSION = 5.0;
				TARGETED_DEVICE_FAMILY = "1,2";
			};
			name = Debug;
		};
		84C8CB6B253EDA89004D5CD0 /* Release */ = {
			isa = XCBuildConfiguration;
			buildSettings = {
				ALWAYS_EMBED_SWIFT_STANDARD_LIBRARIES = YES;
				CODE_SIGN_STYLE = Automatic;
				DEVELOPMENT_TEAM = 22G4R8NLZU;
				INFOPLIST_FILE = BusinessTests/Info.plist;
				LD_RUNPATH_SEARCH_PATHS = (
					"$(inherited)",
					"@executable_path/Frameworks",
					"@loader_path/Frameworks",
				);
				PRODUCT_BUNDLE_IDENTIFIER = com.nguyenhongphuc98.BusinessTests;
				PRODUCT_NAME = "$(TARGET_NAME)";
				SWIFT_VERSION = 5.0;
				TARGETED_DEVICE_FAMILY = "1,2";
			};
			name = Release;
		};
/* End XCBuildConfiguration section */

/* Begin XCConfigurationList section */
		84C8CB4C253EDA89004D5CD0 /* Build configuration list for PBXProject "Business" */ = {
			isa = XCConfigurationList;
			buildConfigurations = (
				84C8CB64253EDA89004D5CD0 /* Debug */,
				84C8CB65253EDA89004D5CD0 /* Release */,
			);
			defaultConfigurationIsVisible = 0;
			defaultConfigurationName = Release;
		};
		84C8CB66253EDA89004D5CD0 /* Build configuration list for PBXNativeTarget "Business" */ = {
			isa = XCConfigurationList;
			buildConfigurations = (
				84C8CB67253EDA89004D5CD0 /* Debug */,
				84C8CB68253EDA89004D5CD0 /* Release */,
			);
			defaultConfigurationIsVisible = 0;
			defaultConfigurationName = Release;
		};
		84C8CB69253EDA89004D5CD0 /* Build configuration list for PBXNativeTarget "BusinessTests" */ = {
			isa = XCConfigurationList;
			buildConfigurations = (
				84C8CB6A253EDA89004D5CD0 /* Debug */,
				84C8CB6B253EDA89004D5CD0 /* Release */,
			);
			defaultConfigurationIsVisible = 0;
			defaultConfigurationName = Release;
		};
/* End XCConfigurationList section */
	};
	rootObject = 84C8CB49253EDA89004D5CD0 /* Project object */;
}
