// !$*UTF8*$!
{
	archiveVersion = 1;
	classes = {
	};
	objectVersion = 50;
	objects = {

/* Begin PBXBuildFile section */
		8401C86E252758BD00A722CE /* InChatView.swift in Sources */ = {isa = PBXBuildFile; fileRef = 8401C86D252758BD00A722CE /* InChatView.swift */; };
		8401C8722527590D00A722CE /* MessageCel.swift in Sources */ = {isa = PBXBuildFile; fileRef = 8401C8712527590D00A722CE /* MessageCel.swift */; };
		8401C87625275EBD00A722CE /* InChatViewModel.swift in Sources */ = {isa = PBXBuildFile; fileRef = 8401C87525275EBD00A722CE /* InChatViewModel.swift */; };
		8401C87A2528129300A722CE /* SearchUserItem.swift in Sources */ = {isa = PBXBuildFile; fileRef = 8401C8792528129300A722CE /* SearchUserItem.swift */; };
		8401C8802528243A00A722CE /* NewChatView.swift in Sources */ = {isa = PBXBuildFile; fileRef = 8401C87F2528243A00A722CE /* NewChatView.swift */; };
		8401C884252824DD00A722CE /* NewChatViewModel.swift in Sources */ = {isa = PBXBuildFile; fileRef = 8401C883252824DD00A722CE /* NewChatViewModel.swift */; };
		8401C8942529ABA600A722CE /* StickerGrid.swift in Sources */ = {isa = PBXBuildFile; fileRef = 8401C8932529ABA600A722CE /* StickerGrid.swift */; };
		8401C89E2529BE9D00A722CE /* DismissSTOnDragModifier.swift in Sources */ = {isa = PBXBuildFile; fileRef = 8401C89D2529BE9D00A722CE /* DismissSTOnDragModifier.swift */; };
		8401C8A22529C8DD00A722CE /* RichMessageEditor.swift in Sources */ = {isa = PBXBuildFile; fileRef = 8401C8A12529C8DD00A722CE /* RichMessageEditor.swift */; };
		8401C8A7252AB3C900A722CE /* SearchView.swift in Sources */ = {isa = PBXBuildFile; fileRef = 8401C8A6252AB3C900A722CE /* SearchView.swift */; };
		8401C8AB252AB45700A722CE /* SearchViewViewModel.swift in Sources */ = {isa = PBXBuildFile; fileRef = 8401C8AA252AB45700A722CE /* SearchViewViewModel.swift */; };
		8401C8AF252AB57300A722CE /* Book.swift in Sources */ = {isa = PBXBuildFile; fileRef = 8401C8AE252AB57300A722CE /* Book.swift */; };
		8401C8B9252ACAEF00A722CE /* BookCard.swift in Sources */ = {isa = PBXBuildFile; fileRef = 8401C8B8252ACAEF00A722CE /* BookCard.swift */; };
		8401C8BD252ACC6400A722CE /* FloatExtension.swift in Sources */ = {isa = PBXBuildFile; fileRef = 8401C8BC252ACC6400A722CE /* FloatExtension.swift */; };
		8401C8C1252AD18500A722CE /* StarRating.swift in Sources */ = {isa = PBXBuildFile; fileRef = 8401C8C0252AD18500A722CE /* StarRating.swift */; };
		8401C8C5252AD6B500A722CE /* BookGrid.swift in Sources */ = {isa = PBXBuildFile; fileRef = 8401C8C4252AD6B500A722CE /* BookGrid.swift */; };
		8401C8C9252B045400A722CE /* Segment.swift in Sources */ = {isa = PBXBuildFile; fileRef = 8401C8C8252B045400A722CE /* Segment.swift */; };
		8401C8CD252B09B900A722CE /* ExchangeBookCard.swift in Sources */ = {isa = PBXBuildFile; fileRef = 8401C8CC252B09B900A722CE /* ExchangeBookCard.swift */; };
		8401C8D1252B09D400A722CE /* ExchangeBook.swift in Sources */ = {isa = PBXBuildFile; fileRef = 8401C8D0252B09D400A722CE /* ExchangeBook.swift */; };
		8401C8D5252B0D1B00A722CE /* ExchangeBookList.swift in Sources */ = {isa = PBXBuildFile; fileRef = 8401C8D4252B0D1B00A722CE /* ExchangeBookList.swift */; };
		8401C8D9252B10AB00A722CE /* SearchBookCard.swift in Sources */ = {isa = PBXBuildFile; fileRef = 8401C8D8252B10AB00A722CE /* SearchBookCard.swift */; };
		8401C8DD252B1B7500A722CE /* BookDetailView.swift in Sources */ = {isa = PBXBuildFile; fileRef = 8401C8DC252B1B7500A722CE /* BookDetailView.swift */; };
		8401C8FD252B252F00A722CE /* BookDetail.swift in Sources */ = {isa = PBXBuildFile; fileRef = 8401C8FC252B252F00A722CE /* BookDetail.swift */; };
		8401C901252B2E9500A722CE /* BaseButtonStyle.swift in Sources */ = {isa = PBXBuildFile; fileRef = 8401C900252B2E9500A722CE /* BaseButtonStyle.swift */; };
		8401C90D252B670600A722CE /* Rating.swift in Sources */ = {isa = PBXBuildFile; fileRef = 8401C90C252B670600A722CE /* Rating.swift */; };
		8401C913252B69BF00A722CE /* RatingCell.swift in Sources */ = {isa = PBXBuildFile; fileRef = 8401C912252B69BF00A722CE /* RatingCell.swift */; };
		8401C917252B6B7400A722CE /* BookDetailViewModel.swift in Sources */ = {isa = PBXBuildFile; fileRef = 8401C916252B6B7400A722CE /* BookDetailViewModel.swift */; };
		8401C921252C086300A722CE /* RatingView.swift in Sources */ = {isa = PBXBuildFile; fileRef = 8401C920252C086300A722CE /* RatingView.swift */; };
		8401C925252C095B00A722CE /* RatingDetail.swift in Sources */ = {isa = PBXBuildFile; fileRef = 8401C924252C095B00A722CE /* RatingDetail.swift */; };
		8401C929252C0A1000A722CE /* RatingCriteria.swift in Sources */ = {isa = PBXBuildFile; fileRef = 8401C928252C0A1000A722CE /* RatingCriteria.swift */; };
		8401C930252C1C4D00A722CE /* RatingViewModel.swift in Sources */ = {isa = PBXBuildFile; fileRef = 8401C92F252C1C4D00A722CE /* RatingViewModel.swift */; };
		8401C936252C658400A722CE /* BorrowBookCard.swift in Sources */ = {isa = PBXBuildFile; fileRef = 8401C935252C658400A722CE /* BorrowBookCard.swift */; };
		8401C93A252C664800A722CE /* BorrowBook.swift in Sources */ = {isa = PBXBuildFile; fileRef = 8401C939252C664800A722CE /* BorrowBook.swift */; };
		8401C93E252C6AB000A722CE /* DistanceText.swift in Sources */ = {isa = PBXBuildFile; fileRef = 8401C93D252C6AB000A722CE /* DistanceText.swift */; };
		8401C947252C6E7700A722CE /* BookStatusText.swift in Sources */ = {isa = PBXBuildFile; fileRef = 8401C946252C6E7700A722CE /* BookStatusText.swift */; };
		8401C94B252C71AA00A722CE /* BorrowListView.swift in Sources */ = {isa = PBXBuildFile; fileRef = 8401C94A252C71AA00A722CE /* BorrowListView.swift */; };
		8401C94F252C71D100A722CE /* BorrowListViewModel.swift in Sources */ = {isa = PBXBuildFile; fileRef = 8401C94E252C71D100A722CE /* BorrowListViewModel.swift */; };
		8401C957252C7A9300A722CE /* SubmitRequestBorrowView.swift in Sources */ = {isa = PBXBuildFile; fileRef = 8401C956252C7A9300A722CE /* SubmitRequestBorrowView.swift */; };
		8401C95B252C7B4E00A722CE /* BorrowBookDetail.swift in Sources */ = {isa = PBXBuildFile; fileRef = 8401C95A252C7B4E00A722CE /* BorrowBookDetail.swift */; };
		8401C966252EAB9A00A722CE /* BorrowBookViewModel.swift in Sources */ = {isa = PBXBuildFile; fileRef = 8401C965252EAB9A00A722CE /* BorrowBookViewModel.swift */; };
		8401C96A252EB4AA00A722CE /* InputWithTitle.swift in Sources */ = {isa = PBXBuildFile; fileRef = 8401C969252EB4AA00A722CE /* InputWithTitle.swift */; };
		8401C96E252EC32100A722CE /* BorrowBookFull.swift in Sources */ = {isa = PBXBuildFile; fileRef = 8401C96D252EC32000A722CE /* BorrowBookFull.swift */; };
		8414F243252187C3003CF799 /* NewsFeed.swift in Sources */ = {isa = PBXBuildFile; fileRef = 8414F242252187C3003CF799 /* NewsFeed.swift */; };
		8414F24D25218D8E003CF799 /* NewsFeedCard.swift in Sources */ = {isa = PBXBuildFile; fileRef = 8414F24C25218D8E003CF799 /* NewsFeedCard.swift */; };
		8414F2532521904B003CF799 /* CountTimeText.swift in Sources */ = {isa = PBXBuildFile; fileRef = 8414F2522521904B003CF799 /* CountTimeText.swift */; };
		8414F25725219B7E003CF799 /* StickyButton.swift in Sources */ = {isa = PBXBuildFile; fileRef = 8414F25625219B7E003CF799 /* StickyButton.swift */; };
		8414F25B2521A1B1003CF799 /* IntExension.swift in Sources */ = {isa = PBXBuildFile; fileRef = 8414F25A2521A1B1003CF799 /* IntExension.swift */; };
		8414F2632521A52E003CF799 /* NewsFeedView.swift in Sources */ = {isa = PBXBuildFile; fileRef = 8414F2622521A52E003CF799 /* NewsFeedView.swift */; };
		8414F2672521D7EA003CF799 /* DummyData.swift in Sources */ = {isa = PBXBuildFile; fileRef = 8414F2662521D7EA003CF799 /* DummyData.swift */; };
		8414F26B2521E484003CF799 /* TimeIntervalExtension.swift in Sources */ = {isa = PBXBuildFile; fileRef = 8414F26A2521E484003CF799 /* TimeIntervalExtension.swift */; };
		84360FFC2524409C009FF4BF /* ScreenExtension.swift in Sources */ = {isa = PBXBuildFile; fileRef = 84360FFB2524409C009FF4BF /* ScreenExtension.swift */; };
		8436100025246A28009FF4BF /* PostDetailView.swift in Sources */ = {isa = PBXBuildFile; fileRef = 84360FFF25246A28009FF4BF /* PostDetailView.swift */; };
		8436100425246A8C009FF4BF /* PostDetailViewModel.swift in Sources */ = {isa = PBXBuildFile; fileRef = 8436100325246A8C009FF4BF /* PostDetailViewModel.swift */; };
		8436100925246FC2009FF4BF /* BViewModifier.swift in Sources */ = {isa = PBXBuildFile; fileRef = 8436100825246FC2009FF4BF /* BViewModifier.swift */; };
		8436100F25247DD2009FF4BF /* Comment.swift in Sources */ = {isa = PBXBuildFile; fileRef = 8436100E25247DD2009FF4BF /* Comment.swift */; };
		843610132524811D009FF4BF /* CommentCard.swift in Sources */ = {isa = PBXBuildFile; fileRef = 843610122524811D009FF4BF /* CommentCard.swift */; };
		843E5221252707E300B16995 /* ChatView.swift in Sources */ = {isa = PBXBuildFile; fileRef = 843E5220252707E300B16995 /* ChatView.swift */; };
		843E5226252708AD00B16995 /* ChatCell.swift in Sources */ = {isa = PBXBuildFile; fileRef = 843E5225252708AD00B16995 /* ChatCell.swift */; };
		843E522A252708FA00B16995 /* Message.swift in Sources */ = {isa = PBXBuildFile; fileRef = 843E5229252708FA00B16995 /* Message.swift */; };
		843E522E25270CD000B16995 /* ChatViewModel.swift in Sources */ = {isa = PBXBuildFile; fileRef = 843E522D25270CD000B16995 /* ChatViewModel.swift */; };
		843E5238252713CB00B16995 /* SearchBar.swift in Sources */ = {isa = PBXBuildFile; fileRef = 843E5237252713CB00B16995 /* SearchBar.swift */; };
		843E523C252714A900B16995 /* UIApplicationExtension.swift in Sources */ = {isa = PBXBuildFile; fileRef = 843E523B252714A900B16995 /* UIApplicationExtension.swift */; };
		843E5240252722D200B16995 /* DismissKeyboardOnDrag.swift in Sources */ = {isa = PBXBuildFile; fileRef = 843E523F252722D200B16995 /* DismissKeyboardOnDrag.swift */; };
		844119F92522E77D00AE31D8 /* Seperator.swift in Sources */ = {isa = PBXBuildFile; fileRef = 844119F82522E77D00AE31D8 /* Seperator.swift */; };
		844119FD2522E80500AE31D8 /* EdgeInsetsExtension.swift in Sources */ = {isa = PBXBuildFile; fileRef = 844119FC2522E80500AE31D8 /* EdgeInsetsExtension.swift */; };
		84411A012522EB8D00AE31D8 /* Loading.swift in Sources */ = {isa = PBXBuildFile; fileRef = 84411A002522EB8D00AE31D8 /* Loading.swift */; };
		84411A052523208000AE31D8 /* NewsFeedViewModel.swift in Sources */ = {isa = PBXBuildFile; fileRef = 84411A042523208000AE31D8 /* NewsFeedViewModel.swift */; };
		84411A092523285400AE31D8 /* CreatePostView.swift in Sources */ = {isa = PBXBuildFile; fileRef = 84411A082523285400AE31D8 /* CreatePostView.swift */; };
		84411A1025232B7E00AE31D8 /* CreatePostViewModel.swift in Sources */ = {isa = PBXBuildFile; fileRef = 84411A0F25232B7E00AE31D8 /* CreatePostViewModel.swift */; };
		84411A162523310B00AE31D8 /* QuoteEditor.swift in Sources */ = {isa = PBXBuildFile; fileRef = 84411A152523310B00AE31D8 /* QuoteEditor.swift */; };
		84411A252523331D00AE31D8 /* BoundTracking.swift in Sources */ = {isa = PBXBuildFile; fileRef = 84411A242523331D00AE31D8 /* BoundTracking.swift */; };
		84411A29252337C900AE31D8 /* ViewExtension.swift in Sources */ = {isa = PBXBuildFile; fileRef = 84411A28252337C900AE31D8 /* ViewExtension.swift */; };
		84411A2D2523409E00AE31D8 /* TextExtension.swift in Sources */ = {isa = PBXBuildFile; fileRef = 84411A2C2523409E00AE31D8 /* TextExtension.swift */; };
		845DB4BA252369950019C29B /* StrokeBorderStyle.swift in Sources */ = {isa = PBXBuildFile; fileRef = 845DB4B9252369950019C29B /* StrokeBorderStyle.swift */; };
		845DB4C4252374190019C29B /* BookCategoryView.swift in Sources */ = {isa = PBXBuildFile; fileRef = 845DB4C3252374190019C29B /* BookCategoryView.swift */; };
		845DB4C8252377B90019C29B /* BookCategoryViewModel.swift in Sources */ = {isa = PBXBuildFile; fileRef = 845DB4C7252377B90019C29B /* BookCategoryViewModel.swift */; };
		845DB4CC25237ED20019C29B /* ImagePicker.swift in Sources */ = {isa = PBXBuildFile; fileRef = 845DB4CB25237ED20019C29B /* ImagePicker.swift */; };
		845DB4D0252385240019C29B /* ViewFullPhoto.swift in Sources */ = {isa = PBXBuildFile; fileRef = 845DB4CF252385240019C29B /* ViewFullPhoto.swift */; };
		845DB4D4252386390019C29B /* ZoomableScroolView.swift in Sources */ = {isa = PBXBuildFile; fileRef = 845DB4D3252386390019C29B /* ZoomableScroolView.swift */; };
		847BBAC62521EEB900E0500D /* AppManager.swift in Sources */ = {isa = PBXBuildFile; fileRef = 847BBAC52521EEB900E0500D /* AppManager.swift */; };
		84AA95C5251B01C80029BB1E /* ColorExtension.swift in Sources */ = {isa = PBXBuildFile; fileRef = 84AA95C4251B01C80029BB1E /* ColorExtension.swift */; };
		84AA95EF251B45320029BB1E /* ProfileViewModel.swift in Sources */ = {isa = PBXBuildFile; fileRef = 84AA95EE251B45320029BB1E /* ProfileViewModel.swift */; };
		84AA95F3251B453F0029BB1E /* Profile.swift in Sources */ = {isa = PBXBuildFile; fileRef = 84AA95F2251B453F0029BB1E /* Profile.swift */; };
		84AA960B251B469F0029BB1E /* User.swift in Sources */ = {isa = PBXBuildFile; fileRef = 84AA960A251B469F0029BB1E /* User.swift */; };
		84AA961B251B47640029BB1E /* Account.swift in Sources */ = {isa = PBXBuildFile; fileRef = 84AA961A251B47640029BB1E /* Account.swift */; };
		84AA9621251B480C0029BB1E /* ItemContent.swift in Sources */ = {isa = PBXBuildFile; fileRef = 84AA9620251B480C0029BB1E /* ItemContent.swift */; };
		84AA967D251F92530029BB1E /* Media.xcassets in Resources */ = {isa = PBXBuildFile; fileRef = 84AA967C251F92530029BB1E /* Media.xcassets */; };
		84AA9681251F928A0029BB1E /* ProfileView.swift in Sources */ = {isa = PBXBuildFile; fileRef = 84AA9680251F928A0029BB1E /* ProfileView.swift */; };
		84AA9685251F96320029BB1E /* GlobalVariable.swift in Sources */ = {isa = PBXBuildFile; fileRef = 84AA9684251F96320029BB1E /* GlobalVariable.swift */; };
		84AA9689251F96CC0029BB1E /* BButton.swift in Sources */ = {isa = PBXBuildFile; fileRef = 84AA9688251F96CC0029BB1E /* BButton.swift */; };
		84AA968D251F96F70029BB1E /* FullRadiusShadowButtonStyle.swift in Sources */ = {isa = PBXBuildFile; fileRef = 84AA968C251F96F70029BB1E /* FullRadiusShadowButtonStyle.swift */; };
		84AA9697251F99470029BB1E /* CircleImage.swift in Sources */ = {isa = PBXBuildFile; fileRef = 84AA9696251F99470029BB1E /* CircleImage.swift */; };
		84AA96AD252054820029BB1E /* Roboto-BoldItalic.ttf in Resources */ = {isa = PBXBuildFile; fileRef = 84AA96A0252054820029BB1E /* Roboto-BoldItalic.ttf */; };
		84AA96AE252054820029BB1E /* Roboto-Italic.ttf in Resources */ = {isa = PBXBuildFile; fileRef = 84AA96A1252054820029BB1E /* Roboto-Italic.ttf */; };
		84AA96AF252054820029BB1E /* Roboto-ThinItalic.ttf in Resources */ = {isa = PBXBuildFile; fileRef = 84AA96A2252054820029BB1E /* Roboto-ThinItalic.ttf */; };
		84AA96B0252054820029BB1E /* Pattaya-Regular.ttf in Resources */ = {isa = PBXBuildFile; fileRef = 84AA96A3252054820029BB1E /* Pattaya-Regular.ttf */; };
		84AA96B1252054820029BB1E /* Roboto-Black.ttf in Resources */ = {isa = PBXBuildFile; fileRef = 84AA96A4252054820029BB1E /* Roboto-Black.ttf */; };
		84AA96B2252054820029BB1E /* Roboto-Thin.ttf in Resources */ = {isa = PBXBuildFile; fileRef = 84AA96A5252054820029BB1E /* Roboto-Thin.ttf */; };
		84AA96B3252054820029BB1E /* Roboto-LightItalic.ttf in Resources */ = {isa = PBXBuildFile; fileRef = 84AA96A6252054820029BB1E /* Roboto-LightItalic.ttf */; };
		84AA96B4252054820029BB1E /* Roboto-Medium.ttf in Resources */ = {isa = PBXBuildFile; fileRef = 84AA96A7252054820029BB1E /* Roboto-Medium.ttf */; };
		84AA96B5252054820029BB1E /* Roboto-Regular.ttf in Resources */ = {isa = PBXBuildFile; fileRef = 84AA96A8252054820029BB1E /* Roboto-Regular.ttf */; };
		84AA96B6252054820029BB1E /* Roboto-BlackItalic.ttf in Resources */ = {isa = PBXBuildFile; fileRef = 84AA96A9252054820029BB1E /* Roboto-BlackItalic.ttf */; };
		84AA96B7252054820029BB1E /* Roboto-MediumItalic.ttf in Resources */ = {isa = PBXBuildFile; fileRef = 84AA96AA252054820029BB1E /* Roboto-MediumItalic.ttf */; };
		84AA96B8252054820029BB1E /* Roboto-Bold.ttf in Resources */ = {isa = PBXBuildFile; fileRef = 84AA96AB252054820029BB1E /* Roboto-Bold.ttf */; };
		84AA96B9252054820029BB1E /* Roboto-Light.ttf in Resources */ = {isa = PBXBuildFile; fileRef = 84AA96AC252054820029BB1E /* Roboto-Light.ttf */; };
		84B964EC2525C6BB00F37571 /* NotifyView.swift in Sources */ = {isa = PBXBuildFile; fileRef = 84B964EB2525C6BB00F37571 /* NotifyView.swift */; };
		84B964F02525C6D400F37571 /* NotifyCard.swift in Sources */ = {isa = PBXBuildFile; fileRef = 84B964EF2525C6D400F37571 /* NotifyCard.swift */; };
		84B964F42525C6E600F37571 /* Notify.swift in Sources */ = {isa = PBXBuildFile; fileRef = 84B964F32525C6E600F37571 /* Notify.swift */; };
		84B964F82525CBBD00F37571 /* NotifyViewModel.swift in Sources */ = {isa = PBXBuildFile; fileRef = 84B964F72525CBBD00F37571 /* NotifyViewModel.swift */; };
		84B964FC2526063F00F37571 /* CoreMessageEditor.swift in Sources */ = {isa = PBXBuildFile; fileRef = 84B964FB2526063F00F37571 /* CoreMessageEditor.swift */; };
		84FA99002518616E00CB92CB /* Interface.framework in Frameworks */ = {isa = PBXBuildFile; fileRef = 84FA98F62518616E00CB92CB /* Interface.framework */; };
		84FA99052518616E00CB92CB /* InterfaceTests.swift in Sources */ = {isa = PBXBuildFile; fileRef = 84FA99042518616E00CB92CB /* InterfaceTests.swift */; };
		84FA99072518616E00CB92CB /* Interface.h in Headers */ = {isa = PBXBuildFile; fileRef = 84FA98F92518616E00CB92CB /* Interface.h */; settings = {ATTRIBUTES = (Public, ); }; };
		84FA99182518619900CB92CB /* Launch.swift in Sources */ = {isa = PBXBuildFile; fileRef = 84FA99172518619900CB92CB /* Launch.swift */; };
		84FB37112525622000B8581F /* ExceptionView.swift in Sources */ = {isa = PBXBuildFile; fileRef = 84FB37102525622000B8581F /* ExceptionView.swift */; };
/* End PBXBuildFile section */

/* Begin PBXContainerItemProxy section */
		84FA99012518616E00CB92CB /* PBXContainerItemProxy */ = {
			isa = PBXContainerItemProxy;
			containerPortal = 84FA98ED2518616E00CB92CB /* Project object */;
			proxyType = 1;
			remoteGlobalIDString = 84FA98F52518616E00CB92CB;
			remoteInfo = Interface;
		};
/* End PBXContainerItemProxy section */

/* Begin PBXFileReference section */
		8401C86D252758BD00A722CE /* InChatView.swift */ = {isa = PBXFileReference; lastKnownFileType = sourcecode.swift; path = InChatView.swift; sourceTree = "<group>"; };
		8401C8712527590D00A722CE /* MessageCel.swift */ = {isa = PBXFileReference; lastKnownFileType = sourcecode.swift; path = MessageCel.swift; sourceTree = "<group>"; };
		8401C87525275EBD00A722CE /* InChatViewModel.swift */ = {isa = PBXFileReference; lastKnownFileType = sourcecode.swift; path = InChatViewModel.swift; sourceTree = "<group>"; };
		8401C8792528129300A722CE /* SearchUserItem.swift */ = {isa = PBXFileReference; lastKnownFileType = sourcecode.swift; path = SearchUserItem.swift; sourceTree = "<group>"; };
		8401C87F2528243A00A722CE /* NewChatView.swift */ = {isa = PBXFileReference; lastKnownFileType = sourcecode.swift; path = NewChatView.swift; sourceTree = "<group>"; };
		8401C883252824DD00A722CE /* NewChatViewModel.swift */ = {isa = PBXFileReference; lastKnownFileType = sourcecode.swift; path = NewChatViewModel.swift; sourceTree = "<group>"; };
		8401C8932529ABA600A722CE /* StickerGrid.swift */ = {isa = PBXFileReference; lastKnownFileType = sourcecode.swift; path = StickerGrid.swift; sourceTree = "<group>"; };
		8401C89D2529BE9D00A722CE /* DismissSTOnDragModifier.swift */ = {isa = PBXFileReference; lastKnownFileType = sourcecode.swift; path = DismissSTOnDragModifier.swift; sourceTree = "<group>"; };
		8401C8A12529C8DD00A722CE /* RichMessageEditor.swift */ = {isa = PBXFileReference; lastKnownFileType = sourcecode.swift; path = RichMessageEditor.swift; sourceTree = "<group>"; };
		8401C8A6252AB3C900A722CE /* SearchView.swift */ = {isa = PBXFileReference; lastKnownFileType = sourcecode.swift; path = SearchView.swift; sourceTree = "<group>"; };
		8401C8AA252AB45700A722CE /* SearchViewViewModel.swift */ = {isa = PBXFileReference; lastKnownFileType = sourcecode.swift; path = SearchViewViewModel.swift; sourceTree = "<group>"; };
		8401C8AE252AB57300A722CE /* Book.swift */ = {isa = PBXFileReference; lastKnownFileType = sourcecode.swift; path = Book.swift; sourceTree = "<group>"; };
		8401C8B8252ACAEF00A722CE /* BookCard.swift */ = {isa = PBXFileReference; lastKnownFileType = sourcecode.swift; path = BookCard.swift; sourceTree = "<group>"; };
		8401C8BC252ACC6400A722CE /* FloatExtension.swift */ = {isa = PBXFileReference; lastKnownFileType = sourcecode.swift; path = FloatExtension.swift; sourceTree = "<group>"; };
		8401C8C0252AD18500A722CE /* StarRating.swift */ = {isa = PBXFileReference; lastKnownFileType = sourcecode.swift; path = StarRating.swift; sourceTree = "<group>"; };
		8401C8C4252AD6B500A722CE /* BookGrid.swift */ = {isa = PBXFileReference; lastKnownFileType = sourcecode.swift; path = BookGrid.swift; sourceTree = "<group>"; };
		8401C8C8252B045400A722CE /* Segment.swift */ = {isa = PBXFileReference; lastKnownFileType = sourcecode.swift; path = Segment.swift; sourceTree = "<group>"; };
		8401C8CC252B09B900A722CE /* ExchangeBookCard.swift */ = {isa = PBXFileReference; lastKnownFileType = sourcecode.swift; path = ExchangeBookCard.swift; sourceTree = "<group>"; };
		8401C8D0252B09D400A722CE /* ExchangeBook.swift */ = {isa = PBXFileReference; lastKnownFileType = sourcecode.swift; path = ExchangeBook.swift; sourceTree = "<group>"; };
		8401C8D4252B0D1B00A722CE /* ExchangeBookList.swift */ = {isa = PBXFileReference; lastKnownFileType = sourcecode.swift; path = ExchangeBookList.swift; sourceTree = "<group>"; };
		8401C8D8252B10AB00A722CE /* SearchBookCard.swift */ = {isa = PBXFileReference; lastKnownFileType = sourcecode.swift; path = SearchBookCard.swift; sourceTree = "<group>"; };
		8401C8DC252B1B7500A722CE /* BookDetailView.swift */ = {isa = PBXFileReference; lastKnownFileType = sourcecode.swift; path = BookDetailView.swift; sourceTree = "<group>"; };
		8401C8FC252B252F00A722CE /* BookDetail.swift */ = {isa = PBXFileReference; lastKnownFileType = sourcecode.swift; path = BookDetail.swift; sourceTree = "<group>"; };
		8401C900252B2E9500A722CE /* BaseButtonStyle.swift */ = {isa = PBXFileReference; lastKnownFileType = sourcecode.swift; path = BaseButtonStyle.swift; sourceTree = "<group>"; };
		8401C90C252B670600A722CE /* Rating.swift */ = {isa = PBXFileReference; lastKnownFileType = sourcecode.swift; path = Rating.swift; sourceTree = "<group>"; };
		8401C912252B69BF00A722CE /* RatingCell.swift */ = {isa = PBXFileReference; lastKnownFileType = sourcecode.swift; path = RatingCell.swift; sourceTree = "<group>"; };
		8401C916252B6B7400A722CE /* BookDetailViewModel.swift */ = {isa = PBXFileReference; lastKnownFileType = sourcecode.swift; path = BookDetailViewModel.swift; sourceTree = "<group>"; };
		8401C920252C086300A722CE /* RatingView.swift */ = {isa = PBXFileReference; lastKnownFileType = sourcecode.swift; path = RatingView.swift; sourceTree = "<group>"; };
		8401C924252C095B00A722CE /* RatingDetail.swift */ = {isa = PBXFileReference; lastKnownFileType = sourcecode.swift; path = RatingDetail.swift; sourceTree = "<group>"; };
		8401C928252C0A1000A722CE /* RatingCriteria.swift */ = {isa = PBXFileReference; lastKnownFileType = sourcecode.swift; path = RatingCriteria.swift; sourceTree = "<group>"; };
		8401C92F252C1C4D00A722CE /* RatingViewModel.swift */ = {isa = PBXFileReference; lastKnownFileType = sourcecode.swift; path = RatingViewModel.swift; sourceTree = "<group>"; };
		8401C935252C658400A722CE /* BorrowBookCard.swift */ = {isa = PBXFileReference; lastKnownFileType = sourcecode.swift; path = BorrowBookCard.swift; sourceTree = "<group>"; };
		8401C939252C664800A722CE /* BorrowBook.swift */ = {isa = PBXFileReference; lastKnownFileType = sourcecode.swift; path = BorrowBook.swift; sourceTree = "<group>"; };
		8401C93D252C6AB000A722CE /* DistanceText.swift */ = {isa = PBXFileReference; lastKnownFileType = sourcecode.swift; path = DistanceText.swift; sourceTree = "<group>"; };
		8401C946252C6E7700A722CE /* BookStatusText.swift */ = {isa = PBXFileReference; lastKnownFileType = sourcecode.swift; path = BookStatusText.swift; sourceTree = "<group>"; };
		8401C94A252C71AA00A722CE /* BorrowListView.swift */ = {isa = PBXFileReference; lastKnownFileType = sourcecode.swift; path = BorrowListView.swift; sourceTree = "<group>"; };
		8401C94E252C71D100A722CE /* BorrowListViewModel.swift */ = {isa = PBXFileReference; lastKnownFileType = sourcecode.swift; path = BorrowListViewModel.swift; sourceTree = "<group>"; };
		8401C956252C7A9300A722CE /* SubmitRequestBorrowView.swift */ = {isa = PBXFileReference; lastKnownFileType = sourcecode.swift; path = SubmitRequestBorrowView.swift; sourceTree = "<group>"; };
		8401C95A252C7B4E00A722CE /* BorrowBookDetail.swift */ = {isa = PBXFileReference; lastKnownFileType = sourcecode.swift; path = BorrowBookDetail.swift; sourceTree = "<group>"; };
		8401C965252EAB9A00A722CE /* BorrowBookViewModel.swift */ = {isa = PBXFileReference; lastKnownFileType = sourcecode.swift; path = BorrowBookViewModel.swift; sourceTree = "<group>"; };
		8401C969252EB4AA00A722CE /* InputWithTitle.swift */ = {isa = PBXFileReference; lastKnownFileType = sourcecode.swift; path = InputWithTitle.swift; sourceTree = "<group>"; };
		8401C96D252EC32000A722CE /* BorrowBookFull.swift */ = {isa = PBXFileReference; lastKnownFileType = sourcecode.swift; path = BorrowBookFull.swift; sourceTree = "<group>"; };
		8414F242252187C3003CF799 /* NewsFeed.swift */ = {isa = PBXFileReference; lastKnownFileType = sourcecode.swift; path = NewsFeed.swift; sourceTree = "<group>"; };
		8414F24C25218D8E003CF799 /* NewsFeedCard.swift */ = {isa = PBXFileReference; lastKnownFileType = sourcecode.swift; path = NewsFeedCard.swift; sourceTree = "<group>"; };
		8414F2522521904B003CF799 /* CountTimeText.swift */ = {isa = PBXFileReference; lastKnownFileType = sourcecode.swift; path = CountTimeText.swift; sourceTree = "<group>"; };
		8414F25625219B7E003CF799 /* StickyButton.swift */ = {isa = PBXFileReference; lastKnownFileType = sourcecode.swift; path = StickyButton.swift; sourceTree = "<group>"; };
		8414F25A2521A1B1003CF799 /* IntExension.swift */ = {isa = PBXFileReference; lastKnownFileType = sourcecode.swift; path = IntExension.swift; sourceTree = "<group>"; };
		8414F2622521A52E003CF799 /* NewsFeedView.swift */ = {isa = PBXFileReference; lastKnownFileType = sourcecode.swift; path = NewsFeedView.swift; sourceTree = "<group>"; };
		8414F2662521D7EA003CF799 /* DummyData.swift */ = {isa = PBXFileReference; lastKnownFileType = sourcecode.swift; path = DummyData.swift; sourceTree = "<group>"; };
		8414F26A2521E484003CF799 /* TimeIntervalExtension.swift */ = {isa = PBXFileReference; lastKnownFileType = sourcecode.swift; path = TimeIntervalExtension.swift; sourceTree = "<group>"; };
		84360FFB2524409C009FF4BF /* ScreenExtension.swift */ = {isa = PBXFileReference; lastKnownFileType = sourcecode.swift; path = ScreenExtension.swift; sourceTree = "<group>"; };
		84360FFF25246A28009FF4BF /* PostDetailView.swift */ = {isa = PBXFileReference; lastKnownFileType = sourcecode.swift; path = PostDetailView.swift; sourceTree = "<group>"; };
		8436100325246A8C009FF4BF /* PostDetailViewModel.swift */ = {isa = PBXFileReference; lastKnownFileType = sourcecode.swift; path = PostDetailViewModel.swift; sourceTree = "<group>"; };
		8436100825246FC2009FF4BF /* BViewModifier.swift */ = {isa = PBXFileReference; lastKnownFileType = sourcecode.swift; path = BViewModifier.swift; sourceTree = "<group>"; };
		8436100E25247DD2009FF4BF /* Comment.swift */ = {isa = PBXFileReference; lastKnownFileType = sourcecode.swift; path = Comment.swift; sourceTree = "<group>"; };
		843610122524811D009FF4BF /* CommentCard.swift */ = {isa = PBXFileReference; lastKnownFileType = sourcecode.swift; path = CommentCard.swift; sourceTree = "<group>"; };
		843E5220252707E300B16995 /* ChatView.swift */ = {isa = PBXFileReference; lastKnownFileType = sourcecode.swift; path = ChatView.swift; sourceTree = "<group>"; };
		843E5225252708AD00B16995 /* ChatCell.swift */ = {isa = PBXFileReference; lastKnownFileType = sourcecode.swift; path = ChatCell.swift; sourceTree = "<group>"; };
		843E5229252708FA00B16995 /* Message.swift */ = {isa = PBXFileReference; lastKnownFileType = sourcecode.swift; path = Message.swift; sourceTree = "<group>"; };
		843E522D25270CD000B16995 /* ChatViewModel.swift */ = {isa = PBXFileReference; lastKnownFileType = sourcecode.swift; path = ChatViewModel.swift; sourceTree = "<group>"; };
		843E5237252713CB00B16995 /* SearchBar.swift */ = {isa = PBXFileReference; lastKnownFileType = sourcecode.swift; path = SearchBar.swift; sourceTree = "<group>"; };
		843E523B252714A900B16995 /* UIApplicationExtension.swift */ = {isa = PBXFileReference; lastKnownFileType = sourcecode.swift; path = UIApplicationExtension.swift; sourceTree = "<group>"; };
		843E523F252722D200B16995 /* DismissKeyboardOnDrag.swift */ = {isa = PBXFileReference; lastKnownFileType = sourcecode.swift; path = DismissKeyboardOnDrag.swift; sourceTree = "<group>"; };
		844119F82522E77D00AE31D8 /* Seperator.swift */ = {isa = PBXFileReference; lastKnownFileType = sourcecode.swift; path = Seperator.swift; sourceTree = "<group>"; };
		844119FC2522E80500AE31D8 /* EdgeInsetsExtension.swift */ = {isa = PBXFileReference; lastKnownFileType = sourcecode.swift; path = EdgeInsetsExtension.swift; sourceTree = "<group>"; };
		84411A002522EB8D00AE31D8 /* Loading.swift */ = {isa = PBXFileReference; lastKnownFileType = sourcecode.swift; path = Loading.swift; sourceTree = "<group>"; };
		84411A042523208000AE31D8 /* NewsFeedViewModel.swift */ = {isa = PBXFileReference; lastKnownFileType = sourcecode.swift; path = NewsFeedViewModel.swift; sourceTree = "<group>"; };
		84411A082523285400AE31D8 /* CreatePostView.swift */ = {isa = PBXFileReference; lastKnownFileType = sourcecode.swift; path = CreatePostView.swift; sourceTree = "<group>"; };
		84411A0F25232B7E00AE31D8 /* CreatePostViewModel.swift */ = {isa = PBXFileReference; lastKnownFileType = sourcecode.swift; path = CreatePostViewModel.swift; sourceTree = "<group>"; };
		84411A152523310B00AE31D8 /* QuoteEditor.swift */ = {isa = PBXFileReference; lastKnownFileType = sourcecode.swift; path = QuoteEditor.swift; sourceTree = "<group>"; };
		84411A242523331D00AE31D8 /* BoundTracking.swift */ = {isa = PBXFileReference; lastKnownFileType = sourcecode.swift; path = BoundTracking.swift; sourceTree = "<group>"; };
		84411A28252337C900AE31D8 /* ViewExtension.swift */ = {isa = PBXFileReference; lastKnownFileType = sourcecode.swift; path = ViewExtension.swift; sourceTree = "<group>"; };
		84411A2C2523409E00AE31D8 /* TextExtension.swift */ = {isa = PBXFileReference; lastKnownFileType = sourcecode.swift; path = TextExtension.swift; sourceTree = "<group>"; };
		845DB4B9252369950019C29B /* StrokeBorderStyle.swift */ = {isa = PBXFileReference; lastKnownFileType = sourcecode.swift; path = StrokeBorderStyle.swift; sourceTree = "<group>"; };
		845DB4C3252374190019C29B /* BookCategoryView.swift */ = {isa = PBXFileReference; lastKnownFileType = sourcecode.swift; path = BookCategoryView.swift; sourceTree = "<group>"; };
		845DB4C7252377B90019C29B /* BookCategoryViewModel.swift */ = {isa = PBXFileReference; lastKnownFileType = sourcecode.swift; path = BookCategoryViewModel.swift; sourceTree = "<group>"; };
		845DB4CB25237ED20019C29B /* ImagePicker.swift */ = {isa = PBXFileReference; lastKnownFileType = sourcecode.swift; path = ImagePicker.swift; sourceTree = "<group>"; };
		845DB4CF252385240019C29B /* ViewFullPhoto.swift */ = {isa = PBXFileReference; lastKnownFileType = sourcecode.swift; path = ViewFullPhoto.swift; sourceTree = "<group>"; };
		845DB4D3252386390019C29B /* ZoomableScroolView.swift */ = {isa = PBXFileReference; lastKnownFileType = sourcecode.swift; path = ZoomableScroolView.swift; sourceTree = "<group>"; };
		847BBAC52521EEB900E0500D /* AppManager.swift */ = {isa = PBXFileReference; lastKnownFileType = sourcecode.swift; path = AppManager.swift; sourceTree = "<group>"; };
		84AA95C4251B01C80029BB1E /* ColorExtension.swift */ = {isa = PBXFileReference; lastKnownFileType = sourcecode.swift; path = ColorExtension.swift; sourceTree = "<group>"; };
		84AA95EE251B45320029BB1E /* ProfileViewModel.swift */ = {isa = PBXFileReference; fileEncoding = 4; lastKnownFileType = sourcecode.swift; path = ProfileViewModel.swift; sourceTree = "<group>"; };
		84AA95F2251B453F0029BB1E /* Profile.swift */ = {isa = PBXFileReference; fileEncoding = 4; lastKnownFileType = sourcecode.swift; path = Profile.swift; sourceTree = "<group>"; };
		84AA960A251B469F0029BB1E /* User.swift */ = {isa = PBXFileReference; lastKnownFileType = sourcecode.swift; path = User.swift; sourceTree = "<group>"; };
		84AA961A251B47640029BB1E /* Account.swift */ = {isa = PBXFileReference; lastKnownFileType = sourcecode.swift; path = Account.swift; sourceTree = "<group>"; };
		84AA9620251B480C0029BB1E /* ItemContent.swift */ = {isa = PBXFileReference; lastKnownFileType = sourcecode.swift; path = ItemContent.swift; sourceTree = "<group>"; };
		84AA967C251F92530029BB1E /* Media.xcassets */ = {isa = PBXFileReference; lastKnownFileType = folder.assetcatalog; path = Media.xcassets; sourceTree = "<group>"; };
		84AA9680251F928A0029BB1E /* ProfileView.swift */ = {isa = PBXFileReference; lastKnownFileType = sourcecode.swift; path = ProfileView.swift; sourceTree = "<group>"; };
		84AA9684251F96320029BB1E /* GlobalVariable.swift */ = {isa = PBXFileReference; lastKnownFileType = sourcecode.swift; path = GlobalVariable.swift; sourceTree = "<group>"; };
		84AA9688251F96CC0029BB1E /* BButton.swift */ = {isa = PBXFileReference; lastKnownFileType = sourcecode.swift; path = BButton.swift; sourceTree = "<group>"; };
		84AA968C251F96F70029BB1E /* FullRadiusShadowButtonStyle.swift */ = {isa = PBXFileReference; lastKnownFileType = sourcecode.swift; path = FullRadiusShadowButtonStyle.swift; sourceTree = "<group>"; };
		84AA9696251F99470029BB1E /* CircleImage.swift */ = {isa = PBXFileReference; lastKnownFileType = sourcecode.swift; path = CircleImage.swift; sourceTree = "<group>"; };
		84AA96A0252054820029BB1E /* Roboto-BoldItalic.ttf */ = {isa = PBXFileReference; lastKnownFileType = file; path = "Roboto-BoldItalic.ttf"; sourceTree = "<group>"; };
		84AA96A1252054820029BB1E /* Roboto-Italic.ttf */ = {isa = PBXFileReference; lastKnownFileType = file; path = "Roboto-Italic.ttf"; sourceTree = "<group>"; };
		84AA96A2252054820029BB1E /* Roboto-ThinItalic.ttf */ = {isa = PBXFileReference; lastKnownFileType = file; path = "Roboto-ThinItalic.ttf"; sourceTree = "<group>"; };
		84AA96A3252054820029BB1E /* Pattaya-Regular.ttf */ = {isa = PBXFileReference; lastKnownFileType = file; path = "Pattaya-Regular.ttf"; sourceTree = "<group>"; };
		84AA96A4252054820029BB1E /* Roboto-Black.ttf */ = {isa = PBXFileReference; lastKnownFileType = file; path = "Roboto-Black.ttf"; sourceTree = "<group>"; };
		84AA96A5252054820029BB1E /* Roboto-Thin.ttf */ = {isa = PBXFileReference; lastKnownFileType = file; path = "Roboto-Thin.ttf"; sourceTree = "<group>"; };
		84AA96A6252054820029BB1E /* Roboto-LightItalic.ttf */ = {isa = PBXFileReference; lastKnownFileType = file; path = "Roboto-LightItalic.ttf"; sourceTree = "<group>"; };
		84AA96A7252054820029BB1E /* Roboto-Medium.ttf */ = {isa = PBXFileReference; lastKnownFileType = file; path = "Roboto-Medium.ttf"; sourceTree = "<group>"; };
		84AA96A8252054820029BB1E /* Roboto-Regular.ttf */ = {isa = PBXFileReference; lastKnownFileType = file; path = "Roboto-Regular.ttf"; sourceTree = "<group>"; };
		84AA96A9252054820029BB1E /* Roboto-BlackItalic.ttf */ = {isa = PBXFileReference; lastKnownFileType = file; path = "Roboto-BlackItalic.ttf"; sourceTree = "<group>"; };
		84AA96AA252054820029BB1E /* Roboto-MediumItalic.ttf */ = {isa = PBXFileReference; lastKnownFileType = file; path = "Roboto-MediumItalic.ttf"; sourceTree = "<group>"; };
		84AA96AB252054820029BB1E /* Roboto-Bold.ttf */ = {isa = PBXFileReference; lastKnownFileType = file; path = "Roboto-Bold.ttf"; sourceTree = "<group>"; };
		84AA96AC252054820029BB1E /* Roboto-Light.ttf */ = {isa = PBXFileReference; lastKnownFileType = file; path = "Roboto-Light.ttf"; sourceTree = "<group>"; };
		84B964EB2525C6BB00F37571 /* NotifyView.swift */ = {isa = PBXFileReference; lastKnownFileType = sourcecode.swift; path = NotifyView.swift; sourceTree = "<group>"; };
		84B964EF2525C6D400F37571 /* NotifyCard.swift */ = {isa = PBXFileReference; lastKnownFileType = sourcecode.swift; path = NotifyCard.swift; sourceTree = "<group>"; };
		84B964F32525C6E600F37571 /* Notify.swift */ = {isa = PBXFileReference; lastKnownFileType = sourcecode.swift; path = Notify.swift; sourceTree = "<group>"; };
		84B964F72525CBBD00F37571 /* NotifyViewModel.swift */ = {isa = PBXFileReference; lastKnownFileType = sourcecode.swift; path = NotifyViewModel.swift; sourceTree = "<group>"; };
		84B964FB2526063F00F37571 /* CoreMessageEditor.swift */ = {isa = PBXFileReference; lastKnownFileType = sourcecode.swift; path = CoreMessageEditor.swift; sourceTree = "<group>"; };
		84FA98F62518616E00CB92CB /* Interface.framework */ = {isa = PBXFileReference; explicitFileType = wrapper.framework; includeInIndex = 0; path = Interface.framework; sourceTree = BUILT_PRODUCTS_DIR; };
		84FA98F92518616E00CB92CB /* Interface.h */ = {isa = PBXFileReference; lastKnownFileType = sourcecode.c.h; path = Interface.h; sourceTree = "<group>"; };
		84FA98FA2518616E00CB92CB /* Info.plist */ = {isa = PBXFileReference; lastKnownFileType = text.plist.xml; path = Info.plist; sourceTree = "<group>"; };
		84FA98FF2518616E00CB92CB /* InterfaceTests.xctest */ = {isa = PBXFileReference; explicitFileType = wrapper.cfbundle; includeInIndex = 0; path = InterfaceTests.xctest; sourceTree = BUILT_PRODUCTS_DIR; };
		84FA99042518616E00CB92CB /* InterfaceTests.swift */ = {isa = PBXFileReference; lastKnownFileType = sourcecode.swift; path = InterfaceTests.swift; sourceTree = "<group>"; };
		84FA99062518616E00CB92CB /* Info.plist */ = {isa = PBXFileReference; lastKnownFileType = text.plist.xml; path = Info.plist; sourceTree = "<group>"; };
		84FA99172518619900CB92CB /* Launch.swift */ = {isa = PBXFileReference; lastKnownFileType = sourcecode.swift; path = Launch.swift; sourceTree = "<group>"; };
		84FB37102525622000B8581F /* ExceptionView.swift */ = {isa = PBXFileReference; lastKnownFileType = sourcecode.swift; path = ExceptionView.swift; sourceTree = "<group>"; };
/* End PBXFileReference section */

/* Begin PBXFrameworksBuildPhase section */
		84FA98F32518616E00CB92CB /* Frameworks */ = {
			isa = PBXFrameworksBuildPhase;
			buildActionMask = 2147483647;
			files = (
			);
			runOnlyForDeploymentPostprocessing = 0;
		};
		84FA98FC2518616E00CB92CB /* Frameworks */ = {
			isa = PBXFrameworksBuildPhase;
			buildActionMask = 2147483647;
			files = (
				84FA99002518616E00CB92CB /* Interface.framework in Frameworks */,
			);
			runOnlyForDeploymentPostprocessing = 0;
		};
/* End PBXFrameworksBuildPhase section */

/* Begin PBXGroup section */
		8401C8A5252AB39800A722CE /* Books */ = {
			isa = PBXGroup;
			children = (
				8401C92C252C0E4700A722CE /* SubItem */,
				8401C8A6252AB3C900A722CE /* SearchView.swift */,
				8401C8D4252B0D1B00A722CE /* ExchangeBookList.swift */,
				8401C8DC252B1B7500A722CE /* BookDetailView.swift */,
				8401C920252C086300A722CE /* RatingView.swift */,
				8401C94A252C71AA00A722CE /* BorrowListView.swift */,
				8401C956252C7A9300A722CE /* SubmitRequestBorrowView.swift */,
			);
			path = Books;
			sourceTree = "<group>";
		};
		8401C92C252C0E4700A722CE /* SubItem */ = {
			isa = PBXGroup;
			children = (
				8401C8CC252B09B900A722CE /* ExchangeBookCard.swift */,
				8401C8B8252ACAEF00A722CE /* BookCard.swift */,
				8401C912252B69BF00A722CE /* RatingCell.swift */,
				8401C8D8252B10AB00A722CE /* SearchBookCard.swift */,
				8401C935252C658400A722CE /* BorrowBookCard.swift */,
			);
			path = SubItem;
			sourceTree = "<group>";
		};
		8401C941252C6AB600A722CE /* RichText */ = {
			isa = PBXGroup;
			children = (
				8401C93D252C6AB000A722CE /* DistanceText.swift */,
				8414F2522521904B003CF799 /* CountTimeText.swift */,
				8401C946252C6E7700A722CE /* BookStatusText.swift */,
			);
			path = RichText;
			sourceTree = "<group>";
		};
		8401C95E252EAABA00A722CE /* News */ = {
			isa = PBXGroup;
			children = (
				845DB4C7252377B90019C29B /* BookCategoryViewModel.swift */,
				84411A042523208000AE31D8 /* NewsFeedViewModel.swift */,
				84411A0F25232B7E00AE31D8 /* CreatePostViewModel.swift */,
				8436100325246A8C009FF4BF /* PostDetailViewModel.swift */,
			);
			path = News;
			sourceTree = "<group>";
		};
		8401C95F252EAAFB00A722CE /* Books */ = {
			isa = PBXGroup;
			children = (
				8401C8AA252AB45700A722CE /* SearchViewViewModel.swift */,
				8401C916252B6B7400A722CE /* BookDetailViewModel.swift */,
				8401C92F252C1C4D00A722CE /* RatingViewModel.swift */,
				8401C94E252C71D100A722CE /* BorrowListViewModel.swift */,
				8401C965252EAB9A00A722CE /* BorrowBookViewModel.swift */,
			);
			path = Books;
			sourceTree = "<group>";
		};
		8401C962252EAB4A00A722CE /* Chat */ = {
			isa = PBXGroup;
			children = (
				843E522D25270CD000B16995 /* ChatViewModel.swift */,
				8401C87525275EBD00A722CE /* InChatViewModel.swift */,
				8401C883252824DD00A722CE /* NewChatViewModel.swift */,
			);
			path = Chat;
			sourceTree = "<group>";
		};
		8436100725246F9F009FF4BF /* Modifier */ = {
			isa = PBXGroup;
			children = (
				8436100825246FC2009FF4BF /* BViewModifier.swift */,
				843E523F252722D200B16995 /* DismissKeyboardOnDrag.swift */,
				8401C89D2529BE9D00A722CE /* DismissSTOnDragModifier.swift */,
			);
			path = Modifier;
			sourceTree = "<group>";
		};
		843E5224252707F300B16995 /* Chat */ = {
			isa = PBXGroup;
			children = (
				843E5220252707E300B16995 /* ChatView.swift */,
				843E5225252708AD00B16995 /* ChatCell.swift */,
				8401C8792528129300A722CE /* SearchUserItem.swift */,
				8401C87F2528243A00A722CE /* NewChatView.swift */,
				8401C86D252758BD00A722CE /* InChatView.swift */,
				8401C8712527590D00A722CE /* MessageCel.swift */,
			);
			path = Chat;
			sourceTree = "<group>";
		};
		843E52432527235100B16995 /* News */ = {
			isa = PBXGroup;
			children = (
				8414F2622521A52E003CF799 /* NewsFeedView.swift */,
				8414F24C25218D8E003CF799 /* NewsFeedCard.swift */,
				84411A082523285400AE31D8 /* CreatePostView.swift */,
				84360FFF25246A28009FF4BF /* PostDetailView.swift */,
				843610122524811D009FF4BF /* CommentCard.swift */,
			);
			path = News;
			sourceTree = "<group>";
		};
		843E5244252723AD00B16995 /* Notify */ = {
			isa = PBXGroup;
			children = (
				84B964EB2525C6BB00F37571 /* NotifyView.swift */,
				84B964EF2525C6D400F37571 /* NotifyCard.swift */,
			);
			path = Notify;
			sourceTree = "<group>";
		};
		84411A0C2523299D00AE31D8 /* Button */ = {
			isa = PBXGroup;
			children = (
				84AA9688251F96CC0029BB1E /* BButton.swift */,
				84AA968C251F96F70029BB1E /* FullRadiusShadowButtonStyle.swift */,
				8414F25625219B7E003CF799 /* StickyButton.swift */,
				845DB4B9252369950019C29B /* StrokeBorderStyle.swift */,
				8401C900252B2E9500A722CE /* BaseButtonStyle.swift */,
			);
			path = Button;
			sourceTree = "<group>";
		};
		84411A192523328700AE31D8 /* Tracking */ = {
			isa = PBXGroup;
			children = (
				84411A242523331D00AE31D8 /* BoundTracking.swift */,
			);
			path = Tracking;
			sourceTree = "<group>";
		};
		84AA95A9251AF08D0029BB1E /* Views */ = {
			isa = PBXGroup;
			children = (
				8401C8A5252AB39800A722CE /* Books */,
				843E5244252723AD00B16995 /* Notify */,
				843E52432527235100B16995 /* News */,
				843E5224252707F300B16995 /* Chat */,
				84AA95AA251AF0980029BB1E /* Components */,
				84AA9680251F928A0029BB1E /* ProfileView.swift */,
				845DB4C3252374190019C29B /* BookCategoryView.swift */,
				845DB4CF252385240019C29B /* ViewFullPhoto.swift */,
				84FB37102525622000B8581F /* ExceptionView.swift */,
			);
			path = Views;
			sourceTree = "<group>";
		};
		84AA95AA251AF0980029BB1E /* Components */ = {
			isa = PBXGroup;
			children = (
				8401C941252C6AB600A722CE /* RichText */,
				8436100725246F9F009FF4BF /* Modifier */,
				84411A192523328700AE31D8 /* Tracking */,
				84411A0C2523299D00AE31D8 /* Button */,
				84AA9620251B480C0029BB1E /* ItemContent.swift */,
				844119F82522E77D00AE31D8 /* Seperator.swift */,
				84411A002522EB8D00AE31D8 /* Loading.swift */,
				84411A152523310B00AE31D8 /* QuoteEditor.swift */,
				845DB4CB25237ED20019C29B /* ImagePicker.swift */,
				845DB4D3252386390019C29B /* ZoomableScroolView.swift */,
				84B964FB2526063F00F37571 /* CoreMessageEditor.swift */,
				843E5237252713CB00B16995 /* SearchBar.swift */,
				8401C8932529ABA600A722CE /* StickerGrid.swift */,
				8401C8A12529C8DD00A722CE /* RichMessageEditor.swift */,
				8401C8C0252AD18500A722CE /* StarRating.swift */,
				8401C8C4252AD6B500A722CE /* BookGrid.swift */,
				8401C8C8252B045400A722CE /* Segment.swift */,
				8401C969252EB4AA00A722CE /* InputWithTitle.swift */,
			);
			path = Components;
			sourceTree = "<group>";
		};
		84AA95B8251AFBE60029BB1E /* ViewModels */ = {
			isa = PBXGroup;
			children = (
				8401C95E252EAABA00A722CE /* News */,
				84AA95EE251B45320029BB1E /* ProfileViewModel.swift */,
				847BBAC52521EEB900E0500D /* AppManager.swift */,
				84B964F72525CBBD00F37571 /* NotifyViewModel.swift */,
				8401C962252EAB4A00A722CE /* Chat */,
				8401C95F252EAAFB00A722CE /* Books */,
			);
			path = ViewModels;
			sourceTree = "<group>";
		};
		84AA95B9251AFBF00029BB1E /* Models */ = {
			isa = PBXGroup;
			children = (
				84AA95F2251B453F0029BB1E /* Profile.swift */,
				84AA960A251B469F0029BB1E /* User.swift */,
				84AA961A251B47640029BB1E /* Account.swift */,
				8414F242252187C3003CF799 /* NewsFeed.swift */,
				8436100E25247DD2009FF4BF /* Comment.swift */,
				84B964F32525C6E600F37571 /* Notify.swift */,
				843E5229252708FA00B16995 /* Message.swift */,
				8401C8AE252AB57300A722CE /* Book.swift */,
				8401C8FC252B252F00A722CE /* BookDetail.swift */,
				8401C8D0252B09D400A722CE /* ExchangeBook.swift */,
				8401C90C252B670600A722CE /* Rating.swift */,
				8401C924252C095B00A722CE /* RatingDetail.swift */,
				8401C928252C0A1000A722CE /* RatingCriteria.swift */,
				8401C939252C664800A722CE /* BorrowBook.swift */,
				8401C95A252C7B4E00A722CE /* BorrowBookDetail.swift */,
				8401C96D252EC32000A722CE /* BorrowBookFull.swift */,
			);
			path = Models;
			sourceTree = "<group>";
		};
		84AA95C3251B01B70029BB1E /* Helper */ = {
			isa = PBXGroup;
			children = (
				8414F2662521D7EA003CF799 /* DummyData.swift */,
				84AA95C4251B01C80029BB1E /* ColorExtension.swift */,
				84AA9684251F96320029BB1E /* GlobalVariable.swift */,
				84AA9696251F99470029BB1E /* CircleImage.swift */,
				8414F25A2521A1B1003CF799 /* IntExension.swift */,
				8414F26A2521E484003CF799 /* TimeIntervalExtension.swift */,
				844119FC2522E80500AE31D8 /* EdgeInsetsExtension.swift */,
				84411A28252337C900AE31D8 /* ViewExtension.swift */,
				84411A2C2523409E00AE31D8 /* TextExtension.swift */,
				84360FFB2524409C009FF4BF /* ScreenExtension.swift */,
				843E523B252714A900B16995 /* UIApplicationExtension.swift */,
				8401C8BC252ACC6400A722CE /* FloatExtension.swift */,
			);
			path = Helper;
			sourceTree = "<group>";
		};
		84AA969C252053DF0029BB1E /* Resource */ = {
			isa = PBXGroup;
			children = (
				84AA969D252053E70029BB1E /* Fonts */,
			);
			path = Resource;
			sourceTree = "<group>";
		};
		84AA969D252053E70029BB1E /* Fonts */ = {
			isa = PBXGroup;
			children = (
				84AA96A3252054820029BB1E /* Pattaya-Regular.ttf */,
				84AA96A4252054820029BB1E /* Roboto-Black.ttf */,
				84AA96A9252054820029BB1E /* Roboto-BlackItalic.ttf */,
				84AA96AB252054820029BB1E /* Roboto-Bold.ttf */,
				84AA96A0252054820029BB1E /* Roboto-BoldItalic.ttf */,
				84AA96A1252054820029BB1E /* Roboto-Italic.ttf */,
				84AA96AC252054820029BB1E /* Roboto-Light.ttf */,
				84AA96A6252054820029BB1E /* Roboto-LightItalic.ttf */,
				84AA96A7252054820029BB1E /* Roboto-Medium.ttf */,
				84AA96AA252054820029BB1E /* Roboto-MediumItalic.ttf */,
				84AA96A8252054820029BB1E /* Roboto-Regular.ttf */,
				84AA96A5252054820029BB1E /* Roboto-Thin.ttf */,
				84AA96A2252054820029BB1E /* Roboto-ThinItalic.ttf */,
			);
			path = Fonts;
			sourceTree = "<group>";
		};
		84FA98EC2518616E00CB92CB = {
			isa = PBXGroup;
			children = (
				84AA967C251F92530029BB1E /* Media.xcassets */,
				84FA98F82518616E00CB92CB /* Interface */,
				84FA99032518616E00CB92CB /* InterfaceTests */,
				84FA98F72518616E00CB92CB /* Products */,
			);
			sourceTree = "<group>";
		};
		84FA98F72518616E00CB92CB /* Products */ = {
			isa = PBXGroup;
			children = (
				84FA98F62518616E00CB92CB /* Interface.framework */,
				84FA98FF2518616E00CB92CB /* InterfaceTests.xctest */,
			);
			name = Products;
			sourceTree = "<group>";
		};
		84FA98F82518616E00CB92CB /* Interface */ = {
			isa = PBXGroup;
			children = (
				84AA969C252053DF0029BB1E /* Resource */,
				84AA95C3251B01B70029BB1E /* Helper */,
				84AA95B9251AFBF00029BB1E /* Models */,
				84AA95B8251AFBE60029BB1E /* ViewModels */,
				84AA95A9251AF08D0029BB1E /* Views */,
				84FA98F92518616E00CB92CB /* Interface.h */,
				84FA98FA2518616E00CB92CB /* Info.plist */,
				84FA99172518619900CB92CB /* Launch.swift */,
			);
			path = Interface;
			sourceTree = "<group>";
		};
		84FA99032518616E00CB92CB /* InterfaceTests */ = {
			isa = PBXGroup;
			children = (
				84FA99042518616E00CB92CB /* InterfaceTests.swift */,
				84FA99062518616E00CB92CB /* Info.plist */,
			);
			path = InterfaceTests;
			sourceTree = "<group>";
		};
/* End PBXGroup section */

/* Begin PBXHeadersBuildPhase section */
		84FA98F12518616E00CB92CB /* Headers */ = {
			isa = PBXHeadersBuildPhase;
			buildActionMask = 2147483647;
			files = (
				84FA99072518616E00CB92CB /* Interface.h in Headers */,
			);
			runOnlyForDeploymentPostprocessing = 0;
		};
/* End PBXHeadersBuildPhase section */

/* Begin PBXNativeTarget section */
		84FA98F52518616E00CB92CB /* Interface */ = {
			isa = PBXNativeTarget;
			buildConfigurationList = 84FA990A2518616E00CB92CB /* Build configuration list for PBXNativeTarget "Interface" */;
			buildPhases = (
				84FA98F12518616E00CB92CB /* Headers */,
				84FA98F22518616E00CB92CB /* Sources */,
				84FA98F32518616E00CB92CB /* Frameworks */,
				84FA98F42518616E00CB92CB /* Resources */,
			);
			buildRules = (
			);
			dependencies = (
			);
			name = Interface;
			productName = Interface;
			productReference = 84FA98F62518616E00CB92CB /* Interface.framework */;
			productType = "com.apple.product-type.framework";
		};
		84FA98FE2518616E00CB92CB /* InterfaceTests */ = {
			isa = PBXNativeTarget;
			buildConfigurationList = 84FA990D2518616E00CB92CB /* Build configuration list for PBXNativeTarget "InterfaceTests" */;
			buildPhases = (
				84FA98FB2518616E00CB92CB /* Sources */,
				84FA98FC2518616E00CB92CB /* Frameworks */,
				84FA98FD2518616E00CB92CB /* Resources */,
			);
			buildRules = (
			);
			dependencies = (
				84FA99022518616E00CB92CB /* PBXTargetDependency */,
			);
			name = InterfaceTests;
			productName = InterfaceTests;
			productReference = 84FA98FF2518616E00CB92CB /* InterfaceTests.xctest */;
			productType = "com.apple.product-type.bundle.unit-test";
		};
/* End PBXNativeTarget section */

/* Begin PBXProject section */
		84FA98ED2518616E00CB92CB /* Project object */ = {
			isa = PBXProject;
			attributes = {
				LastSwiftUpdateCheck = 1200;
				LastUpgradeCheck = 1200;
				TargetAttributes = {
					84FA98F52518616E00CB92CB = {
						CreatedOnToolsVersion = 12.0;
						LastSwiftMigration = 1200;
					};
					84FA98FE2518616E00CB92CB = {
						CreatedOnToolsVersion = 12.0;
					};
				};
			};
			buildConfigurationList = 84FA98F02518616E00CB92CB /* Build configuration list for PBXProject "Interface" */;
			compatibilityVersion = "Xcode 9.3";
			developmentRegion = en;
			hasScannedForEncodings = 0;
			knownRegions = (
				en,
				Base,
			);
			mainGroup = 84FA98EC2518616E00CB92CB;
			productRefGroup = 84FA98F72518616E00CB92CB /* Products */;
			projectDirPath = "";
			projectRoot = "";
			targets = (
				84FA98F52518616E00CB92CB /* Interface */,
				84FA98FE2518616E00CB92CB /* InterfaceTests */,
			);
		};
/* End PBXProject section */

/* Begin PBXResourcesBuildPhase section */
		84FA98F42518616E00CB92CB /* Resources */ = {
			isa = PBXResourcesBuildPhase;
			buildActionMask = 2147483647;
			files = (
				84AA96B2252054820029BB1E /* Roboto-Thin.ttf in Resources */,
				84AA96B8252054820029BB1E /* Roboto-Bold.ttf in Resources */,
				84AA96B0252054820029BB1E /* Pattaya-Regular.ttf in Resources */,
				84AA96B5252054820029BB1E /* Roboto-Regular.ttf in Resources */,
				84AA96B9252054820029BB1E /* Roboto-Light.ttf in Resources */,
				84AA96B3252054820029BB1E /* Roboto-LightItalic.ttf in Resources */,
				84AA96B7252054820029BB1E /* Roboto-MediumItalic.ttf in Resources */,
				84AA96AF252054820029BB1E /* Roboto-ThinItalic.ttf in Resources */,
				84AA96AD252054820029BB1E /* Roboto-BoldItalic.ttf in Resources */,
				84AA96B6252054820029BB1E /* Roboto-BlackItalic.ttf in Resources */,
				84AA96AE252054820029BB1E /* Roboto-Italic.ttf in Resources */,
				84AA967D251F92530029BB1E /* Media.xcassets in Resources */,
				84AA96B1252054820029BB1E /* Roboto-Black.ttf in Resources */,
				84AA96B4252054820029BB1E /* Roboto-Medium.ttf in Resources */,
			);
			runOnlyForDeploymentPostprocessing = 0;
		};
		84FA98FD2518616E00CB92CB /* Resources */ = {
			isa = PBXResourcesBuildPhase;
			buildActionMask = 2147483647;
			files = (
			);
			runOnlyForDeploymentPostprocessing = 0;
		};
/* End PBXResourcesBuildPhase section */

/* Begin PBXSourcesBuildPhase section */
		84FA98F22518616E00CB92CB /* Sources */ = {
			isa = PBXSourcesBuildPhase;
			buildActionMask = 2147483647;
			files = (
				8401C8AB252AB45700A722CE /* SearchViewViewModel.swift in Sources */,
				8414F25725219B7E003CF799 /* StickyButton.swift in Sources */,
				8401C93A252C664800A722CE /* BorrowBook.swift in Sources */,
				84411A162523310B00AE31D8 /* QuoteEditor.swift in Sources */,
				84B964F42525C6E600F37571 /* Notify.swift in Sources */,
				8401C95B252C7B4E00A722CE /* BorrowBookDetail.swift in Sources */,
				8401C936252C658400A722CE /* BorrowBookCard.swift in Sources */,
				84411A2D2523409E00AE31D8 /* TextExtension.swift in Sources */,
				847BBAC62521EEB900E0500D /* AppManager.swift in Sources */,
				84B964FC2526063F00F37571 /* CoreMessageEditor.swift in Sources */,
				84B964F82525CBBD00F37571 /* NotifyViewModel.swift in Sources */,
				8401C8BD252ACC6400A722CE /* FloatExtension.swift in Sources */,
				84411A092523285400AE31D8 /* CreatePostView.swift in Sources */,
				8401C8942529ABA600A722CE /* StickerGrid.swift in Sources */,
				8401C8D9252B10AB00A722CE /* SearchBookCard.swift in Sources */,
				8401C8A22529C8DD00A722CE /* RichMessageEditor.swift in Sources */,
				8401C8A7252AB3C900A722CE /* SearchView.swift in Sources */,
				8414F243252187C3003CF799 /* NewsFeed.swift in Sources */,
				843E522A252708FA00B16995 /* Message.swift in Sources */,
				843E522E25270CD000B16995 /* ChatViewModel.swift in Sources */,
				84AA9681251F928A0029BB1E /* ProfileView.swift in Sources */,
				8401C8AF252AB57300A722CE /* Book.swift in Sources */,
				84AA968D251F96F70029BB1E /* FullRadiusShadowButtonStyle.swift in Sources */,
				84AA9621251B480C0029BB1E /* ItemContent.swift in Sources */,
				8401C8C9252B045400A722CE /* Segment.swift in Sources */,
				843610132524811D009FF4BF /* CommentCard.swift in Sources */,
				8401C930252C1C4D00A722CE /* RatingViewModel.swift in Sources */,
				8436100425246A8C009FF4BF /* PostDetailViewModel.swift in Sources */,
				8401C96E252EC32100A722CE /* BorrowBookFull.swift in Sources */,
				84AA95EF251B45320029BB1E /* ProfileViewModel.swift in Sources */,
				843E523C252714A900B16995 /* UIApplicationExtension.swift in Sources */,
				8401C86E252758BD00A722CE /* InChatView.swift in Sources */,
				8401C921252C086300A722CE /* RatingView.swift in Sources */,
				8436100925246FC2009FF4BF /* BViewModifier.swift in Sources */,
				8401C8722527590D00A722CE /* MessageCel.swift in Sources */,
				8401C917252B6B7400A722CE /* BookDetailViewModel.swift in Sources */,
				844119F92522E77D00AE31D8 /* Seperator.swift in Sources */,
				84411A052523208000AE31D8 /* NewsFeedViewModel.swift in Sources */,
				8401C884252824DD00A722CE /* NewChatViewModel.swift in Sources */,
				84411A252523331D00AE31D8 /* BoundTracking.swift in Sources */,
				8401C947252C6E7700A722CE /* BookStatusText.swift in Sources */,
				844119FD2522E80500AE31D8 /* EdgeInsetsExtension.swift in Sources */,
				8401C8802528243A00A722CE /* NewChatView.swift in Sources */,
				845DB4BA252369950019C29B /* StrokeBorderStyle.swift in Sources */,
				8401C901252B2E9500A722CE /* BaseButtonStyle.swift in Sources */,
				84FB37112525622000B8581F /* ExceptionView.swift in Sources */,
				845DB4D4252386390019C29B /* ZoomableScroolView.swift in Sources */,
				8401C94F252C71D100A722CE /* BorrowListViewModel.swift in Sources */,
				8414F25B2521A1B1003CF799 /* IntExension.swift in Sources */,
				84AA95F3251B453F0029BB1E /* Profile.swift in Sources */,
				845DB4CC25237ED20019C29B /* ImagePicker.swift in Sources */,
				84AA9697251F99470029BB1E /* CircleImage.swift in Sources */,
				8401C94B252C71AA00A722CE /* BorrowListView.swift in Sources */,
				8401C925252C095B00A722CE /* RatingDetail.swift in Sources */,
				8414F2672521D7EA003CF799 /* DummyData.swift in Sources */,
				8401C8D1252B09D400A722CE /* ExchangeBook.swift in Sources */,
				8401C8D5252B0D1B00A722CE /* ExchangeBookList.swift in Sources */,
				8436100025246A28009FF4BF /* PostDetailView.swift in Sources */,
				8401C913252B69BF00A722CE /* RatingCell.swift in Sources */,
				8401C89E2529BE9D00A722CE /* DismissSTOnDragModifier.swift in Sources */,
				84AA9685251F96320029BB1E /* GlobalVariable.swift in Sources */,
				8414F26B2521E484003CF799 /* TimeIntervalExtension.swift in Sources */,
				84B964F02525C6D400F37571 /* NotifyCard.swift in Sources */,
				845DB4C4252374190019C29B /* BookCategoryView.swift in Sources */,
				84411A1025232B7E00AE31D8 /* CreatePostViewModel.swift in Sources */,
				8414F2532521904B003CF799 /* CountTimeText.swift in Sources */,
				84FA99182518619900CB92CB /* Launch.swift in Sources */,
				845DB4D0252385240019C29B /* ViewFullPhoto.swift in Sources */,
				8436100F25247DD2009FF4BF /* Comment.swift in Sources */,
				8401C8DD252B1B7500A722CE /* BookDetailView.swift in Sources */,
				8401C8CD252B09B900A722CE /* ExchangeBookCard.swift in Sources */,
				8401C966252EAB9A00A722CE /* BorrowBookViewModel.swift in Sources */,
				843E5226252708AD00B16995 /* ChatCell.swift in Sources */,
				843E5238252713CB00B16995 /* SearchBar.swift in Sources */,
				8401C87625275EBD00A722CE /* InChatViewModel.swift in Sources */,
				84AA9689251F96CC0029BB1E /* BButton.swift in Sources */,
				84360FFC2524409C009FF4BF /* ScreenExtension.swift in Sources */,
				84AA95C5251B01C80029BB1E /* ColorExtension.swift in Sources */,
				8401C8C5252AD6B500A722CE /* BookGrid.swift in Sources */,
				843E5240252722D200B16995 /* DismissKeyboardOnDrag.swift in Sources */,
				84411A29252337C900AE31D8 /* ViewExtension.swift in Sources */,
				843E5221252707E300B16995 /* ChatView.swift in Sources */,
				8414F24D25218D8E003CF799 /* NewsFeedCard.swift in Sources */,
				8401C8C1252AD18500A722CE /* StarRating.swift in Sources */,
				8414F2632521A52E003CF799 /* NewsFeedView.swift in Sources */,
				8401C93E252C6AB000A722CE /* DistanceText.swift in Sources */,
				84AA960B251B469F0029BB1E /* User.swift in Sources */,
				8401C929252C0A1000A722CE /* RatingCriteria.swift in Sources */,
				845DB4C8252377B90019C29B /* BookCategoryViewModel.swift in Sources */,
				8401C87A2528129300A722CE /* SearchUserItem.swift in Sources */,
				8401C8FD252B252F00A722CE /* BookDetail.swift in Sources */,
				84B964EC2525C6BB00F37571 /* NotifyView.swift in Sources */,
				8401C8B9252ACAEF00A722CE /* BookCard.swift in Sources */,
				8401C90D252B670600A722CE /* Rating.swift in Sources */,
				8401C957252C7A9300A722CE /* SubmitRequestBorrowView.swift in Sources */,
				84411A012522EB8D00AE31D8 /* Loading.swift in Sources */,
				8401C96A252EB4AA00A722CE /* InputWithTitle.swift in Sources */,
				84AA961B251B47640029BB1E /* Account.swift in Sources */,
			);
			runOnlyForDeploymentPostprocessing = 0;
		};
		84FA98FB2518616E00CB92CB /* Sources */ = {
			isa = PBXSourcesBuildPhase;
			buildActionMask = 2147483647;
			files = (
				84FA99052518616E00CB92CB /* InterfaceTests.swift in Sources */,
			);
			runOnlyForDeploymentPostprocessing = 0;
		};
/* End PBXSourcesBuildPhase section */

/* Begin PBXTargetDependency section */
		84FA99022518616E00CB92CB /* PBXTargetDependency */ = {
			isa = PBXTargetDependency;
			target = 84FA98F52518616E00CB92CB /* Interface */;
			targetProxy = 84FA99012518616E00CB92CB /* PBXContainerItemProxy */;
		};
/* End PBXTargetDependency section */

/* Begin XCBuildConfiguration section */
		84FA99082518616E00CB92CB /* Debug */ = {
			isa = XCBuildConfiguration;
			buildSettings = {
				ALWAYS_SEARCH_USER_PATHS = NO;
				CLANG_ANALYZER_NONNULL = YES;
				CLANG_ANALYZER_NUMBER_OBJECT_CONVERSION = YES_AGGRESSIVE;
				CLANG_CXX_LANGUAGE_STANDARD = "gnu++14";
				CLANG_CXX_LIBRARY = "libc++";
				CLANG_ENABLE_MODULES = YES;
				CLANG_ENABLE_OBJC_ARC = YES;
				CLANG_ENABLE_OBJC_WEAK = YES;
				CLANG_WARN_BLOCK_CAPTURE_AUTORELEASING = YES;
				CLANG_WARN_BOOL_CONVERSION = YES;
				CLANG_WARN_COMMA = YES;
				CLANG_WARN_CONSTANT_CONVERSION = YES;
				CLANG_WARN_DEPRECATED_OBJC_IMPLEMENTATIONS = YES;
				CLANG_WARN_DIRECT_OBJC_ISA_USAGE = YES_ERROR;
				CLANG_WARN_DOCUMENTATION_COMMENTS = YES;
				CLANG_WARN_EMPTY_BODY = YES;
				CLANG_WARN_ENUM_CONVERSION = YES;
				CLANG_WARN_INFINITE_RECURSION = YES;
				CLANG_WARN_INT_CONVERSION = YES;
				CLANG_WARN_NON_LITERAL_NULL_CONVERSION = YES;
				CLANG_WARN_OBJC_IMPLICIT_RETAIN_SELF = YES;
				CLANG_WARN_OBJC_LITERAL_CONVERSION = YES;
				CLANG_WARN_OBJC_ROOT_CLASS = YES_ERROR;
				CLANG_WARN_QUOTED_INCLUDE_IN_FRAMEWORK_HEADER = YES;
				CLANG_WARN_RANGE_LOOP_ANALYSIS = YES;
				CLANG_WARN_STRICT_PROTOTYPES = YES;
				CLANG_WARN_SUSPICIOUS_MOVE = YES;
				CLANG_WARN_UNGUARDED_AVAILABILITY = YES_AGGRESSIVE;
				CLANG_WARN_UNREACHABLE_CODE = YES;
				CLANG_WARN__DUPLICATE_METHOD_MATCH = YES;
				COPY_PHASE_STRIP = NO;
				CURRENT_PROJECT_VERSION = 1;
				DEBUG_INFORMATION_FORMAT = dwarf;
				ENABLE_STRICT_OBJC_MSGSEND = YES;
				ENABLE_TESTABILITY = YES;
				GCC_C_LANGUAGE_STANDARD = gnu11;
				GCC_DYNAMIC_NO_PIC = NO;
				GCC_NO_COMMON_BLOCKS = YES;
				GCC_OPTIMIZATION_LEVEL = 0;
				GCC_PREPROCESSOR_DEFINITIONS = (
					"DEBUG=1",
					"$(inherited)",
				);
				GCC_WARN_64_TO_32_BIT_CONVERSION = YES;
				GCC_WARN_ABOUT_RETURN_TYPE = YES_ERROR;
				GCC_WARN_UNDECLARED_SELECTOR = YES;
				GCC_WARN_UNINITIALIZED_AUTOS = YES_AGGRESSIVE;
				GCC_WARN_UNUSED_FUNCTION = YES;
				GCC_WARN_UNUSED_VARIABLE = YES;
				IPHONEOS_DEPLOYMENT_TARGET = 14.0;
				MTL_ENABLE_DEBUG_INFO = INCLUDE_SOURCE;
				MTL_FAST_MATH = YES;
				ONLY_ACTIVE_ARCH = YES;
				SDKROOT = iphoneos;
				SWIFT_ACTIVE_COMPILATION_CONDITIONS = DEBUG;
				SWIFT_OPTIMIZATION_LEVEL = "-Onone";
				VERSIONING_SYSTEM = "apple-generic";
				VERSION_INFO_PREFIX = "";
			};
			name = Debug;
		};
		84FA99092518616E00CB92CB /* Release */ = {
			isa = XCBuildConfiguration;
			buildSettings = {
				ALWAYS_SEARCH_USER_PATHS = NO;
				CLANG_ANALYZER_NONNULL = YES;
				CLANG_ANALYZER_NUMBER_OBJECT_CONVERSION = YES_AGGRESSIVE;
				CLANG_CXX_LANGUAGE_STANDARD = "gnu++14";
				CLANG_CXX_LIBRARY = "libc++";
				CLANG_ENABLE_MODULES = YES;
				CLANG_ENABLE_OBJC_ARC = YES;
				CLANG_ENABLE_OBJC_WEAK = YES;
				CLANG_WARN_BLOCK_CAPTURE_AUTORELEASING = YES;
				CLANG_WARN_BOOL_CONVERSION = YES;
				CLANG_WARN_COMMA = YES;
				CLANG_WARN_CONSTANT_CONVERSION = YES;
				CLANG_WARN_DEPRECATED_OBJC_IMPLEMENTATIONS = YES;
				CLANG_WARN_DIRECT_OBJC_ISA_USAGE = YES_ERROR;
				CLANG_WARN_DOCUMENTATION_COMMENTS = YES;
				CLANG_WARN_EMPTY_BODY = YES;
				CLANG_WARN_ENUM_CONVERSION = YES;
				CLANG_WARN_INFINITE_RECURSION = YES;
				CLANG_WARN_INT_CONVERSION = YES;
				CLANG_WARN_NON_LITERAL_NULL_CONVERSION = YES;
				CLANG_WARN_OBJC_IMPLICIT_RETAIN_SELF = YES;
				CLANG_WARN_OBJC_LITERAL_CONVERSION = YES;
				CLANG_WARN_OBJC_ROOT_CLASS = YES_ERROR;
				CLANG_WARN_QUOTED_INCLUDE_IN_FRAMEWORK_HEADER = YES;
				CLANG_WARN_RANGE_LOOP_ANALYSIS = YES;
				CLANG_WARN_STRICT_PROTOTYPES = YES;
				CLANG_WARN_SUSPICIOUS_MOVE = YES;
				CLANG_WARN_UNGUARDED_AVAILABILITY = YES_AGGRESSIVE;
				CLANG_WARN_UNREACHABLE_CODE = YES;
				CLANG_WARN__DUPLICATE_METHOD_MATCH = YES;
				COPY_PHASE_STRIP = NO;
				CURRENT_PROJECT_VERSION = 1;
				DEBUG_INFORMATION_FORMAT = "dwarf-with-dsym";
				ENABLE_NS_ASSERTIONS = NO;
				ENABLE_STRICT_OBJC_MSGSEND = YES;
				GCC_C_LANGUAGE_STANDARD = gnu11;
				GCC_NO_COMMON_BLOCKS = YES;
				GCC_WARN_64_TO_32_BIT_CONVERSION = YES;
				GCC_WARN_ABOUT_RETURN_TYPE = YES_ERROR;
				GCC_WARN_UNDECLARED_SELECTOR = YES;
				GCC_WARN_UNINITIALIZED_AUTOS = YES_AGGRESSIVE;
				GCC_WARN_UNUSED_FUNCTION = YES;
				GCC_WARN_UNUSED_VARIABLE = YES;
				IPHONEOS_DEPLOYMENT_TARGET = 14.0;
				MTL_ENABLE_DEBUG_INFO = NO;
				MTL_FAST_MATH = YES;
				SDKROOT = iphoneos;
				SWIFT_COMPILATION_MODE = wholemodule;
				SWIFT_OPTIMIZATION_LEVEL = "-O";
				VALIDATE_PRODUCT = YES;
				VERSIONING_SYSTEM = "apple-generic";
				VERSION_INFO_PREFIX = "";
			};
			name = Release;
		};
		84FA990B2518616E00CB92CB /* Debug */ = {
			isa = XCBuildConfiguration;
			buildSettings = {
				CLANG_ENABLE_MODULES = YES;
				CODE_SIGN_STYLE = Automatic;
				DEFINES_MODULE = YES;
				DEVELOPMENT_TEAM = 22G4R8NLZU;
				DYLIB_COMPATIBILITY_VERSION = 1;
				DYLIB_CURRENT_VERSION = 1;
				DYLIB_INSTALL_NAME_BASE = "@rpath";
				INFOPLIST_FILE = Interface/Info.plist;
				INSTALL_PATH = "$(LOCAL_LIBRARY_DIR)/Frameworks";
				IPHONEOS_DEPLOYMENT_TARGET = 14.0;
				LD_RUNPATH_SEARCH_PATHS = (
					"$(inherited)",
					"@executable_path/Frameworks",
					"@loader_path/Frameworks",
				);
				PRODUCT_BUNDLE_IDENTIFIER = com.nguyenhongphuc98.Interface;
				PRODUCT_NAME = "$(TARGET_NAME:c99extidentifier)";
				SKIP_INSTALL = YES;
				SUPPORTS_MACCATALYST = NO;
				SWIFT_OPTIMIZATION_LEVEL = "-Onone";
				SWIFT_VERSION = 5.0;
				TARGETED_DEVICE_FAMILY = "1,2";
			};
			name = Debug;
		};
		84FA990C2518616E00CB92CB /* Release */ = {
			isa = XCBuildConfiguration;
			buildSettings = {
				CLANG_ENABLE_MODULES = YES;
				CODE_SIGN_STYLE = Automatic;
				DEFINES_MODULE = YES;
				DEVELOPMENT_TEAM = 22G4R8NLZU;
				DYLIB_COMPATIBILITY_VERSION = 1;
				DYLIB_CURRENT_VERSION = 1;
				DYLIB_INSTALL_NAME_BASE = "@rpath";
				INFOPLIST_FILE = Interface/Info.plist;
				INSTALL_PATH = "$(LOCAL_LIBRARY_DIR)/Frameworks";
				IPHONEOS_DEPLOYMENT_TARGET = 14.0;
				LD_RUNPATH_SEARCH_PATHS = (
					"$(inherited)",
					"@executable_path/Frameworks",
					"@loader_path/Frameworks",
				);
				PRODUCT_BUNDLE_IDENTIFIER = com.nguyenhongphuc98.Interface;
				PRODUCT_NAME = "$(TARGET_NAME:c99extidentifier)";
				SKIP_INSTALL = YES;
				SUPPORTS_MACCATALYST = NO;
				SWIFT_VERSION = 5.0;
				TARGETED_DEVICE_FAMILY = "1,2";
			};
			name = Release;
		};
		84FA990E2518616E00CB92CB /* Debug */ = {
			isa = XCBuildConfiguration;
			buildSettings = {
				ALWAYS_EMBED_SWIFT_STANDARD_LIBRARIES = YES;
				CODE_SIGN_STYLE = Automatic;
				DEVELOPMENT_TEAM = 22G4R8NLZU;
				INFOPLIST_FILE = InterfaceTests/Info.plist;
				LD_RUNPATH_SEARCH_PATHS = (
					"$(inherited)",
					"@executable_path/Frameworks",
					"@loader_path/Frameworks",
				);
				PRODUCT_BUNDLE_IDENTIFIER = com.nguyenhongphuc98.InterfaceTests;
				PRODUCT_NAME = "$(TARGET_NAME)";
				SWIFT_VERSION = 5.0;
				TARGETED_DEVICE_FAMILY = "1,2";
			};
			name = Debug;
		};
		84FA990F2518616E00CB92CB /* Release */ = {
			isa = XCBuildConfiguration;
			buildSettings = {
				ALWAYS_EMBED_SWIFT_STANDARD_LIBRARIES = YES;
				CODE_SIGN_STYLE = Automatic;
				DEVELOPMENT_TEAM = 22G4R8NLZU;
				INFOPLIST_FILE = InterfaceTests/Info.plist;
				LD_RUNPATH_SEARCH_PATHS = (
					"$(inherited)",
					"@executable_path/Frameworks",
					"@loader_path/Frameworks",
				);
				PRODUCT_BUNDLE_IDENTIFIER = com.nguyenhongphuc98.InterfaceTests;
				PRODUCT_NAME = "$(TARGET_NAME)";
				SWIFT_VERSION = 5.0;
				TARGETED_DEVICE_FAMILY = "1,2";
			};
			name = Release;
		};
/* End XCBuildConfiguration section */

/* Begin XCConfigurationList section */
		84FA98F02518616E00CB92CB /* Build configuration list for PBXProject "Interface" */ = {
			isa = XCConfigurationList;
			buildConfigurations = (
				84FA99082518616E00CB92CB /* Debug */,
				84FA99092518616E00CB92CB /* Release */,
			);
			defaultConfigurationIsVisible = 0;
			defaultConfigurationName = Release;
		};
		84FA990A2518616E00CB92CB /* Build configuration list for PBXNativeTarget "Interface" */ = {
			isa = XCConfigurationList;
			buildConfigurations = (
				84FA990B2518616E00CB92CB /* Debug */,
				84FA990C2518616E00CB92CB /* Release */,
			);
			defaultConfigurationIsVisible = 0;
			defaultConfigurationName = Release;
		};
		84FA990D2518616E00CB92CB /* Build configuration list for PBXNativeTarget "InterfaceTests" */ = {
			isa = XCConfigurationList;
			buildConfigurations = (
				84FA990E2518616E00CB92CB /* Debug */,
				84FA990F2518616E00CB92CB /* Release */,
			);
			defaultConfigurationIsVisible = 0;
			defaultConfigurationName = Release;
		};
/* End XCConfigurationList section */
	};
	rootObject = 84FA98ED2518616E00CB92CB /* Project object */;
}
