// !$*UTF8*$!
{
	archiveVersion = 1;
	classes = {
	};
	objectVersion = 50;
	objects = {

/* Begin PBXBuildFile section */
		8414F243252187C3003CF799 /* NewsFeed.swift in Sources */ = {isa = PBXBuildFile; fileRef = 8414F242252187C3003CF799 /* NewsFeed.swift */; };
		8414F24D25218D8E003CF799 /* NewsFeedCard.swift in Sources */ = {isa = PBXBuildFile; fileRef = 8414F24C25218D8E003CF799 /* NewsFeedCard.swift */; };
		8414F2532521904B003CF799 /* CountTimeText.swift in Sources */ = {isa = PBXBuildFile; fileRef = 8414F2522521904B003CF799 /* CountTimeText.swift */; };
		8414F25725219B7E003CF799 /* StickyButton.swift in Sources */ = {isa = PBXBuildFile; fileRef = 8414F25625219B7E003CF799 /* StickyButton.swift */; };
		8414F25B2521A1B1003CF799 /* IntExension.swift in Sources */ = {isa = PBXBuildFile; fileRef = 8414F25A2521A1B1003CF799 /* IntExension.swift */; };
		8414F2632521A52E003CF799 /* NewsFeedView.swift in Sources */ = {isa = PBXBuildFile; fileRef = 8414F2622521A52E003CF799 /* NewsFeedView.swift */; };
		8414F2672521D7EA003CF799 /* DummyData.swift in Sources */ = {isa = PBXBuildFile; fileRef = 8414F2662521D7EA003CF799 /* DummyData.swift */; };
		8414F26B2521E484003CF799 /* TimeIntervalExtension.swift in Sources */ = {isa = PBXBuildFile; fileRef = 8414F26A2521E484003CF799 /* TimeIntervalExtension.swift */; };
		844119F92522E77D00AE31D8 /* Seperator.swift in Sources */ = {isa = PBXBuildFile; fileRef = 844119F82522E77D00AE31D8 /* Seperator.swift */; };
		844119FD2522E80500AE31D8 /* EdgeInsetsExtension.swift in Sources */ = {isa = PBXBuildFile; fileRef = 844119FC2522E80500AE31D8 /* EdgeInsetsExtension.swift */; };
		84411A012522EB8D00AE31D8 /* Loading.swift in Sources */ = {isa = PBXBuildFile; fileRef = 84411A002522EB8D00AE31D8 /* Loading.swift */; };
		84411A052523208000AE31D8 /* NewsFeedViewModel.swift in Sources */ = {isa = PBXBuildFile; fileRef = 84411A042523208000AE31D8 /* NewsFeedViewModel.swift */; };
		84411A092523285400AE31D8 /* CreatePostView.swift in Sources */ = {isa = PBXBuildFile; fileRef = 84411A082523285400AE31D8 /* CreatePostView.swift */; };
		84411A1025232B7E00AE31D8 /* CreatePostViewModel.swift in Sources */ = {isa = PBXBuildFile; fileRef = 84411A0F25232B7E00AE31D8 /* CreatePostViewModel.swift */; };
		84411A162523310B00AE31D8 /* QuoteEditor.swift in Sources */ = {isa = PBXBuildFile; fileRef = 84411A152523310B00AE31D8 /* QuoteEditor.swift */; };
		84411A252523331D00AE31D8 /* BoundTracking.swift in Sources */ = {isa = PBXBuildFile; fileRef = 84411A242523331D00AE31D8 /* BoundTracking.swift */; };
		84411A29252337C900AE31D8 /* ViewExtension.swift in Sources */ = {isa = PBXBuildFile; fileRef = 84411A28252337C900AE31D8 /* ViewExtension.swift */; };
		84411A2D2523409E00AE31D8 /* TextExtension.swift in Sources */ = {isa = PBXBuildFile; fileRef = 84411A2C2523409E00AE31D8 /* TextExtension.swift */; };
		847BBAC62521EEB900E0500D /* RootViewModel.swift in Sources */ = {isa = PBXBuildFile; fileRef = 847BBAC52521EEB900E0500D /* RootViewModel.swift */; };
		84AA95C5251B01C80029BB1E /* ColorExtension.swift in Sources */ = {isa = PBXBuildFile; fileRef = 84AA95C4251B01C80029BB1E /* ColorExtension.swift */; };
		84AA95EF251B45320029BB1E /* ProfileViewModel.swift in Sources */ = {isa = PBXBuildFile; fileRef = 84AA95EE251B45320029BB1E /* ProfileViewModel.swift */; };
		84AA95F3251B453F0029BB1E /* Profile.swift in Sources */ = {isa = PBXBuildFile; fileRef = 84AA95F2251B453F0029BB1E /* Profile.swift */; };
		84AA960B251B469F0029BB1E /* User.swift in Sources */ = {isa = PBXBuildFile; fileRef = 84AA960A251B469F0029BB1E /* User.swift */; };
		84AA961B251B47640029BB1E /* Account.swift in Sources */ = {isa = PBXBuildFile; fileRef = 84AA961A251B47640029BB1E /* Account.swift */; };
		84AA9621251B480C0029BB1E /* ItemContent.swift in Sources */ = {isa = PBXBuildFile; fileRef = 84AA9620251B480C0029BB1E /* ItemContent.swift */; };
		84AA967D251F92530029BB1E /* Media.xcassets in Resources */ = {isa = PBXBuildFile; fileRef = 84AA967C251F92530029BB1E /* Media.xcassets */; };
		84AA9681251F928A0029BB1E /* ProfileView.swift in Sources */ = {isa = PBXBuildFile; fileRef = 84AA9680251F928A0029BB1E /* ProfileView.swift */; };
		84AA9685251F96320029BB1E /* StaticVariable.swift in Sources */ = {isa = PBXBuildFile; fileRef = 84AA9684251F96320029BB1E /* StaticVariable.swift */; };
		84AA9689251F96CC0029BB1E /* BButton.swift in Sources */ = {isa = PBXBuildFile; fileRef = 84AA9688251F96CC0029BB1E /* BButton.swift */; };
		84AA968D251F96F70029BB1E /* FullRadiusShadowButtonStyle.swift in Sources */ = {isa = PBXBuildFile; fileRef = 84AA968C251F96F70029BB1E /* FullRadiusShadowButtonStyle.swift */; };
		84AA9697251F99470029BB1E /* CircleImage.swift in Sources */ = {isa = PBXBuildFile; fileRef = 84AA9696251F99470029BB1E /* CircleImage.swift */; };
		84AA96AD252054820029BB1E /* Roboto-BoldItalic.ttf in Resources */ = {isa = PBXBuildFile; fileRef = 84AA96A0252054820029BB1E /* Roboto-BoldItalic.ttf */; };
		84AA96AE252054820029BB1E /* Roboto-Italic.ttf in Resources */ = {isa = PBXBuildFile; fileRef = 84AA96A1252054820029BB1E /* Roboto-Italic.ttf */; };
		84AA96AF252054820029BB1E /* Roboto-ThinItalic.ttf in Resources */ = {isa = PBXBuildFile; fileRef = 84AA96A2252054820029BB1E /* Roboto-ThinItalic.ttf */; };
		84AA96B0252054820029BB1E /* Pattaya-Regular.ttf in Resources */ = {isa = PBXBuildFile; fileRef = 84AA96A3252054820029BB1E /* Pattaya-Regular.ttf */; };
		84AA96B1252054820029BB1E /* Roboto-Black.ttf in Resources */ = {isa = PBXBuildFile; fileRef = 84AA96A4252054820029BB1E /* Roboto-Black.ttf */; };
		84AA96B2252054820029BB1E /* Roboto-Thin.ttf in Resources */ = {isa = PBXBuildFile; fileRef = 84AA96A5252054820029BB1E /* Roboto-Thin.ttf */; };
		84AA96B3252054820029BB1E /* Roboto-LightItalic.ttf in Resources */ = {isa = PBXBuildFile; fileRef = 84AA96A6252054820029BB1E /* Roboto-LightItalic.ttf */; };
		84AA96B4252054820029BB1E /* Roboto-Medium.ttf in Resources */ = {isa = PBXBuildFile; fileRef = 84AA96A7252054820029BB1E /* Roboto-Medium.ttf */; };
		84AA96B5252054820029BB1E /* Roboto-Regular.ttf in Resources */ = {isa = PBXBuildFile; fileRef = 84AA96A8252054820029BB1E /* Roboto-Regular.ttf */; };
		84AA96B6252054820029BB1E /* Roboto-BlackItalic.ttf in Resources */ = {isa = PBXBuildFile; fileRef = 84AA96A9252054820029BB1E /* Roboto-BlackItalic.ttf */; };
		84AA96B7252054820029BB1E /* Roboto-MediumItalic.ttf in Resources */ = {isa = PBXBuildFile; fileRef = 84AA96AA252054820029BB1E /* Roboto-MediumItalic.ttf */; };
		84AA96B8252054820029BB1E /* Roboto-Bold.ttf in Resources */ = {isa = PBXBuildFile; fileRef = 84AA96AB252054820029BB1E /* Roboto-Bold.ttf */; };
		84AA96B9252054820029BB1E /* Roboto-Light.ttf in Resources */ = {isa = PBXBuildFile; fileRef = 84AA96AC252054820029BB1E /* Roboto-Light.ttf */; };
		84FA99002518616E00CB92CB /* Interface.framework in Frameworks */ = {isa = PBXBuildFile; fileRef = 84FA98F62518616E00CB92CB /* Interface.framework */; };
		84FA99052518616E00CB92CB /* InterfaceTests.swift in Sources */ = {isa = PBXBuildFile; fileRef = 84FA99042518616E00CB92CB /* InterfaceTests.swift */; };
		84FA99072518616E00CB92CB /* Interface.h in Headers */ = {isa = PBXBuildFile; fileRef = 84FA98F92518616E00CB92CB /* Interface.h */; settings = {ATTRIBUTES = (Public, ); }; };
		84FA99182518619900CB92CB /* Launch.swift in Sources */ = {isa = PBXBuildFile; fileRef = 84FA99172518619900CB92CB /* Launch.swift */; };
/* End PBXBuildFile section */

/* Begin PBXContainerItemProxy section */
		84FA99012518616E00CB92CB /* PBXContainerItemProxy */ = {
			isa = PBXContainerItemProxy;
			containerPortal = 84FA98ED2518616E00CB92CB /* Project object */;
			proxyType = 1;
			remoteGlobalIDString = 84FA98F52518616E00CB92CB;
			remoteInfo = Interface;
		};
/* End PBXContainerItemProxy section */

/* Begin PBXFileReference section */
		8414F242252187C3003CF799 /* NewsFeed.swift */ = {isa = PBXFileReference; lastKnownFileType = sourcecode.swift; path = NewsFeed.swift; sourceTree = "<group>"; };
		8414F24C25218D8E003CF799 /* NewsFeedCard.swift */ = {isa = PBXFileReference; lastKnownFileType = sourcecode.swift; path = NewsFeedCard.swift; sourceTree = "<group>"; };
		8414F2522521904B003CF799 /* CountTimeText.swift */ = {isa = PBXFileReference; lastKnownFileType = sourcecode.swift; path = CountTimeText.swift; sourceTree = "<group>"; };
		8414F25625219B7E003CF799 /* StickyButton.swift */ = {isa = PBXFileReference; lastKnownFileType = sourcecode.swift; path = StickyButton.swift; sourceTree = "<group>"; };
		8414F25A2521A1B1003CF799 /* IntExension.swift */ = {isa = PBXFileReference; lastKnownFileType = sourcecode.swift; path = IntExension.swift; sourceTree = "<group>"; };
		8414F2622521A52E003CF799 /* NewsFeedView.swift */ = {isa = PBXFileReference; lastKnownFileType = sourcecode.swift; path = NewsFeedView.swift; sourceTree = "<group>"; };
		8414F2662521D7EA003CF799 /* DummyData.swift */ = {isa = PBXFileReference; lastKnownFileType = sourcecode.swift; path = DummyData.swift; sourceTree = "<group>"; };
		8414F26A2521E484003CF799 /* TimeIntervalExtension.swift */ = {isa = PBXFileReference; lastKnownFileType = sourcecode.swift; path = TimeIntervalExtension.swift; sourceTree = "<group>"; };
		844119F82522E77D00AE31D8 /* Seperator.swift */ = {isa = PBXFileReference; lastKnownFileType = sourcecode.swift; path = Seperator.swift; sourceTree = "<group>"; };
		844119FC2522E80500AE31D8 /* EdgeInsetsExtension.swift */ = {isa = PBXFileReference; lastKnownFileType = sourcecode.swift; path = EdgeInsetsExtension.swift; sourceTree = "<group>"; };
		84411A002522EB8D00AE31D8 /* Loading.swift */ = {isa = PBXFileReference; lastKnownFileType = sourcecode.swift; path = Loading.swift; sourceTree = "<group>"; };
		84411A042523208000AE31D8 /* NewsFeedViewModel.swift */ = {isa = PBXFileReference; lastKnownFileType = sourcecode.swift; path = NewsFeedViewModel.swift; sourceTree = "<group>"; };
		84411A082523285400AE31D8 /* CreatePostView.swift */ = {isa = PBXFileReference; lastKnownFileType = sourcecode.swift; path = CreatePostView.swift; sourceTree = "<group>"; };
		84411A0F25232B7E00AE31D8 /* CreatePostViewModel.swift */ = {isa = PBXFileReference; lastKnownFileType = sourcecode.swift; path = CreatePostViewModel.swift; sourceTree = "<group>"; };
		84411A152523310B00AE31D8 /* QuoteEditor.swift */ = {isa = PBXFileReference; lastKnownFileType = sourcecode.swift; path = QuoteEditor.swift; sourceTree = "<group>"; };
		84411A242523331D00AE31D8 /* BoundTracking.swift */ = {isa = PBXFileReference; lastKnownFileType = sourcecode.swift; path = BoundTracking.swift; sourceTree = "<group>"; };
		84411A28252337C900AE31D8 /* ViewExtension.swift */ = {isa = PBXFileReference; lastKnownFileType = sourcecode.swift; path = ViewExtension.swift; sourceTree = "<group>"; };
		84411A2C2523409E00AE31D8 /* TextExtension.swift */ = {isa = PBXFileReference; lastKnownFileType = sourcecode.swift; path = TextExtension.swift; sourceTree = "<group>"; };
		847BBAC52521EEB900E0500D /* RootViewModel.swift */ = {isa = PBXFileReference; lastKnownFileType = sourcecode.swift; path = RootViewModel.swift; sourceTree = "<group>"; };
		84AA95C4251B01C80029BB1E /* ColorExtension.swift */ = {isa = PBXFileReference; lastKnownFileType = sourcecode.swift; path = ColorExtension.swift; sourceTree = "<group>"; };
		84AA95EE251B45320029BB1E /* ProfileViewModel.swift */ = {isa = PBXFileReference; fileEncoding = 4; lastKnownFileType = sourcecode.swift; path = ProfileViewModel.swift; sourceTree = "<group>"; };
		84AA95F2251B453F0029BB1E /* Profile.swift */ = {isa = PBXFileReference; fileEncoding = 4; lastKnownFileType = sourcecode.swift; path = Profile.swift; sourceTree = "<group>"; };
		84AA960A251B469F0029BB1E /* User.swift */ = {isa = PBXFileReference; lastKnownFileType = sourcecode.swift; path = User.swift; sourceTree = "<group>"; };
		84AA961A251B47640029BB1E /* Account.swift */ = {isa = PBXFileReference; lastKnownFileType = sourcecode.swift; path = Account.swift; sourceTree = "<group>"; };
		84AA9620251B480C0029BB1E /* ItemContent.swift */ = {isa = PBXFileReference; lastKnownFileType = sourcecode.swift; path = ItemContent.swift; sourceTree = "<group>"; };
		84AA967C251F92530029BB1E /* Media.xcassets */ = {isa = PBXFileReference; lastKnownFileType = folder.assetcatalog; path = Media.xcassets; sourceTree = "<group>"; };
		84AA9680251F928A0029BB1E /* ProfileView.swift */ = {isa = PBXFileReference; lastKnownFileType = sourcecode.swift; path = ProfileView.swift; sourceTree = "<group>"; };
		84AA9684251F96320029BB1E /* StaticVariable.swift */ = {isa = PBXFileReference; lastKnownFileType = sourcecode.swift; path = StaticVariable.swift; sourceTree = "<group>"; };
		84AA9688251F96CC0029BB1E /* BButton.swift */ = {isa = PBXFileReference; lastKnownFileType = sourcecode.swift; path = BButton.swift; sourceTree = "<group>"; };
		84AA968C251F96F70029BB1E /* FullRadiusShadowButtonStyle.swift */ = {isa = PBXFileReference; lastKnownFileType = sourcecode.swift; path = FullRadiusShadowButtonStyle.swift; sourceTree = "<group>"; };
		84AA9696251F99470029BB1E /* CircleImage.swift */ = {isa = PBXFileReference; lastKnownFileType = sourcecode.swift; path = CircleImage.swift; sourceTree = "<group>"; };
		84AA96A0252054820029BB1E /* Roboto-BoldItalic.ttf */ = {isa = PBXFileReference; lastKnownFileType = file; path = "Roboto-BoldItalic.ttf"; sourceTree = "<group>"; };
		84AA96A1252054820029BB1E /* Roboto-Italic.ttf */ = {isa = PBXFileReference; lastKnownFileType = file; path = "Roboto-Italic.ttf"; sourceTree = "<group>"; };
		84AA96A2252054820029BB1E /* Roboto-ThinItalic.ttf */ = {isa = PBXFileReference; lastKnownFileType = file; path = "Roboto-ThinItalic.ttf"; sourceTree = "<group>"; };
		84AA96A3252054820029BB1E /* Pattaya-Regular.ttf */ = {isa = PBXFileReference; lastKnownFileType = file; path = "Pattaya-Regular.ttf"; sourceTree = "<group>"; };
		84AA96A4252054820029BB1E /* Roboto-Black.ttf */ = {isa = PBXFileReference; lastKnownFileType = file; path = "Roboto-Black.ttf"; sourceTree = "<group>"; };
		84AA96A5252054820029BB1E /* Roboto-Thin.ttf */ = {isa = PBXFileReference; lastKnownFileType = file; path = "Roboto-Thin.ttf"; sourceTree = "<group>"; };
		84AA96A6252054820029BB1E /* Roboto-LightItalic.ttf */ = {isa = PBXFileReference; lastKnownFileType = file; path = "Roboto-LightItalic.ttf"; sourceTree = "<group>"; };
		84AA96A7252054820029BB1E /* Roboto-Medium.ttf */ = {isa = PBXFileReference; lastKnownFileType = file; path = "Roboto-Medium.ttf"; sourceTree = "<group>"; };
		84AA96A8252054820029BB1E /* Roboto-Regular.ttf */ = {isa = PBXFileReference; lastKnownFileType = file; path = "Roboto-Regular.ttf"; sourceTree = "<group>"; };
		84AA96A9252054820029BB1E /* Roboto-BlackItalic.ttf */ = {isa = PBXFileReference; lastKnownFileType = file; path = "Roboto-BlackItalic.ttf"; sourceTree = "<group>"; };
		84AA96AA252054820029BB1E /* Roboto-MediumItalic.ttf */ = {isa = PBXFileReference; lastKnownFileType = file; path = "Roboto-MediumItalic.ttf"; sourceTree = "<group>"; };
		84AA96AB252054820029BB1E /* Roboto-Bold.ttf */ = {isa = PBXFileReference; lastKnownFileType = file; path = "Roboto-Bold.ttf"; sourceTree = "<group>"; };
		84AA96AC252054820029BB1E /* Roboto-Light.ttf */ = {isa = PBXFileReference; lastKnownFileType = file; path = "Roboto-Light.ttf"; sourceTree = "<group>"; };
		84FA98F62518616E00CB92CB /* Interface.framework */ = {isa = PBXFileReference; explicitFileType = wrapper.framework; includeInIndex = 0; path = Interface.framework; sourceTree = BUILT_PRODUCTS_DIR; };
		84FA98F92518616E00CB92CB /* Interface.h */ = {isa = PBXFileReference; lastKnownFileType = sourcecode.c.h; path = Interface.h; sourceTree = "<group>"; };
		84FA98FA2518616E00CB92CB /* Info.plist */ = {isa = PBXFileReference; lastKnownFileType = text.plist.xml; path = Info.plist; sourceTree = "<group>"; };
		84FA98FF2518616E00CB92CB /* InterfaceTests.xctest */ = {isa = PBXFileReference; explicitFileType = wrapper.cfbundle; includeInIndex = 0; path = InterfaceTests.xctest; sourceTree = BUILT_PRODUCTS_DIR; };
		84FA99042518616E00CB92CB /* InterfaceTests.swift */ = {isa = PBXFileReference; lastKnownFileType = sourcecode.swift; path = InterfaceTests.swift; sourceTree = "<group>"; };
		84FA99062518616E00CB92CB /* Info.plist */ = {isa = PBXFileReference; lastKnownFileType = text.plist.xml; path = Info.plist; sourceTree = "<group>"; };
		84FA99172518619900CB92CB /* Launch.swift */ = {isa = PBXFileReference; lastKnownFileType = sourcecode.swift; path = Launch.swift; sourceTree = "<group>"; };
/* End PBXFileReference section */

/* Begin PBXFrameworksBuildPhase section */
		84FA98F32518616E00CB92CB /* Frameworks */ = {
			isa = PBXFrameworksBuildPhase;
			buildActionMask = 2147483647;
			files = (
			);
			runOnlyForDeploymentPostprocessing = 0;
		};
		84FA98FC2518616E00CB92CB /* Frameworks */ = {
			isa = PBXFrameworksBuildPhase;
			buildActionMask = 2147483647;
			files = (
				84FA99002518616E00CB92CB /* Interface.framework in Frameworks */,
			);
			runOnlyForDeploymentPostprocessing = 0;
		};
/* End PBXFrameworksBuildPhase section */

/* Begin PBXGroup section */
		84411A0C2523299D00AE31D8 /* Button */ = {
			isa = PBXGroup;
			children = (
				84AA9688251F96CC0029BB1E /* BButton.swift */,
				84AA968C251F96F70029BB1E /* FullRadiusShadowButtonStyle.swift */,
				8414F25625219B7E003CF799 /* StickyButton.swift */,
			);
			path = Button;
			sourceTree = "<group>";
		};
		84411A192523328700AE31D8 /* Tracking */ = {
			isa = PBXGroup;
			children = (
				84411A242523331D00AE31D8 /* BoundTracking.swift */,
			);
			path = Tracking;
			sourceTree = "<group>";
		};
		84AA95A9251AF08D0029BB1E /* Views */ = {
			isa = PBXGroup;
			children = (
				84AA95AA251AF0980029BB1E /* Components */,
				84AA9680251F928A0029BB1E /* ProfileView.swift */,
				8414F2622521A52E003CF799 /* NewsFeedView.swift */,
				84411A082523285400AE31D8 /* CreatePostView.swift */,
			);
			path = Views;
			sourceTree = "<group>";
		};
		84AA95AA251AF0980029BB1E /* Components */ = {
			isa = PBXGroup;
			children = (
				84411A192523328700AE31D8 /* Tracking */,
				84411A0C2523299D00AE31D8 /* Button */,
				8414F24C25218D8E003CF799 /* NewsFeedCard.swift */,
				84AA9620251B480C0029BB1E /* ItemContent.swift */,
				8414F2522521904B003CF799 /* CountTimeText.swift */,
				844119F82522E77D00AE31D8 /* Seperator.swift */,
				84411A002522EB8D00AE31D8 /* Loading.swift */,
				84411A152523310B00AE31D8 /* QuoteEditor.swift */,
			);
			path = Components;
			sourceTree = "<group>";
		};
		84AA95B8251AFBE60029BB1E /* ViewModels */ = {
			isa = PBXGroup;
			children = (
				84AA95EE251B45320029BB1E /* ProfileViewModel.swift */,
				847BBAC52521EEB900E0500D /* RootViewModel.swift */,
				84411A042523208000AE31D8 /* NewsFeedViewModel.swift */,
				84411A0F25232B7E00AE31D8 /* CreatePostViewModel.swift */,
			);
			path = ViewModels;
			sourceTree = "<group>";
		};
		84AA95B9251AFBF00029BB1E /* Models */ = {
			isa = PBXGroup;
			children = (
				84AA95F2251B453F0029BB1E /* Profile.swift */,
				84AA960A251B469F0029BB1E /* User.swift */,
				84AA961A251B47640029BB1E /* Account.swift */,
				8414F242252187C3003CF799 /* NewsFeed.swift */,
			);
			path = Models;
			sourceTree = "<group>";
		};
		84AA95C3251B01B70029BB1E /* Helper */ = {
			isa = PBXGroup;
			children = (
				84AA95C4251B01C80029BB1E /* ColorExtension.swift */,
				84AA9684251F96320029BB1E /* StaticVariable.swift */,
				84AA9696251F99470029BB1E /* CircleImage.swift */,
				8414F25A2521A1B1003CF799 /* IntExension.swift */,
				8414F2662521D7EA003CF799 /* DummyData.swift */,
				8414F26A2521E484003CF799 /* TimeIntervalExtension.swift */,
				844119FC2522E80500AE31D8 /* EdgeInsetsExtension.swift */,
				84411A28252337C900AE31D8 /* ViewExtension.swift */,
				84411A2C2523409E00AE31D8 /* TextExtension.swift */,
			);
			path = Helper;
			sourceTree = "<group>";
		};
		84AA969C252053DF0029BB1E /* Resource */ = {
			isa = PBXGroup;
			children = (
				84AA969D252053E70029BB1E /* Fonts */,
			);
			path = Resource;
			sourceTree = "<group>";
		};
		84AA969D252053E70029BB1E /* Fonts */ = {
			isa = PBXGroup;
			children = (
				84AA96A3252054820029BB1E /* Pattaya-Regular.ttf */,
				84AA96A4252054820029BB1E /* Roboto-Black.ttf */,
				84AA96A9252054820029BB1E /* Roboto-BlackItalic.ttf */,
				84AA96AB252054820029BB1E /* Roboto-Bold.ttf */,
				84AA96A0252054820029BB1E /* Roboto-BoldItalic.ttf */,
				84AA96A1252054820029BB1E /* Roboto-Italic.ttf */,
				84AA96AC252054820029BB1E /* Roboto-Light.ttf */,
				84AA96A6252054820029BB1E /* Roboto-LightItalic.ttf */,
				84AA96A7252054820029BB1E /* Roboto-Medium.ttf */,
				84AA96AA252054820029BB1E /* Roboto-MediumItalic.ttf */,
				84AA96A8252054820029BB1E /* Roboto-Regular.ttf */,
				84AA96A5252054820029BB1E /* Roboto-Thin.ttf */,
				84AA96A2252054820029BB1E /* Roboto-ThinItalic.ttf */,
			);
			path = Fonts;
			sourceTree = "<group>";
		};
		84FA98EC2518616E00CB92CB = {
			isa = PBXGroup;
			children = (
				84AA967C251F92530029BB1E /* Media.xcassets */,
				84FA98F82518616E00CB92CB /* Interface */,
				84FA99032518616E00CB92CB /* InterfaceTests */,
				84FA98F72518616E00CB92CB /* Products */,
			);
			sourceTree = "<group>";
		};
		84FA98F72518616E00CB92CB /* Products */ = {
			isa = PBXGroup;
			children = (
				84FA98F62518616E00CB92CB /* Interface.framework */,
				84FA98FF2518616E00CB92CB /* InterfaceTests.xctest */,
			);
			name = Products;
			sourceTree = "<group>";
		};
		84FA98F82518616E00CB92CB /* Interface */ = {
			isa = PBXGroup;
			children = (
				84AA969C252053DF0029BB1E /* Resource */,
				84AA95C3251B01B70029BB1E /* Helper */,
				84AA95B9251AFBF00029BB1E /* Models */,
				84AA95B8251AFBE60029BB1E /* ViewModels */,
				84AA95A9251AF08D0029BB1E /* Views */,
				84FA98F92518616E00CB92CB /* Interface.h */,
				84FA98FA2518616E00CB92CB /* Info.plist */,
				84FA99172518619900CB92CB /* Launch.swift */,
			);
			path = Interface;
			sourceTree = "<group>";
		};
		84FA99032518616E00CB92CB /* InterfaceTests */ = {
			isa = PBXGroup;
			children = (
				84FA99042518616E00CB92CB /* InterfaceTests.swift */,
				84FA99062518616E00CB92CB /* Info.plist */,
			);
			path = InterfaceTests;
			sourceTree = "<group>";
		};
/* End PBXGroup section */

/* Begin PBXHeadersBuildPhase section */
		84FA98F12518616E00CB92CB /* Headers */ = {
			isa = PBXHeadersBuildPhase;
			buildActionMask = 2147483647;
			files = (
				84FA99072518616E00CB92CB /* Interface.h in Headers */,
			);
			runOnlyForDeploymentPostprocessing = 0;
		};
/* End PBXHeadersBuildPhase section */

/* Begin PBXNativeTarget section */
		84FA98F52518616E00CB92CB /* Interface */ = {
			isa = PBXNativeTarget;
			buildConfigurationList = 84FA990A2518616E00CB92CB /* Build configuration list for PBXNativeTarget "Interface" */;
			buildPhases = (
				84FA98F12518616E00CB92CB /* Headers */,
				84FA98F22518616E00CB92CB /* Sources */,
				84FA98F32518616E00CB92CB /* Frameworks */,
				84FA98F42518616E00CB92CB /* Resources */,
			);
			buildRules = (
			);
			dependencies = (
			);
			name = Interface;
			productName = Interface;
			productReference = 84FA98F62518616E00CB92CB /* Interface.framework */;
			productType = "com.apple.product-type.framework";
		};
		84FA98FE2518616E00CB92CB /* InterfaceTests */ = {
			isa = PBXNativeTarget;
			buildConfigurationList = 84FA990D2518616E00CB92CB /* Build configuration list for PBXNativeTarget "InterfaceTests" */;
			buildPhases = (
				84FA98FB2518616E00CB92CB /* Sources */,
				84FA98FC2518616E00CB92CB /* Frameworks */,
				84FA98FD2518616E00CB92CB /* Resources */,
			);
			buildRules = (
			);
			dependencies = (
				84FA99022518616E00CB92CB /* PBXTargetDependency */,
			);
			name = InterfaceTests;
			productName = InterfaceTests;
			productReference = 84FA98FF2518616E00CB92CB /* InterfaceTests.xctest */;
			productType = "com.apple.product-type.bundle.unit-test";
		};
/* End PBXNativeTarget section */

/* Begin PBXProject section */
		84FA98ED2518616E00CB92CB /* Project object */ = {
			isa = PBXProject;
			attributes = {
				LastSwiftUpdateCheck = 1200;
				LastUpgradeCheck = 1200;
				TargetAttributes = {
					84FA98F52518616E00CB92CB = {
						CreatedOnToolsVersion = 12.0;
						LastSwiftMigration = 1200;
					};
					84FA98FE2518616E00CB92CB = {
						CreatedOnToolsVersion = 12.0;
					};
				};
			};
			buildConfigurationList = 84FA98F02518616E00CB92CB /* Build configuration list for PBXProject "Interface" */;
			compatibilityVersion = "Xcode 9.3";
			developmentRegion = en;
			hasScannedForEncodings = 0;
			knownRegions = (
				en,
				Base,
			);
			mainGroup = 84FA98EC2518616E00CB92CB;
			productRefGroup = 84FA98F72518616E00CB92CB /* Products */;
			projectDirPath = "";
			projectRoot = "";
			targets = (
				84FA98F52518616E00CB92CB /* Interface */,
				84FA98FE2518616E00CB92CB /* InterfaceTests */,
			);
		};
/* End PBXProject section */

/* Begin PBXResourcesBuildPhase section */
		84FA98F42518616E00CB92CB /* Resources */ = {
			isa = PBXResourcesBuildPhase;
			buildActionMask = 2147483647;
			files = (
				84AA96B2252054820029BB1E /* Roboto-Thin.ttf in Resources */,
				84AA96B8252054820029BB1E /* Roboto-Bold.ttf in Resources */,
				84AA96B0252054820029BB1E /* Pattaya-Regular.ttf in Resources */,
				84AA96B5252054820029BB1E /* Roboto-Regular.ttf in Resources */,
				84AA96B9252054820029BB1E /* Roboto-Light.ttf in Resources */,
				84AA96B3252054820029BB1E /* Roboto-LightItalic.ttf in Resources */,
				84AA96B7252054820029BB1E /* Roboto-MediumItalic.ttf in Resources */,
				84AA96AF252054820029BB1E /* Roboto-ThinItalic.ttf in Resources */,
				84AA96AD252054820029BB1E /* Roboto-BoldItalic.ttf in Resources */,
				84AA96B6252054820029BB1E /* Roboto-BlackItalic.ttf in Resources */,
				84AA96AE252054820029BB1E /* Roboto-Italic.ttf in Resources */,
				84AA967D251F92530029BB1E /* Media.xcassets in Resources */,
				84AA96B1252054820029BB1E /* Roboto-Black.ttf in Resources */,
				84AA96B4252054820029BB1E /* Roboto-Medium.ttf in Resources */,
			);
			runOnlyForDeploymentPostprocessing = 0;
		};
		84FA98FD2518616E00CB92CB /* Resources */ = {
			isa = PBXResourcesBuildPhase;
			buildActionMask = 2147483647;
			files = (
			);
			runOnlyForDeploymentPostprocessing = 0;
		};
/* End PBXResourcesBuildPhase section */

/* Begin PBXSourcesBuildPhase section */
		84FA98F22518616E00CB92CB /* Sources */ = {
			isa = PBXSourcesBuildPhase;
			buildActionMask = 2147483647;
			files = (
				8414F25725219B7E003CF799 /* StickyButton.swift in Sources */,
				84411A162523310B00AE31D8 /* QuoteEditor.swift in Sources */,
				84411A2D2523409E00AE31D8 /* TextExtension.swift in Sources */,
				847BBAC62521EEB900E0500D /* RootViewModel.swift in Sources */,
				84411A092523285400AE31D8 /* CreatePostView.swift in Sources */,
				8414F243252187C3003CF799 /* NewsFeed.swift in Sources */,
				84AA9681251F928A0029BB1E /* ProfileView.swift in Sources */,
				84AA968D251F96F70029BB1E /* FullRadiusShadowButtonStyle.swift in Sources */,
				84AA9621251B480C0029BB1E /* ItemContent.swift in Sources */,
				84AA95EF251B45320029BB1E /* ProfileViewModel.swift in Sources */,
				844119F92522E77D00AE31D8 /* Seperator.swift in Sources */,
				84411A052523208000AE31D8 /* NewsFeedViewModel.swift in Sources */,
				84411A252523331D00AE31D8 /* BoundTracking.swift in Sources */,
				844119FD2522E80500AE31D8 /* EdgeInsetsExtension.swift in Sources */,
				8414F25B2521A1B1003CF799 /* IntExension.swift in Sources */,
				84AA95F3251B453F0029BB1E /* Profile.swift in Sources */,
				84AA9697251F99470029BB1E /* CircleImage.swift in Sources */,
				8414F2672521D7EA003CF799 /* DummyData.swift in Sources */,
				84AA9685251F96320029BB1E /* StaticVariable.swift in Sources */,
				8414F26B2521E484003CF799 /* TimeIntervalExtension.swift in Sources */,
				84411A1025232B7E00AE31D8 /* CreatePostViewModel.swift in Sources */,
				8414F2532521904B003CF799 /* CountTimeText.swift in Sources */,
				84FA99182518619900CB92CB /* Launch.swift in Sources */,
				84AA9689251F96CC0029BB1E /* BButton.swift in Sources */,
				84AA95C5251B01C80029BB1E /* ColorExtension.swift in Sources */,
				84411A29252337C900AE31D8 /* ViewExtension.swift in Sources */,
				8414F24D25218D8E003CF799 /* NewsFeedCard.swift in Sources */,
				8414F2632521A52E003CF799 /* NewsFeedView.swift in Sources */,
				84AA960B251B469F0029BB1E /* User.swift in Sources */,
				84411A012522EB8D00AE31D8 /* Loading.swift in Sources */,
				84AA961B251B47640029BB1E /* Account.swift in Sources */,
			);
			runOnlyForDeploymentPostprocessing = 0;
		};
		84FA98FB2518616E00CB92CB /* Sources */ = {
			isa = PBXSourcesBuildPhase;
			buildActionMask = 2147483647;
			files = (
				84FA99052518616E00CB92CB /* InterfaceTests.swift in Sources */,
			);
			runOnlyForDeploymentPostprocessing = 0;
		};
/* End PBXSourcesBuildPhase section */

/* Begin PBXTargetDependency section */
		84FA99022518616E00CB92CB /* PBXTargetDependency */ = {
			isa = PBXTargetDependency;
			target = 84FA98F52518616E00CB92CB /* Interface */;
			targetProxy = 84FA99012518616E00CB92CB /* PBXContainerItemProxy */;
		};
/* End PBXTargetDependency section */

/* Begin XCBuildConfiguration section */
		84FA99082518616E00CB92CB /* Debug */ = {
			isa = XCBuildConfiguration;
			buildSettings = {
				ALWAYS_SEARCH_USER_PATHS = NO;
				CLANG_ANALYZER_NONNULL = YES;
				CLANG_ANALYZER_NUMBER_OBJECT_CONVERSION = YES_AGGRESSIVE;
				CLANG_CXX_LANGUAGE_STANDARD = "gnu++14";
				CLANG_CXX_LIBRARY = "libc++";
				CLANG_ENABLE_MODULES = YES;
				CLANG_ENABLE_OBJC_ARC = YES;
				CLANG_ENABLE_OBJC_WEAK = YES;
				CLANG_WARN_BLOCK_CAPTURE_AUTORELEASING = YES;
				CLANG_WARN_BOOL_CONVERSION = YES;
				CLANG_WARN_COMMA = YES;
				CLANG_WARN_CONSTANT_CONVERSION = YES;
				CLANG_WARN_DEPRECATED_OBJC_IMPLEMENTATIONS = YES;
				CLANG_WARN_DIRECT_OBJC_ISA_USAGE = YES_ERROR;
				CLANG_WARN_DOCUMENTATION_COMMENTS = YES;
				CLANG_WARN_EMPTY_BODY = YES;
				CLANG_WARN_ENUM_CONVERSION = YES;
				CLANG_WARN_INFINITE_RECURSION = YES;
				CLANG_WARN_INT_CONVERSION = YES;
				CLANG_WARN_NON_LITERAL_NULL_CONVERSION = YES;
				CLANG_WARN_OBJC_IMPLICIT_RETAIN_SELF = YES;
				CLANG_WARN_OBJC_LITERAL_CONVERSION = YES;
				CLANG_WARN_OBJC_ROOT_CLASS = YES_ERROR;
				CLANG_WARN_QUOTED_INCLUDE_IN_FRAMEWORK_HEADER = YES;
				CLANG_WARN_RANGE_LOOP_ANALYSIS = YES;
				CLANG_WARN_STRICT_PROTOTYPES = YES;
				CLANG_WARN_SUSPICIOUS_MOVE = YES;
				CLANG_WARN_UNGUARDED_AVAILABILITY = YES_AGGRESSIVE;
				CLANG_WARN_UNREACHABLE_CODE = YES;
				CLANG_WARN__DUPLICATE_METHOD_MATCH = YES;
				COPY_PHASE_STRIP = NO;
				CURRENT_PROJECT_VERSION = 1;
				DEBUG_INFORMATION_FORMAT = dwarf;
				ENABLE_STRICT_OBJC_MSGSEND = YES;
				ENABLE_TESTABILITY = YES;
				GCC_C_LANGUAGE_STANDARD = gnu11;
				GCC_DYNAMIC_NO_PIC = NO;
				GCC_NO_COMMON_BLOCKS = YES;
				GCC_OPTIMIZATION_LEVEL = 0;
				GCC_PREPROCESSOR_DEFINITIONS = (
					"DEBUG=1",
					"$(inherited)",
				);
				GCC_WARN_64_TO_32_BIT_CONVERSION = YES;
				GCC_WARN_ABOUT_RETURN_TYPE = YES_ERROR;
				GCC_WARN_UNDECLARED_SELECTOR = YES;
				GCC_WARN_UNINITIALIZED_AUTOS = YES_AGGRESSIVE;
				GCC_WARN_UNUSED_FUNCTION = YES;
				GCC_WARN_UNUSED_VARIABLE = YES;
				IPHONEOS_DEPLOYMENT_TARGET = 14.0;
				MTL_ENABLE_DEBUG_INFO = INCLUDE_SOURCE;
				MTL_FAST_MATH = YES;
				ONLY_ACTIVE_ARCH = YES;
				SDKROOT = iphoneos;
				SWIFT_ACTIVE_COMPILATION_CONDITIONS = DEBUG;
				SWIFT_OPTIMIZATION_LEVEL = "-Onone";
				VERSIONING_SYSTEM = "apple-generic";
				VERSION_INFO_PREFIX = "";
			};
			name = Debug;
		};
		84FA99092518616E00CB92CB /* Release */ = {
			isa = XCBuildConfiguration;
			buildSettings = {
				ALWAYS_SEARCH_USER_PATHS = NO;
				CLANG_ANALYZER_NONNULL = YES;
				CLANG_ANALYZER_NUMBER_OBJECT_CONVERSION = YES_AGGRESSIVE;
				CLANG_CXX_LANGUAGE_STANDARD = "gnu++14";
				CLANG_CXX_LIBRARY = "libc++";
				CLANG_ENABLE_MODULES = YES;
				CLANG_ENABLE_OBJC_ARC = YES;
				CLANG_ENABLE_OBJC_WEAK = YES;
				CLANG_WARN_BLOCK_CAPTURE_AUTORELEASING = YES;
				CLANG_WARN_BOOL_CONVERSION = YES;
				CLANG_WARN_COMMA = YES;
				CLANG_WARN_CONSTANT_CONVERSION = YES;
				CLANG_WARN_DEPRECATED_OBJC_IMPLEMENTATIONS = YES;
				CLANG_WARN_DIRECT_OBJC_ISA_USAGE = YES_ERROR;
				CLANG_WARN_DOCUMENTATION_COMMENTS = YES;
				CLANG_WARN_EMPTY_BODY = YES;
				CLANG_WARN_ENUM_CONVERSION = YES;
				CLANG_WARN_INFINITE_RECURSION = YES;
				CLANG_WARN_INT_CONVERSION = YES;
				CLANG_WARN_NON_LITERAL_NULL_CONVERSION = YES;
				CLANG_WARN_OBJC_IMPLICIT_RETAIN_SELF = YES;
				CLANG_WARN_OBJC_LITERAL_CONVERSION = YES;
				CLANG_WARN_OBJC_ROOT_CLASS = YES_ERROR;
				CLANG_WARN_QUOTED_INCLUDE_IN_FRAMEWORK_HEADER = YES;
				CLANG_WARN_RANGE_LOOP_ANALYSIS = YES;
				CLANG_WARN_STRICT_PROTOTYPES = YES;
				CLANG_WARN_SUSPICIOUS_MOVE = YES;
				CLANG_WARN_UNGUARDED_AVAILABILITY = YES_AGGRESSIVE;
				CLANG_WARN_UNREACHABLE_CODE = YES;
				CLANG_WARN__DUPLICATE_METHOD_MATCH = YES;
				COPY_PHASE_STRIP = NO;
				CURRENT_PROJECT_VERSION = 1;
				DEBUG_INFORMATION_FORMAT = "dwarf-with-dsym";
				ENABLE_NS_ASSERTIONS = NO;
				ENABLE_STRICT_OBJC_MSGSEND = YES;
				GCC_C_LANGUAGE_STANDARD = gnu11;
				GCC_NO_COMMON_BLOCKS = YES;
				GCC_WARN_64_TO_32_BIT_CONVERSION = YES;
				GCC_WARN_ABOUT_RETURN_TYPE = YES_ERROR;
				GCC_WARN_UNDECLARED_SELECTOR = YES;
				GCC_WARN_UNINITIALIZED_AUTOS = YES_AGGRESSIVE;
				GCC_WARN_UNUSED_FUNCTION = YES;
				GCC_WARN_UNUSED_VARIABLE = YES;
				IPHONEOS_DEPLOYMENT_TARGET = 14.0;
				MTL_ENABLE_DEBUG_INFO = NO;
				MTL_FAST_MATH = YES;
				SDKROOT = iphoneos;
				SWIFT_COMPILATION_MODE = wholemodule;
				SWIFT_OPTIMIZATION_LEVEL = "-O";
				VALIDATE_PRODUCT = YES;
				VERSIONING_SYSTEM = "apple-generic";
				VERSION_INFO_PREFIX = "";
			};
			name = Release;
		};
		84FA990B2518616E00CB92CB /* Debug */ = {
			isa = XCBuildConfiguration;
			buildSettings = {
				CLANG_ENABLE_MODULES = YES;
				CODE_SIGN_STYLE = Automatic;
				DEFINES_MODULE = YES;
				DEVELOPMENT_TEAM = 22G4R8NLZU;
				DYLIB_COMPATIBILITY_VERSION = 1;
				DYLIB_CURRENT_VERSION = 1;
				DYLIB_INSTALL_NAME_BASE = "@rpath";
				INFOPLIST_FILE = Interface/Info.plist;
				INSTALL_PATH = "$(LOCAL_LIBRARY_DIR)/Frameworks";
				IPHONEOS_DEPLOYMENT_TARGET = 14.0;
				LD_RUNPATH_SEARCH_PATHS = (
					"$(inherited)",
					"@executable_path/Frameworks",
					"@loader_path/Frameworks",
				);
				PRODUCT_BUNDLE_IDENTIFIER = com.nguyenhongphuc98.Interface;
				PRODUCT_NAME = "$(TARGET_NAME:c99extidentifier)";
				SKIP_INSTALL = YES;
				SUPPORTS_MACCATALYST = NO;
				SWIFT_OPTIMIZATION_LEVEL = "-Onone";
				SWIFT_VERSION = 5.0;
				TARGETED_DEVICE_FAMILY = "1,2";
			};
			name = Debug;
		};
		84FA990C2518616E00CB92CB /* Release */ = {
			isa = XCBuildConfiguration;
			buildSettings = {
				CLANG_ENABLE_MODULES = YES;
				CODE_SIGN_STYLE = Automatic;
				DEFINES_MODULE = YES;
				DEVELOPMENT_TEAM = 22G4R8NLZU;
				DYLIB_COMPATIBILITY_VERSION = 1;
				DYLIB_CURRENT_VERSION = 1;
				DYLIB_INSTALL_NAME_BASE = "@rpath";
				INFOPLIST_FILE = Interface/Info.plist;
				INSTALL_PATH = "$(LOCAL_LIBRARY_DIR)/Frameworks";
				IPHONEOS_DEPLOYMENT_TARGET = 14.0;
				LD_RUNPATH_SEARCH_PATHS = (
					"$(inherited)",
					"@executable_path/Frameworks",
					"@loader_path/Frameworks",
				);
				PRODUCT_BUNDLE_IDENTIFIER = com.nguyenhongphuc98.Interface;
				PRODUCT_NAME = "$(TARGET_NAME:c99extidentifier)";
				SKIP_INSTALL = YES;
				SUPPORTS_MACCATALYST = NO;
				SWIFT_VERSION = 5.0;
				TARGETED_DEVICE_FAMILY = "1,2";
			};
			name = Release;
		};
		84FA990E2518616E00CB92CB /* Debug */ = {
			isa = XCBuildConfiguration;
			buildSettings = {
				ALWAYS_EMBED_SWIFT_STANDARD_LIBRARIES = YES;
				CODE_SIGN_STYLE = Automatic;
				DEVELOPMENT_TEAM = 22G4R8NLZU;
				INFOPLIST_FILE = InterfaceTests/Info.plist;
				LD_RUNPATH_SEARCH_PATHS = (
					"$(inherited)",
					"@executable_path/Frameworks",
					"@loader_path/Frameworks",
				);
				PRODUCT_BUNDLE_IDENTIFIER = com.nguyenhongphuc98.InterfaceTests;
				PRODUCT_NAME = "$(TARGET_NAME)";
				SWIFT_VERSION = 5.0;
				TARGETED_DEVICE_FAMILY = "1,2";
			};
			name = Debug;
		};
		84FA990F2518616E00CB92CB /* Release */ = {
			isa = XCBuildConfiguration;
			buildSettings = {
				ALWAYS_EMBED_SWIFT_STANDARD_LIBRARIES = YES;
				CODE_SIGN_STYLE = Automatic;
				DEVELOPMENT_TEAM = 22G4R8NLZU;
				INFOPLIST_FILE = InterfaceTests/Info.plist;
				LD_RUNPATH_SEARCH_PATHS = (
					"$(inherited)",
					"@executable_path/Frameworks",
					"@loader_path/Frameworks",
				);
				PRODUCT_BUNDLE_IDENTIFIER = com.nguyenhongphuc98.InterfaceTests;
				PRODUCT_NAME = "$(TARGET_NAME)";
				SWIFT_VERSION = 5.0;
				TARGETED_DEVICE_FAMILY = "1,2";
			};
			name = Release;
		};
/* End XCBuildConfiguration section */

/* Begin XCConfigurationList section */
		84FA98F02518616E00CB92CB /* Build configuration list for PBXProject "Interface" */ = {
			isa = XCConfigurationList;
			buildConfigurations = (
				84FA99082518616E00CB92CB /* Debug */,
				84FA99092518616E00CB92CB /* Release */,
			);
			defaultConfigurationIsVisible = 0;
			defaultConfigurationName = Release;
		};
		84FA990A2518616E00CB92CB /* Build configuration list for PBXNativeTarget "Interface" */ = {
			isa = XCConfigurationList;
			buildConfigurations = (
				84FA990B2518616E00CB92CB /* Debug */,
				84FA990C2518616E00CB92CB /* Release */,
			);
			defaultConfigurationIsVisible = 0;
			defaultConfigurationName = Release;
		};
		84FA990D2518616E00CB92CB /* Build configuration list for PBXNativeTarget "InterfaceTests" */ = {
			isa = XCConfigurationList;
			buildConfigurations = (
				84FA990E2518616E00CB92CB /* Debug */,
				84FA990F2518616E00CB92CB /* Release */,
			);
			defaultConfigurationIsVisible = 0;
			defaultConfigurationName = Release;
		};
/* End XCConfigurationList section */
	};
	rootObject = 84FA98ED2518616E00CB92CB /* Project object */;
}
